// !$*UTF8*$!
{
	archiveVersion = 1;
	classes = {
	};
	objectVersion = 51;
	objects = {

/* Begin PBXBuildFile section */
		164822AB22D613460047C9CF /* MBProgressHUD.m in Sources */ = {isa = PBXBuildFile; fileRef = 164822A822D613450047C9CF /* MBProgressHUD.m */; };
		164822AC22D613460047C9CF /* MBProgressHUD+WJ.m in Sources */ = {isa = PBXBuildFile; fileRef = 164822AA22D613450047C9CF /* MBProgressHUD+WJ.m */; };
		1657522120DCD4EB00CB0C8F /* 阿狸.png in Resources */ = {isa = PBXBuildFile; fileRef = 1657521820DCD4EB00CB0C8F /* 阿狸.png */; };
		1657522220DCD4EB00CB0C8F /* 4.png in Resources */ = {isa = PBXBuildFile; fileRef = 1657521920DCD4EB00CB0C8F /* 4.png */; };
		1657522320DCD4EB00CB0C8F /* 5.png in Resources */ = {isa = PBXBuildFile; fileRef = 1657521A20DCD4EB00CB0C8F /* 5.png */; };
		1657522420DCD4EB00CB0C8F /* 7.png in Resources */ = {isa = PBXBuildFile; fileRef = 1657521B20DCD4EB00CB0C8F /* 7.png */; };
		1657522520DCD4EB00CB0C8F /* 6.png in Resources */ = {isa = PBXBuildFile; fileRef = 1657521C20DCD4EB00CB0C8F /* 6.png */; };
		1657522620DCD4EB00CB0C8F /* 2.png in Resources */ = {isa = PBXBuildFile; fileRef = 1657521D20DCD4EB00CB0C8F /* 2.png */; };
		1657522720DCD4EB00CB0C8F /* 3.png in Resources */ = {isa = PBXBuildFile; fileRef = 1657521E20DCD4EB00CB0C8F /* 3.png */; };
		1657522820DCD4EB00CB0C8F /* 1.png in Resources */ = {isa = PBXBuildFile; fileRef = 1657521F20DCD4EB00CB0C8F /* 1.png */; };
		1657522920DCD4EB00CB0C8F /* 0.png in Resources */ = {isa = PBXBuildFile; fileRef = 1657522020DCD4EB00CB0C8F /* 0.png */; };
		46E912AE2356E0CA003AFFC4 /* NSObject+WDYHFCategory.m in Sources */ = {isa = PBXBuildFile; fileRef = 46E912352356E0CA003AFFC4 /* NSObject+WDYHFCategory.m */; };
		46E912AF2356E0CA003AFFC4 /* UIView+CKJDesingable.m in Sources */ = {isa = PBXBuildFile; fileRef = 46E912382356E0CA003AFFC4 /* UIView+CKJDesingable.m */; };
		46E912B02356E0CA003AFFC4 /* FileManagerTool.m in Sources */ = {isa = PBXBuildFile; fileRef = 46E9123A2356E0CA003AFFC4 /* FileManagerTool.m */; };
		46E912B12356E0CA003AFFC4 /* CKJBaseViewController.m in Sources */ = {isa = PBXBuildFile; fileRef = 46E9123B2356E0CA003AFFC4 /* CKJBaseViewController.m */; };
		46E912B22356E0CA003AFFC4 /* KJCommonManager.m in Sources */ = {isa = PBXBuildFile; fileRef = 46E9123C2356E0CA003AFFC4 /* KJCommonManager.m */; };
		46E912B32356E0CA003AFFC4 /* CKJRSA.m in Sources */ = {isa = PBXBuildFile; fileRef = 46E9123E2356E0CA003AFFC4 /* CKJRSA.m */; };
		46E912B42356E0CA003AFFC4 /* LightStorageManager.m in Sources */ = {isa = PBXBuildFile; fileRef = 46E912432356E0CA003AFFC4 /* LightStorageManager.m */; };
		46E912B52356E0CA003AFFC4 /* CKJBaseModel.m in Sources */ = {isa = PBXBuildFile; fileRef = 46E912452356E0CA003AFFC4 /* CKJBaseModel.m */; };
		46E912B62356E0CA003AFFC4 /* CKJPickerView.m in Sources */ = {isa = PBXBuildFile; fileRef = 46E912492356E0CA003AFFC4 /* CKJPickerView.m */; };
		46E912B72356E0CA003AFFC4 /* CKJToolPickerView.m in Sources */ = {isa = PBXBuildFile; fileRef = 46E9124A2356E0CA003AFFC4 /* CKJToolPickerView.m */; };
		46E912B82356E0CA003AFFC4 /* CKJDatePickerView.m in Sources */ = {isa = PBXBuildFile; fileRef = 46E9124B2356E0CA003AFFC4 /* CKJDatePickerView.m */; };
		46E912B92356E0CA003AFFC4 /* CKJToolView.m in Sources */ = {isa = PBXBuildFile; fileRef = 46E9124C2356E0CA003AFFC4 /* CKJToolView.m */; };
		46E912BA2356E0CA003AFFC4 /* CKJXBtnsView.m in Sources */ = {isa = PBXBuildFile; fileRef = 46E912502356E0CA003AFFC4 /* CKJXBtnsView.m */; };
		46E912BB2356E0CA003AFFC4 /* CKJFiveLabelView.m in Sources */ = {isa = PBXBuildFile; fileRef = 46E912522356E0CA003AFFC4 /* CKJFiveLabelView.m */; };
		46E912BC2356E0CA003AFFC4 /* CKJToolbar.m in Sources */ = {isa = PBXBuildFile; fileRef = 46E912532356E0CA003AFFC4 /* CKJToolbar.m */; };
		46E912BD2356E0CA003AFFC4 /* CKJPayBottomView.m in Sources */ = {isa = PBXBuildFile; fileRef = 46E912542356E0CA003AFFC4 /* CKJPayBottomView.m */; };
		46E912BE2356E0CA003AFFC4 /* CKJTableEmptyView.m in Sources */ = {isa = PBXBuildFile; fileRef = 46E912562356E0CA003AFFC4 /* CKJTableEmptyView.m */; };
		46E912BF2356E0CA003AFFC4 /* CKJWorker.m in Sources */ = {isa = PBXBuildFile; fileRef = 46E9125C2356E0CA003AFFC4 /* CKJWorker.m */; };
		46E912C02356E0CA003AFFC4 /* CKJSimpleTableView.m in Sources */ = {isa = PBXBuildFile; fileRef = 46E9125D2356E0CA003AFFC4 /* CKJSimpleTableView.m */; };
		46E912C12356E0CA003AFFC4 /* CKJBaseTableViewToolVC.m in Sources */ = {isa = PBXBuildFile; fileRef = 46E9125F2356E0CA003AFFC4 /* CKJBaseTableViewToolVC.m */; };
		46E912C22356E0CA003AFFC4 /* CKJCommonSectionModel.m in Sources */ = {isa = PBXBuildFile; fileRef = 46E912642356E0CA003AFFC4 /* CKJCommonSectionModel.m */; };
		46E912C32356E0CA003AFFC4 /* CKJCommonCellModel.m in Sources */ = {isa = PBXBuildFile; fileRef = 46E912652356E0CA003AFFC4 /* CKJCommonCellModel.m */; };
		46E912C42356E0CA003AFFC4 /* CKJSimpleBaseModel.m in Sources */ = {isa = PBXBuildFile; fileRef = 46E912682356E0CA003AFFC4 /* CKJSimpleBaseModel.m */; };
		46E912C52356E0CA003AFFC4 /* CKJCommonHeaderFooterModel.m in Sources */ = {isa = PBXBuildFile; fileRef = 46E912692356E0CA003AFFC4 /* CKJCommonHeaderFooterModel.m */; };
		46E912C62356E0CA003AFFC4 /* CKJDemoCell.m in Sources */ = {isa = PBXBuildFile; fileRef = 46E9126D2356E0CA003AFFC4 /* CKJDemoCell.m */; };
		46E912C72356E0CA003AFFC4 /* CKJDemoCell.xib in Resources */ = {isa = PBXBuildFile; fileRef = 46E9126E2356E0CA003AFFC4 /* CKJDemoCell.xib */; };
		46E912C82356E0CA003AFFC4 /* CKJLikeQRCell.m in Sources */ = {isa = PBXBuildFile; fileRef = 46E912722356E0CA003AFFC4 /* CKJLikeQRCell.m */; };
		46E912C92356E0CA003AFFC4 /* CKJGeneralCell.m in Sources */ = {isa = PBXBuildFile; fileRef = 46E912752356E0CA003AFFC4 /* CKJGeneralCell.m */; };
		46E912CA2356E0CA003AFFC4 /* CKJEmptyCell.m in Sources */ = {isa = PBXBuildFile; fileRef = 46E912782356E0CA003AFFC4 /* CKJEmptyCell.m */; };
		46E912CB2356E0CA003AFFC4 /* CKJCommonTableViewCell.m in Sources */ = {isa = PBXBuildFile; fileRef = 46E9127A2356E0CA003AFFC4 /* CKJCommonTableViewCell.m */; };
		46E912CC2356E0CA003AFFC4 /* CKJTableViewCell1.m in Sources */ = {isa = PBXBuildFile; fileRef = 46E9127D2356E0CA003AFFC4 /* CKJTableViewCell1.m */; };
		46E912CD2356E0CA003AFFC4 /* CKJBaseTableViewCell.m in Sources */ = {isa = PBXBuildFile; fileRef = 46E9127E2356E0CA003AFFC4 /* CKJBaseTableViewCell.m */; };
		46E912CE2356E0CA003AFFC4 /* CKJTableViewCell2.m in Sources */ = {isa = PBXBuildFile; fileRef = 46E9127F2356E0CA003AFFC4 /* CKJTableViewCell2.m */; };
		46E912CF2356E0CA003AFFC4 /* CKJLeftRightCell.m in Sources */ = {isa = PBXBuildFile; fileRef = 46E912842356E0CA003AFFC4 /* CKJLeftRightCell.m */; };
		46E912D02356E0CA003AFFC4 /* CKJStackCell.m in Sources */ = {isa = PBXBuildFile; fileRef = 46E912862356E0CA003AFFC4 /* CKJStackCell.m */; };
		46E912D12356E0CA003AFFC4 /* CKJBtnsCell2.m in Sources */ = {isa = PBXBuildFile; fileRef = 46E912872356E0CA003AFFC4 /* CKJBtnsCell2.m */; };
		46E912D22356E0CA003AFFC4 /* CKJBtnsCell1.m in Sources */ = {isa = PBXBuildFile; fileRef = 46E912892356E0CA003AFFC4 /* CKJBtnsCell1.m */; };
		46E912D32356E0CA003AFFC4 /* CKJBaseBtnsCell.m in Sources */ = {isa = PBXBuildFile; fileRef = 46E9128A2356E0CA003AFFC4 /* CKJBaseBtnsCell.m */; };
		46E912D42356E0CA003AFFC4 /* CKJImageLeftCell.m in Sources */ = {isa = PBXBuildFile; fileRef = 46E912912356E0CA003AFFC4 /* CKJImageLeftCell.m */; };
		46E912D52356E0CA003AFFC4 /* CKJImageRightCell.m in Sources */ = {isa = PBXBuildFile; fileRef = 46E912922356E0CA003AFFC4 /* CKJImageRightCell.m */; };
		46E912D62356E0CA003AFFC4 /* CKJBaseImageLeftRightCell.m in Sources */ = {isa = PBXBuildFile; fileRef = 46E912932356E0CA003AFFC4 /* CKJBaseImageLeftRightCell.m */; };
		46E912D72356E0CA003AFFC4 /* CKJPayCell.m in Sources */ = {isa = PBXBuildFile; fileRef = 46E912962356E0CA003AFFC4 /* CKJPayCell.m */; };
		46E912D82356E0CA003AFFC4 /* CKJInputCell.m in Sources */ = {isa = PBXBuildFile; fileRef = 46E9129B2356E0CA003AFFC4 /* CKJInputCell.m */; };
		46E912D92356E0CA003AFFC4 /* CKJChooseHelper.m in Sources */ = {isa = PBXBuildFile; fileRef = 46E9129C2356E0CA003AFFC4 /* CKJChooseHelper.m */; };
		46E912DA2356E0CA003AFFC4 /* CKJCell.m in Sources */ = {isa = PBXBuildFile; fileRef = 46E9129D2356E0CA003AFFC4 /* CKJCell.m */; };
		46E912DB2356E0CA003AFFC4 /* CKJScrollViewCell.m in Sources */ = {isa = PBXBuildFile; fileRef = 46E912A02356E0CA003AFFC4 /* CKJScrollViewCell.m */; };
		46E912DC2356E0CA003AFFC4 /* CKJTableViewHeaderFooterEmptyView.m in Sources */ = {isa = PBXBuildFile; fileRef = 46E912A22356E0CA003AFFC4 /* CKJTableViewHeaderFooterEmptyView.m */; };
		46E912DD2356E0CA003AFFC4 /* CKJCommonTableViewHeaderFooterView.m in Sources */ = {isa = PBXBuildFile; fileRef = 46E912A52356E0CA003AFFC4 /* CKJCommonTableViewHeaderFooterView.m */; };
		46E912DE2356E0CA003AFFC4 /* CKJTitleStyleHeaderFooterView.m in Sources */ = {isa = PBXBuildFile; fileRef = 46E912A72356E0CA003AFFC4 /* CKJTitleStyleHeaderFooterView.m */; };
		46E912DF2356E0CA003AFFC4 /* KJSupportObjc.bundle in Resources */ = {isa = PBXBuildFile; fileRef = 46E912AA2356E0CA003AFFC4 /* KJSupportObjc.bundle */; };
		46E912E02356E0CA003AFFC4 /* KJSupportHeader.m in Sources */ = {isa = PBXBuildFile; fileRef = 46E912AC2356E0CA003AFFC4 /* KJSupportHeader.m */; };
		46E913282356E0ED003AFFC4 /* zhuyuan出院结算@2x.png in Resources */ = {isa = PBXBuildFile; fileRef = 46E912E32356E0EC003AFFC4 /* zhuyuan出院结算@2x.png */; };
		46E913292356E0ED003AFFC4 /* zhuyuan充值记录@2x.png in Resources */ = {isa = PBXBuildFile; fileRef = 46E912E42356E0EC003AFFC4 /* zhuyuan充值记录@2x.png */; };
		46E9132A2356E0ED003AFFC4 /* zhuyuan预交金充值@2x.png in Resources */ = {isa = PBXBuildFile; fileRef = 46E912E52356E0EC003AFFC4 /* zhuyuan预交金充值@2x.png */; };
		46E9132B2356E0ED003AFFC4 /* zhuyuan预交金充值@3x.png in Resources */ = {isa = PBXBuildFile; fileRef = 46E912E62356E0EC003AFFC4 /* zhuyuan预交金充值@3x.png */; };
		46E9132C2356E0ED003AFFC4 /* zhuyuan充值记录@3x.png in Resources */ = {isa = PBXBuildFile; fileRef = 46E912E72356E0EC003AFFC4 /* zhuyuan充值记录@3x.png */; };
		46E9132D2356E0ED003AFFC4 /* wdyhfsdk支付宝.png in Resources */ = {isa = PBXBuildFile; fileRef = 46E912E82356E0EC003AFFC4 /* wdyhfsdk支付宝.png */; };
		46E9132E2356E0ED003AFFC4 /* wdyhfsdkright arrow.png in Resources */ = {isa = PBXBuildFile; fileRef = 46E912E92356E0EC003AFFC4 /* wdyhfsdkright arrow.png */; };
		46E9132F2356E0ED003AFFC4 /* zhuyuan出院结算@3x.png in Resources */ = {isa = PBXBuildFile; fileRef = 46E912EA2356E0EC003AFFC4 /* zhuyuan出院结算@3x.png */; };
		46E913302356E0ED003AFFC4 /* wdyhfsdk勾选空.png in Resources */ = {isa = PBXBuildFile; fileRef = 46E912EB2356E0EC003AFFC4 /* wdyhfsdk勾选空.png */; };
		46E913312356E0ED003AFFC4 /* zhuyuan日清单查询@2x.png in Resources */ = {isa = PBXBuildFile; fileRef = 46E912EC2356E0EC003AFFC4 /* zhuyuan日清单查询@2x.png */; };
		46E913322356E0ED003AFFC4 /* wdyhfsdk银联.png in Resources */ = {isa = PBXBuildFile; fileRef = 46E912ED2356E0EC003AFFC4 /* wdyhfsdk银联.png */; };
		46E913332356E0ED003AFFC4 /* zhuyuan历史住院记录@2x.png in Resources */ = {isa = PBXBuildFile; fileRef = 46E912EE2356E0EC003AFFC4 /* zhuyuan历史住院记录@2x.png */; };
		46E913342356E0ED003AFFC4 /* zhuyuan历史住院记录@3x.png in Resources */ = {isa = PBXBuildFile; fileRef = 46E912EF2356E0EC003AFFC4 /* zhuyuan历史住院记录@3x.png */; };
		46E913352356E0ED003AFFC4 /* wdyhfsdkhospital.png in Resources */ = {isa = PBXBuildFile; fileRef = 46E912F02356E0EC003AFFC4 /* wdyhfsdkhospital.png */; };
		46E913362356E0ED003AFFC4 /* yhf通知.png in Resources */ = {isa = PBXBuildFile; fileRef = 46E912F12356E0EC003AFFC4 /* yhf通知.png */; };
		46E913372356E0ED003AFFC4 /* wdyhfsdkmark.png in Resources */ = {isa = PBXBuildFile; fileRef = 46E912F22356E0EC003AFFC4 /* wdyhfsdkmark.png */; };
		46E913382356E0ED003AFFC4 /* zhuyuan日清单查询@3x.png in Resources */ = {isa = PBXBuildFile; fileRef = 46E912F32356E0EC003AFFC4 /* zhuyuan日清单查询@3x.png */; };
		46E913392356E0ED003AFFC4 /* wdyhfsdk编辑.png in Resources */ = {isa = PBXBuildFile; fileRef = 46E912F42356E0EC003AFFC4 /* wdyhfsdk编辑.png */; };
		46E9133A2356E0ED003AFFC4 /* OldList.geojson in Resources */ = {isa = PBXBuildFile; fileRef = 46E912F52356E0EC003AFFC4 /* OldList.geojson */; };
		46E9133B2356E0ED003AFFC4 /* TETTST.xib in Resources */ = {isa = PBXBuildFile; fileRef = 46E912F62356E0EC003AFFC4 /* TETTST.xib */; };
		46E9133C2356E0ED003AFFC4 /* wdyhfsdk勾选.png in Resources */ = {isa = PBXBuildFile; fileRef = 46E912F72356E0EC003AFFC4 /* wdyhfsdk勾选.png */; };
		46E9133D2356E0ED003AFFC4 /* billList.geojson in Resources */ = {isa = PBXBuildFile; fileRef = 46E912F82356E0EC003AFFC4 /* billList.geojson */; };
		46E9133E2356E0ED003AFFC4 /* yhf下箭头.png in Resources */ = {isa = PBXBuildFile; fileRef = 46E912F92356E0EC003AFFC4 /* yhf下箭头.png */; };
		46E9133F2356E0ED003AFFC4 /* billDetail.geojson in Resources */ = {isa = PBXBuildFile; fileRef = 46E912FA2356E0EC003AFFC4 /* billDetail.geojson */; };
		46E913402356E0ED003AFFC4 /* touxiang.jpg in Resources */ = {isa = PBXBuildFile; fileRef = 46E912FB2356E0EC003AFFC4 /* touxiang.jpg */; };
		46E913412356E0ED003AFFC4 /* NewList.geojson in Resources */ = {isa = PBXBuildFile; fileRef = 46E912FC2356E0EC003AFFC4 /* NewList.geojson */; };
		46E913422356E0ED003AFFC4 /* wdyhfsdkechat.png in Resources */ = {isa = PBXBuildFile; fileRef = 46E912FD2356E0EC003AFFC4 /* wdyhfsdkechat.png */; };
		46E913432356E0ED003AFFC4 /* WDYHFHospitalItem.m in Sources */ = {isa = PBXBuildFile; fileRef = 46E913012356E0EC003AFFC4 /* WDYHFHospitalItem.m */; };
		46E913442356E0ED003AFFC4 /* RJBillDetailModel.m in Sources */ = {isa = PBXBuildFile; fileRef = 46E913022356E0EC003AFFC4 /* RJBillDetailModel.m */; };
		46E913452356E0ED003AFFC4 /* RJSquareDemo2VC.m in Sources */ = {isa = PBXBuildFile; fileRef = 46E913042356E0EC003AFFC4 /* RJSquareDemo2VC.m */; };
		46E913462356E0ED003AFFC4 /* RJSquareDemo1VC.m in Sources */ = {isa = PBXBuildFile; fileRef = 46E913052356E0EC003AFFC4 /* RJSquareDemo1VC.m */; };
		46E913472356E0ED003AFFC4 /* PersonInfoDemoVC.m in Sources */ = {isa = PBXBuildFile; fileRef = 46E913092356E0EC003AFFC4 /* PersonInfoDemoVC.m */; };
		46E913482356E0ED003AFFC4 /* RJTestResource.m in Sources */ = {isa = PBXBuildFile; fileRef = 46E9130A2356E0EC003AFFC4 /* RJTestResource.m */; };
		46E913492356E0ED003AFFC4 /* CKJGeneralCellVC.m in Sources */ = {isa = PBXBuildFile; fileRef = 46E9130F2356E0EC003AFFC4 /* CKJGeneralCellVC.m */; };
		46E9134A2356E0ED003AFFC4 /* RegisterDemoVC.m in Sources */ = {isa = PBXBuildFile; fileRef = 46E913112356E0EC003AFFC4 /* RegisterDemoVC.m */; };
		46E9134B2356E0ED003AFFC4 /* RJTestListVC.m in Sources */ = {isa = PBXBuildFile; fileRef = 46E913122356E0EC003AFFC4 /* RJTestListVC.m */; };
		46E9134C2356E0ED003AFFC4 /* RJInputVC.m in Sources */ = {isa = PBXBuildFile; fileRef = 46E913132356E0EC003AFFC4 /* RJInputVC.m */; };
		46E9134D2356E0ED003AFFC4 /* InputDemoVC.m in Sources */ = {isa = PBXBuildFile; fileRef = 46E913162356E0EC003AFFC4 /* InputDemoVC.m */; };
		46E9134E2356E0ED003AFFC4 /* RJConfigVC.m in Sources */ = {isa = PBXBuildFile; fileRef = 46E913182356E0EC003AFFC4 /* RJConfigVC.m */; };
		46E9134F2356E0ED003AFFC4 /* CKJImageLeftRightCellVC.m in Sources */ = {isa = PBXBuildFile; fileRef = 46E913192356E0EC003AFFC4 /* CKJImageLeftRightCellVC.m */; };
		46E913502356E0ED003AFFC4 /* CKJCellVC.m in Sources */ = {isa = PBXBuildFile; fileRef = 46E9131B2356E0EC003AFFC4 /* CKJCellVC.m */; };
		46E913512356E0ED003AFFC4 /* RJDemoExpertItemView.xib in Resources */ = {isa = PBXBuildFile; fileRef = 46E9131E2356E0EC003AFFC4 /* RJDemoExpertItemView.xib */; };
		46E913522356E0ED003AFFC4 /* RJDemoScrollItemView.xib in Resources */ = {isa = PBXBuildFile; fileRef = 46E9131F2356E0EC003AFFC4 /* RJDemoScrollItemView.xib */; };
		46E913532356E0ED003AFFC4 /* RJBillCell.xib in Resources */ = {isa = PBXBuildFile; fileRef = 46E913232356E0EC003AFFC4 /* RJBillCell.xib */; };
		46E913542356E0ED003AFFC4 /* RJDemoScrollItemView.m in Sources */ = {isa = PBXBuildFile; fileRef = 46E913242356E0EC003AFFC4 /* RJDemoScrollItemView.m */; };
		46E913552356E0ED003AFFC4 /* RJBillCell.m in Sources */ = {isa = PBXBuildFile; fileRef = 46E913252356E0EC003AFFC4 /* RJBillCell.m */; };
		46E913562356E0ED003AFFC4 /* RJDemoExpertItemView.m in Sources */ = {isa = PBXBuildFile; fileRef = 46E913262356E0EC003AFFC4 /* RJDemoExpertItemView.m */; };
		46E913572356E0ED003AFFC4 /* SelectDateCell.m in Sources */ = {isa = PBXBuildFile; fileRef = 46E913272356E0EC003AFFC4 /* SelectDateCell.m */; };
		46E9135B2356E24E003AFFC4 /* RJProjectResorce.m in Sources */ = {isa = PBXBuildFile; fileRef = 46E913592356E24E003AFFC4 /* RJProjectResorce.m */; };
		955997E4209AECF900163047 /* AppDelegate.m in Sources */ = {isa = PBXBuildFile; fileRef = 955997E3209AECF900163047 /* AppDelegate.m */; };
		955997EA209AECF900163047 /* Main.storyboard in Resources */ = {isa = PBXBuildFile; fileRef = 955997E8209AECF900163047 /* Main.storyboard */; };
		955997EC209AECFA00163047 /* Assets.xcassets in Resources */ = {isa = PBXBuildFile; fileRef = 955997EB209AECFA00163047 /* Assets.xcassets */; };
		955997EF209AECFA00163047 /* LaunchScreen.storyboard in Resources */ = {isa = PBXBuildFile; fileRef = 955997ED209AECFA00163047 /* LaunchScreen.storyboard */; };
		955997F2209AECFA00163047 /* main.m in Sources */ = {isa = PBXBuildFile; fileRef = 955997F1209AECFA00163047 /* main.m */; };
		CDACA7DBCED5516CB3DEA72F /* Pods_KJSupportObjc.framework in Frameworks */ = {isa = PBXBuildFile; fileRef = A1CC382CDF748F1B8658DC0F /* Pods_KJSupportObjc.framework */; };
/* End PBXBuildFile section */

/* Begin PBXFileReference section */
		164822A722D613450047C9CF /* MBProgressHUD.h */ = {isa = PBXFileReference; fileEncoding = 4; lastKnownFileType = sourcecode.c.h; path = MBProgressHUD.h; sourceTree = "<group>"; };
		164822A822D613450047C9CF /* MBProgressHUD.m */ = {isa = PBXFileReference; fileEncoding = 4; lastKnownFileType = sourcecode.c.objc; path = MBProgressHUD.m; sourceTree = "<group>"; };
		164822A922D613450047C9CF /* MBProgressHUD+WJ.h */ = {isa = PBXFileReference; fileEncoding = 4; lastKnownFileType = sourcecode.c.h; path = "MBProgressHUD+WJ.h"; sourceTree = "<group>"; };
		164822AA22D613450047C9CF /* MBProgressHUD+WJ.m */ = {isa = PBXFileReference; fileEncoding = 4; lastKnownFileType = sourcecode.c.objc; path = "MBProgressHUD+WJ.m"; sourceTree = "<group>"; };
		1657521820DCD4EB00CB0C8F /* 阿狸.png */ = {isa = PBXFileReference; lastKnownFileType = image.png; path = "阿狸.png"; sourceTree = "<group>"; };
		1657521920DCD4EB00CB0C8F /* 4.png */ = {isa = PBXFileReference; lastKnownFileType = image.png; path = 4.png; sourceTree = "<group>"; };
		1657521A20DCD4EB00CB0C8F /* 5.png */ = {isa = PBXFileReference; lastKnownFileType = image.png; path = 5.png; sourceTree = "<group>"; };
		1657521B20DCD4EB00CB0C8F /* 7.png */ = {isa = PBXFileReference; lastKnownFileType = image.png; path = 7.png; sourceTree = "<group>"; };
		1657521C20DCD4EB00CB0C8F /* 6.png */ = {isa = PBXFileReference; lastKnownFileType = image.png; path = 6.png; sourceTree = "<group>"; };
		1657521D20DCD4EB00CB0C8F /* 2.png */ = {isa = PBXFileReference; lastKnownFileType = image.png; path = 2.png; sourceTree = "<group>"; };
		1657521E20DCD4EB00CB0C8F /* 3.png */ = {isa = PBXFileReference; lastKnownFileType = image.png; path = 3.png; sourceTree = "<group>"; };
		1657521F20DCD4EB00CB0C8F /* 1.png */ = {isa = PBXFileReference; lastKnownFileType = image.png; path = 1.png; sourceTree = "<group>"; };
		1657522020DCD4EB00CB0C8F /* 0.png */ = {isa = PBXFileReference; lastKnownFileType = image.png; path = 0.png; sourceTree = "<group>"; };
		16B045C420B9378600362478 /* PrefixHeader.pch */ = {isa = PBXFileReference; lastKnownFileType = sourcecode.c.h; path = PrefixHeader.pch; sourceTree = "<group>"; };
		46E912332356E0C9003AFFC4 /* KJSupportObjc.h */ = {isa = PBXFileReference; fileEncoding = 4; lastKnownFileType = sourcecode.c.h; path = KJSupportObjc.h; sourceTree = "<group>"; };
		46E912352356E0CA003AFFC4 /* NSObject+WDYHFCategory.m */ = {isa = PBXFileReference; fileEncoding = 4; lastKnownFileType = sourcecode.c.objc; path = "NSObject+WDYHFCategory.m"; sourceTree = "<group>"; };
		46E912362356E0CA003AFFC4 /* UIView+CKJDesingable.h */ = {isa = PBXFileReference; fileEncoding = 4; lastKnownFileType = sourcecode.c.h; path = "UIView+CKJDesingable.h"; sourceTree = "<group>"; };
		46E912372356E0CA003AFFC4 /* NSObject+WDYHFCategory.h */ = {isa = PBXFileReference; fileEncoding = 4; lastKnownFileType = sourcecode.c.h; path = "NSObject+WDYHFCategory.h"; sourceTree = "<group>"; };
		46E912382356E0CA003AFFC4 /* UIView+CKJDesingable.m */ = {isa = PBXFileReference; fileEncoding = 4; lastKnownFileType = sourcecode.c.objc; path = "UIView+CKJDesingable.m"; sourceTree = "<group>"; };
		46E9123A2356E0CA003AFFC4 /* FileManagerTool.m */ = {isa = PBXFileReference; fileEncoding = 4; lastKnownFileType = sourcecode.c.objc; path = FileManagerTool.m; sourceTree = "<group>"; };
		46E9123B2356E0CA003AFFC4 /* CKJBaseViewController.m */ = {isa = PBXFileReference; fileEncoding = 4; lastKnownFileType = sourcecode.c.objc; path = CKJBaseViewController.m; sourceTree = "<group>"; };
		46E9123C2356E0CA003AFFC4 /* KJCommonManager.m */ = {isa = PBXFileReference; fileEncoding = 4; lastKnownFileType = sourcecode.c.objc; path = KJCommonManager.m; sourceTree = "<group>"; };
		46E9123D2356E0CA003AFFC4 /* CKJBaseModel.h */ = {isa = PBXFileReference; fileEncoding = 4; lastKnownFileType = sourcecode.c.h; path = CKJBaseModel.h; sourceTree = "<group>"; };
		46E9123E2356E0CA003AFFC4 /* CKJRSA.m */ = {isa = PBXFileReference; fileEncoding = 4; lastKnownFileType = sourcecode.c.objc; path = CKJRSA.m; sourceTree = "<group>"; };
		46E9123F2356E0CA003AFFC4 /* LightStorageManager.h */ = {isa = PBXFileReference; fileEncoding = 4; lastKnownFileType = sourcecode.c.h; path = LightStorageManager.h; sourceTree = "<group>"; };
		46E912402356E0CA003AFFC4 /* FileManagerTool.h */ = {isa = PBXFileReference; fileEncoding = 4; lastKnownFileType = sourcecode.c.h; path = FileManagerTool.h; sourceTree = "<group>"; };
		46E912412356E0CA003AFFC4 /* KJCommonManager.h */ = {isa = PBXFileReference; fileEncoding = 4; lastKnownFileType = sourcecode.c.h; path = KJCommonManager.h; sourceTree = "<group>"; };
		46E912422356E0CA003AFFC4 /* CKJBaseViewController.h */ = {isa = PBXFileReference; fileEncoding = 4; lastKnownFileType = sourcecode.c.h; path = CKJBaseViewController.h; sourceTree = "<group>"; };
		46E912432356E0CA003AFFC4 /* LightStorageManager.m */ = {isa = PBXFileReference; fileEncoding = 4; lastKnownFileType = sourcecode.c.objc; path = LightStorageManager.m; sourceTree = "<group>"; };
		46E912442356E0CA003AFFC4 /* CKJRSA.h */ = {isa = PBXFileReference; fileEncoding = 4; lastKnownFileType = sourcecode.c.h; path = CKJRSA.h; sourceTree = "<group>"; };
		46E912452356E0CA003AFFC4 /* CKJBaseModel.m */ = {isa = PBXFileReference; fileEncoding = 4; lastKnownFileType = sourcecode.c.objc; path = CKJBaseModel.m; sourceTree = "<group>"; };
		46E912482356E0CA003AFFC4 /* CKJToolView.h */ = {isa = PBXFileReference; fileEncoding = 4; lastKnownFileType = sourcecode.c.h; path = CKJToolView.h; sourceTree = "<group>"; };
		46E912492356E0CA003AFFC4 /* CKJPickerView.m */ = {isa = PBXFileReference; fileEncoding = 4; lastKnownFileType = sourcecode.c.objc; path = CKJPickerView.m; sourceTree = "<group>"; };
		46E9124A2356E0CA003AFFC4 /* CKJToolPickerView.m */ = {isa = PBXFileReference; fileEncoding = 4; lastKnownFileType = sourcecode.c.objc; path = CKJToolPickerView.m; sourceTree = "<group>"; };
		46E9124B2356E0CA003AFFC4 /* CKJDatePickerView.m */ = {isa = PBXFileReference; fileEncoding = 4; lastKnownFileType = sourcecode.c.objc; path = CKJDatePickerView.m; sourceTree = "<group>"; };
		46E9124C2356E0CA003AFFC4 /* CKJToolView.m */ = {isa = PBXFileReference; fileEncoding = 4; lastKnownFileType = sourcecode.c.objc; path = CKJToolView.m; sourceTree = "<group>"; };
		46E9124D2356E0CA003AFFC4 /* CKJPickerView.h */ = {isa = PBXFileReference; fileEncoding = 4; lastKnownFileType = sourcecode.c.h; path = CKJPickerView.h; sourceTree = "<group>"; };
		46E9124E2356E0CA003AFFC4 /* CKJDatePickerView.h */ = {isa = PBXFileReference; fileEncoding = 4; lastKnownFileType = sourcecode.c.h; path = CKJDatePickerView.h; sourceTree = "<group>"; };
		46E9124F2356E0CA003AFFC4 /* CKJToolPickerView.h */ = {isa = PBXFileReference; fileEncoding = 4; lastKnownFileType = sourcecode.c.h; path = CKJToolPickerView.h; sourceTree = "<group>"; };
		46E912502356E0CA003AFFC4 /* CKJXBtnsView.m */ = {isa = PBXFileReference; fileEncoding = 4; lastKnownFileType = sourcecode.c.objc; path = CKJXBtnsView.m; sourceTree = "<group>"; };
		46E912512356E0CA003AFFC4 /* CKJTableEmptyView.h */ = {isa = PBXFileReference; fileEncoding = 4; lastKnownFileType = sourcecode.c.h; path = CKJTableEmptyView.h; sourceTree = "<group>"; };
		46E912522356E0CA003AFFC4 /* CKJFiveLabelView.m */ = {isa = PBXFileReference; fileEncoding = 4; lastKnownFileType = sourcecode.c.objc; path = CKJFiveLabelView.m; sourceTree = "<group>"; };
		46E912532356E0CA003AFFC4 /* CKJToolbar.m */ = {isa = PBXFileReference; fileEncoding = 4; lastKnownFileType = sourcecode.c.objc; path = CKJToolbar.m; sourceTree = "<group>"; };
		46E912542356E0CA003AFFC4 /* CKJPayBottomView.m */ = {isa = PBXFileReference; fileEncoding = 4; lastKnownFileType = sourcecode.c.objc; path = CKJPayBottomView.m; sourceTree = "<group>"; };
		46E912552356E0CA003AFFC4 /* CKJFiveLabelView.h */ = {isa = PBXFileReference; fileEncoding = 4; lastKnownFileType = sourcecode.c.h; path = CKJFiveLabelView.h; sourceTree = "<group>"; };
		46E912562356E0CA003AFFC4 /* CKJTableEmptyView.m */ = {isa = PBXFileReference; fileEncoding = 4; lastKnownFileType = sourcecode.c.objc; path = CKJTableEmptyView.m; sourceTree = "<group>"; };
		46E912572356E0CA003AFFC4 /* CKJXBtnsView.h */ = {isa = PBXFileReference; fileEncoding = 4; lastKnownFileType = sourcecode.c.h; path = CKJXBtnsView.h; sourceTree = "<group>"; };
		46E912582356E0CA003AFFC4 /* CKJPayBottomView.h */ = {isa = PBXFileReference; fileEncoding = 4; lastKnownFileType = sourcecode.c.h; path = CKJPayBottomView.h; sourceTree = "<group>"; };
		46E912592356E0CA003AFFC4 /* CKJToolbar.h */ = {isa = PBXFileReference; fileEncoding = 4; lastKnownFileType = sourcecode.c.h; path = CKJToolbar.h; sourceTree = "<group>"; };
		46E9125B2356E0CA003AFFC4 /* CKJSimpleTableViewDelegate.h */ = {isa = PBXFileReference; fileEncoding = 4; lastKnownFileType = sourcecode.c.h; path = CKJSimpleTableViewDelegate.h; sourceTree = "<group>"; };
		46E9125C2356E0CA003AFFC4 /* CKJWorker.m */ = {isa = PBXFileReference; fileEncoding = 4; lastKnownFileType = sourcecode.c.objc; path = CKJWorker.m; sourceTree = "<group>"; };
		46E9125D2356E0CA003AFFC4 /* CKJSimpleTableView.m */ = {isa = PBXFileReference; fileEncoding = 4; lastKnownFileType = sourcecode.c.objc; path = CKJSimpleTableView.m; sourceTree = "<group>"; };
		46E9125F2356E0CA003AFFC4 /* CKJBaseTableViewToolVC.m */ = {isa = PBXFileReference; fileEncoding = 4; lastKnownFileType = sourcecode.c.objc; path = CKJBaseTableViewToolVC.m; sourceTree = "<group>"; };
		46E912602356E0CA003AFFC4 /* CKJBaseTableViewToolVC.h */ = {isa = PBXFileReference; fileEncoding = 4; lastKnownFileType = sourcecode.c.h; path = CKJBaseTableViewToolVC.h; sourceTree = "<group>"; };
		46E912612356E0CA003AFFC4 /* CKJCombineCellProtocol.h */ = {isa = PBXFileReference; fileEncoding = 4; lastKnownFileType = sourcecode.c.h; path = CKJCombineCellProtocol.h; sourceTree = "<group>"; };
		46E912632356E0CA003AFFC4 /* CKJSimpleBaseModel.h */ = {isa = PBXFileReference; fileEncoding = 4; lastKnownFileType = sourcecode.c.h; path = CKJSimpleBaseModel.h; sourceTree = "<group>"; };
		46E912642356E0CA003AFFC4 /* CKJCommonSectionModel.m */ = {isa = PBXFileReference; fileEncoding = 4; lastKnownFileType = sourcecode.c.objc; path = CKJCommonSectionModel.m; sourceTree = "<group>"; };
		46E912652356E0CA003AFFC4 /* CKJCommonCellModel.m */ = {isa = PBXFileReference; fileEncoding = 4; lastKnownFileType = sourcecode.c.objc; path = CKJCommonCellModel.m; sourceTree = "<group>"; };
		46E912662356E0CA003AFFC4 /* CKJCommonHeaderFooterModel.h */ = {isa = PBXFileReference; fileEncoding = 4; lastKnownFileType = sourcecode.c.h; path = CKJCommonHeaderFooterModel.h; sourceTree = "<group>"; };
		46E912672356E0CA003AFFC4 /* CKJCommonSectionModel.h */ = {isa = PBXFileReference; fileEncoding = 4; lastKnownFileType = sourcecode.c.h; path = CKJCommonSectionModel.h; sourceTree = "<group>"; };
		46E912682356E0CA003AFFC4 /* CKJSimpleBaseModel.m */ = {isa = PBXFileReference; fileEncoding = 4; lastKnownFileType = sourcecode.c.objc; path = CKJSimpleBaseModel.m; sourceTree = "<group>"; };
		46E912692356E0CA003AFFC4 /* CKJCommonHeaderFooterModel.m */ = {isa = PBXFileReference; fileEncoding = 4; lastKnownFileType = sourcecode.c.objc; path = CKJCommonHeaderFooterModel.m; sourceTree = "<group>"; };
		46E9126A2356E0CA003AFFC4 /* CKJCommonCellModel.h */ = {isa = PBXFileReference; fileEncoding = 4; lastKnownFileType = sourcecode.c.h; path = CKJCommonCellModel.h; sourceTree = "<group>"; };
		46E9126D2356E0CA003AFFC4 /* CKJDemoCell.m */ = {isa = PBXFileReference; fileEncoding = 4; lastKnownFileType = sourcecode.c.objc; path = CKJDemoCell.m; sourceTree = "<group>"; };
		46E9126E2356E0CA003AFFC4 /* CKJDemoCell.xib */ = {isa = PBXFileReference; fileEncoding = 4; lastKnownFileType = file.xib; path = CKJDemoCell.xib; sourceTree = "<group>"; };
		46E9126F2356E0CA003AFFC4 /* CKJDemoCell.h */ = {isa = PBXFileReference; fileEncoding = 4; lastKnownFileType = sourcecode.c.h; path = CKJDemoCell.h; sourceTree = "<group>"; };
		46E912722356E0CA003AFFC4 /* CKJLikeQRCell.m */ = {isa = PBXFileReference; fileEncoding = 4; lastKnownFileType = sourcecode.c.objc; path = CKJLikeQRCell.m; sourceTree = "<group>"; };
		46E912732356E0CA003AFFC4 /* CKJLikeQRCell.h */ = {isa = PBXFileReference; fileEncoding = 4; lastKnownFileType = sourcecode.c.h; path = CKJLikeQRCell.h; sourceTree = "<group>"; };
		46E912752356E0CA003AFFC4 /* CKJGeneralCell.m */ = {isa = PBXFileReference; fileEncoding = 4; lastKnownFileType = sourcecode.c.objc; path = CKJGeneralCell.m; sourceTree = "<group>"; };
		46E912762356E0CA003AFFC4 /* CKJGeneralCell.h */ = {isa = PBXFileReference; fileEncoding = 4; lastKnownFileType = sourcecode.c.h; path = CKJGeneralCell.h; sourceTree = "<group>"; };
		46E912782356E0CA003AFFC4 /* CKJEmptyCell.m */ = {isa = PBXFileReference; fileEncoding = 4; lastKnownFileType = sourcecode.c.objc; path = CKJEmptyCell.m; sourceTree = "<group>"; };
		46E912792356E0CA003AFFC4 /* CKJCommonTableViewCell.h */ = {isa = PBXFileReference; fileEncoding = 4; lastKnownFileType = sourcecode.c.h; path = CKJCommonTableViewCell.h; sourceTree = "<group>"; };
		46E9127A2356E0CA003AFFC4 /* CKJCommonTableViewCell.m */ = {isa = PBXFileReference; fileEncoding = 4; lastKnownFileType = sourcecode.c.objc; path = CKJCommonTableViewCell.m; sourceTree = "<group>"; };
		46E9127B2356E0CA003AFFC4 /* CKJEmptyCell.h */ = {isa = PBXFileReference; fileEncoding = 4; lastKnownFileType = sourcecode.c.h; path = CKJEmptyCell.h; sourceTree = "<group>"; };
		46E9127D2356E0CA003AFFC4 /* CKJTableViewCell1.m */ = {isa = PBXFileReference; fileEncoding = 4; lastKnownFileType = sourcecode.c.objc; path = CKJTableViewCell1.m; sourceTree = "<group>"; };
		46E9127E2356E0CA003AFFC4 /* CKJBaseTableViewCell.m */ = {isa = PBXFileReference; fileEncoding = 4; lastKnownFileType = sourcecode.c.objc; path = CKJBaseTableViewCell.m; sourceTree = "<group>"; };
		46E9127F2356E0CA003AFFC4 /* CKJTableViewCell2.m */ = {isa = PBXFileReference; fileEncoding = 4; lastKnownFileType = sourcecode.c.objc; path = CKJTableViewCell2.m; sourceTree = "<group>"; };
		46E912802356E0CA003AFFC4 /* CKJLeftRightCell.h */ = {isa = PBXFileReference; fileEncoding = 4; lastKnownFileType = sourcecode.c.h; path = CKJLeftRightCell.h; sourceTree = "<group>"; };
		46E912812356E0CA003AFFC4 /* CKJTableViewCell1.h */ = {isa = PBXFileReference; fileEncoding = 4; lastKnownFileType = sourcecode.c.h; path = CKJTableViewCell1.h; sourceTree = "<group>"; };
		46E912822356E0CA003AFFC4 /* CKJBaseTableViewCell.h */ = {isa = PBXFileReference; fileEncoding = 4; lastKnownFileType = sourcecode.c.h; path = CKJBaseTableViewCell.h; sourceTree = "<group>"; };
		46E912832356E0CA003AFFC4 /* CKJTableViewCell2.h */ = {isa = PBXFileReference; fileEncoding = 4; lastKnownFileType = sourcecode.c.h; path = CKJTableViewCell2.h; sourceTree = "<group>"; };
		46E912842356E0CA003AFFC4 /* CKJLeftRightCell.m */ = {isa = PBXFileReference; fileEncoding = 4; lastKnownFileType = sourcecode.c.objc; path = CKJLeftRightCell.m; sourceTree = "<group>"; };
		46E912862356E0CA003AFFC4 /* CKJStackCell.m */ = {isa = PBXFileReference; fileEncoding = 4; lastKnownFileType = sourcecode.c.objc; path = CKJStackCell.m; sourceTree = "<group>"; };
		46E912872356E0CA003AFFC4 /* CKJBtnsCell2.m */ = {isa = PBXFileReference; fileEncoding = 4; lastKnownFileType = sourcecode.c.objc; path = CKJBtnsCell2.m; sourceTree = "<group>"; };
		46E912882356E0CA003AFFC4 /* CKJBaseBtnsCell.h */ = {isa = PBXFileReference; fileEncoding = 4; lastKnownFileType = sourcecode.c.h; path = CKJBaseBtnsCell.h; sourceTree = "<group>"; };
		46E912892356E0CA003AFFC4 /* CKJBtnsCell1.m */ = {isa = PBXFileReference; fileEncoding = 4; lastKnownFileType = sourcecode.c.objc; path = CKJBtnsCell1.m; sourceTree = "<group>"; };
		46E9128A2356E0CA003AFFC4 /* CKJBaseBtnsCell.m */ = {isa = PBXFileReference; fileEncoding = 4; lastKnownFileType = sourcecode.c.objc; path = CKJBaseBtnsCell.m; sourceTree = "<group>"; };
		46E9128B2356E0CA003AFFC4 /* CKJStackCell.h */ = {isa = PBXFileReference; fileEncoding = 4; lastKnownFileType = sourcecode.c.h; path = CKJStackCell.h; sourceTree = "<group>"; };
		46E9128C2356E0CA003AFFC4 /* CKJBtnsCell2.h */ = {isa = PBXFileReference; fileEncoding = 4; lastKnownFileType = sourcecode.c.h; path = CKJBtnsCell2.h; sourceTree = "<group>"; };
		46E9128D2356E0CA003AFFC4 /* CKJBtnsCell1.h */ = {isa = PBXFileReference; fileEncoding = 4; lastKnownFileType = sourcecode.c.h; path = CKJBtnsCell1.h; sourceTree = "<group>"; };
		46E9128F2356E0CA003AFFC4 /* CKJBaseImageLeftRightCell.h */ = {isa = PBXFileReference; fileEncoding = 4; lastKnownFileType = sourcecode.c.h; path = CKJBaseImageLeftRightCell.h; sourceTree = "<group>"; };
		46E912902356E0CA003AFFC4 /* CKJPayCell.h */ = {isa = PBXFileReference; fileEncoding = 4; lastKnownFileType = sourcecode.c.h; path = CKJPayCell.h; sourceTree = "<group>"; };
		46E912912356E0CA003AFFC4 /* CKJImageLeftCell.m */ = {isa = PBXFileReference; fileEncoding = 4; lastKnownFileType = sourcecode.c.objc; path = CKJImageLeftCell.m; sourceTree = "<group>"; };
		46E912922356E0CA003AFFC4 /* CKJImageRightCell.m */ = {isa = PBXFileReference; fileEncoding = 4; lastKnownFileType = sourcecode.c.objc; path = CKJImageRightCell.m; sourceTree = "<group>"; };
		46E912932356E0CA003AFFC4 /* CKJBaseImageLeftRightCell.m */ = {isa = PBXFileReference; fileEncoding = 4; lastKnownFileType = sourcecode.c.objc; path = CKJBaseImageLeftRightCell.m; sourceTree = "<group>"; };
		46E912942356E0CA003AFFC4 /* CKJImageRightCell.h */ = {isa = PBXFileReference; fileEncoding = 4; lastKnownFileType = sourcecode.c.h; path = CKJImageRightCell.h; sourceTree = "<group>"; };
		46E912952356E0CA003AFFC4 /* CKJImageLeftCell.h */ = {isa = PBXFileReference; fileEncoding = 4; lastKnownFileType = sourcecode.c.h; path = CKJImageLeftCell.h; sourceTree = "<group>"; };
		46E912962356E0CA003AFFC4 /* CKJPayCell.m */ = {isa = PBXFileReference; fileEncoding = 4; lastKnownFileType = sourcecode.c.objc; path = CKJPayCell.m; sourceTree = "<group>"; };
		46E912982356E0CA003AFFC4 /* CKJChooseHelper.h */ = {isa = PBXFileReference; fileEncoding = 4; lastKnownFileType = sourcecode.c.h; path = CKJChooseHelper.h; sourceTree = "<group>"; };
		46E912992356E0CA003AFFC4 /* CKJInputCell.h */ = {isa = PBXFileReference; fileEncoding = 4; lastKnownFileType = sourcecode.c.h; path = CKJInputCell.h; sourceTree = "<group>"; };
		46E9129A2356E0CA003AFFC4 /* CKJCell.h */ = {isa = PBXFileReference; fileEncoding = 4; lastKnownFileType = sourcecode.c.h; path = CKJCell.h; sourceTree = "<group>"; };
		46E9129B2356E0CA003AFFC4 /* CKJInputCell.m */ = {isa = PBXFileReference; fileEncoding = 4; lastKnownFileType = sourcecode.c.objc; path = CKJInputCell.m; sourceTree = "<group>"; };
		46E9129C2356E0CA003AFFC4 /* CKJChooseHelper.m */ = {isa = PBXFileReference; fileEncoding = 4; lastKnownFileType = sourcecode.c.objc; path = CKJChooseHelper.m; sourceTree = "<group>"; };
		46E9129D2356E0CA003AFFC4 /* CKJCell.m */ = {isa = PBXFileReference; fileEncoding = 4; lastKnownFileType = sourcecode.c.objc; path = CKJCell.m; sourceTree = "<group>"; };
		46E9129F2356E0CA003AFFC4 /* CKJScrollViewCell.h */ = {isa = PBXFileReference; fileEncoding = 4; lastKnownFileType = sourcecode.c.h; path = CKJScrollViewCell.h; sourceTree = "<group>"; };
		46E912A02356E0CA003AFFC4 /* CKJScrollViewCell.m */ = {isa = PBXFileReference; fileEncoding = 4; lastKnownFileType = sourcecode.c.objc; path = CKJScrollViewCell.m; sourceTree = "<group>"; };
		46E912A22356E0CA003AFFC4 /* CKJTableViewHeaderFooterEmptyView.m */ = {isa = PBXFileReference; fileEncoding = 4; lastKnownFileType = sourcecode.c.objc; path = CKJTableViewHeaderFooterEmptyView.m; sourceTree = "<group>"; };
		46E912A32356E0CA003AFFC4 /* CKJCommonTableViewHeaderFooterView.h */ = {isa = PBXFileReference; fileEncoding = 4; lastKnownFileType = sourcecode.c.h; path = CKJCommonTableViewHeaderFooterView.h; sourceTree = "<group>"; };
		46E912A42356E0CA003AFFC4 /* CKJTitleStyleHeaderFooterView.h */ = {isa = PBXFileReference; fileEncoding = 4; lastKnownFileType = sourcecode.c.h; path = CKJTitleStyleHeaderFooterView.h; sourceTree = "<group>"; };
		46E912A52356E0CA003AFFC4 /* CKJCommonTableViewHeaderFooterView.m */ = {isa = PBXFileReference; fileEncoding = 4; lastKnownFileType = sourcecode.c.objc; path = CKJCommonTableViewHeaderFooterView.m; sourceTree = "<group>"; };
		46E912A62356E0CA003AFFC4 /* CKJTableViewHeaderFooterEmptyView.h */ = {isa = PBXFileReference; fileEncoding = 4; lastKnownFileType = sourcecode.c.h; path = CKJTableViewHeaderFooterEmptyView.h; sourceTree = "<group>"; };
		46E912A72356E0CA003AFFC4 /* CKJTitleStyleHeaderFooterView.m */ = {isa = PBXFileReference; fileEncoding = 4; lastKnownFileType = sourcecode.c.objc; path = CKJTitleStyleHeaderFooterView.m; sourceTree = "<group>"; };
		46E912A82356E0CA003AFFC4 /* CKJSimpleTableView.h */ = {isa = PBXFileReference; fileEncoding = 4; lastKnownFileType = sourcecode.c.h; path = CKJSimpleTableView.h; sourceTree = "<group>"; };
		46E912A92356E0CA003AFFC4 /* CKJWorker.h */ = {isa = PBXFileReference; fileEncoding = 4; lastKnownFileType = sourcecode.c.h; path = CKJWorker.h; sourceTree = "<group>"; };
		46E912AA2356E0CA003AFFC4 /* KJSupportObjc.bundle */ = {isa = PBXFileReference; lastKnownFileType = "wrapper.plug-in"; path = KJSupportObjc.bundle; sourceTree = "<group>"; };
		46E912AC2356E0CA003AFFC4 /* KJSupportHeader.m */ = {isa = PBXFileReference; fileEncoding = 4; lastKnownFileType = sourcecode.c.objc; path = KJSupportHeader.m; sourceTree = "<group>"; };
		46E912AD2356E0CA003AFFC4 /* KJSupportHeader.h */ = {isa = PBXFileReference; fileEncoding = 4; lastKnownFileType = sourcecode.c.h; path = KJSupportHeader.h; sourceTree = "<group>"; };
		46E912E32356E0EC003AFFC4 /* zhuyuan出院结算@2x.png */ = {isa = PBXFileReference; lastKnownFileType = image.png; path = "zhuyuan出院结算@2x.png"; sourceTree = "<group>"; };
		46E912E42356E0EC003AFFC4 /* zhuyuan充值记录@2x.png */ = {isa = PBXFileReference; lastKnownFileType = image.png; path = "zhuyuan充值记录@2x.png"; sourceTree = "<group>"; };
		46E912E52356E0EC003AFFC4 /* zhuyuan预交金充值@2x.png */ = {isa = PBXFileReference; lastKnownFileType = image.png; path = "zhuyuan预交金充值@2x.png"; sourceTree = "<group>"; };
		46E912E62356E0EC003AFFC4 /* zhuyuan预交金充值@3x.png */ = {isa = PBXFileReference; lastKnownFileType = image.png; path = "zhuyuan预交金充值@3x.png"; sourceTree = "<group>"; };
		46E912E72356E0EC003AFFC4 /* zhuyuan充值记录@3x.png */ = {isa = PBXFileReference; lastKnownFileType = image.png; path = "zhuyuan充值记录@3x.png"; sourceTree = "<group>"; };
		46E912E82356E0EC003AFFC4 /* wdyhfsdk支付宝.png */ = {isa = PBXFileReference; lastKnownFileType = image.png; path = "wdyhfsdk支付宝.png"; sourceTree = "<group>"; };
		46E912E92356E0EC003AFFC4 /* wdyhfsdkright arrow.png */ = {isa = PBXFileReference; lastKnownFileType = image.png; path = "wdyhfsdkright arrow.png"; sourceTree = "<group>"; };
		46E912EA2356E0EC003AFFC4 /* zhuyuan出院结算@3x.png */ = {isa = PBXFileReference; lastKnownFileType = image.png; path = "zhuyuan出院结算@3x.png"; sourceTree = "<group>"; };
		46E912EB2356E0EC003AFFC4 /* wdyhfsdk勾选空.png */ = {isa = PBXFileReference; lastKnownFileType = image.png; path = "wdyhfsdk勾选空.png"; sourceTree = "<group>"; };
		46E912EC2356E0EC003AFFC4 /* zhuyuan日清单查询@2x.png */ = {isa = PBXFileReference; lastKnownFileType = image.png; path = "zhuyuan日清单查询@2x.png"; sourceTree = "<group>"; };
		46E912ED2356E0EC003AFFC4 /* wdyhfsdk银联.png */ = {isa = PBXFileReference; lastKnownFileType = image.png; path = "wdyhfsdk银联.png"; sourceTree = "<group>"; };
		46E912EE2356E0EC003AFFC4 /* zhuyuan历史住院记录@2x.png */ = {isa = PBXFileReference; lastKnownFileType = image.png; path = "zhuyuan历史住院记录@2x.png"; sourceTree = "<group>"; };
		46E912EF2356E0EC003AFFC4 /* zhuyuan历史住院记录@3x.png */ = {isa = PBXFileReference; lastKnownFileType = image.png; path = "zhuyuan历史住院记录@3x.png"; sourceTree = "<group>"; };
		46E912F02356E0EC003AFFC4 /* wdyhfsdkhospital.png */ = {isa = PBXFileReference; lastKnownFileType = image.png; path = wdyhfsdkhospital.png; sourceTree = "<group>"; };
		46E912F12356E0EC003AFFC4 /* yhf通知.png */ = {isa = PBXFileReference; lastKnownFileType = image.png; path = "yhf通知.png"; sourceTree = "<group>"; };
		46E912F22356E0EC003AFFC4 /* wdyhfsdkmark.png */ = {isa = PBXFileReference; lastKnownFileType = image.png; path = wdyhfsdkmark.png; sourceTree = "<group>"; };
		46E912F32356E0EC003AFFC4 /* zhuyuan日清单查询@3x.png */ = {isa = PBXFileReference; lastKnownFileType = image.png; path = "zhuyuan日清单查询@3x.png"; sourceTree = "<group>"; };
		46E912F42356E0EC003AFFC4 /* wdyhfsdk编辑.png */ = {isa = PBXFileReference; lastKnownFileType = image.png; path = "wdyhfsdk编辑.png"; sourceTree = "<group>"; };
		46E912F52356E0EC003AFFC4 /* OldList.geojson */ = {isa = PBXFileReference; fileEncoding = 4; lastKnownFileType = text; path = OldList.geojson; sourceTree = "<group>"; };
		46E912F62356E0EC003AFFC4 /* TETTST.xib */ = {isa = PBXFileReference; fileEncoding = 4; lastKnownFileType = file.xib; path = TETTST.xib; sourceTree = "<group>"; };
		46E912F72356E0EC003AFFC4 /* wdyhfsdk勾选.png */ = {isa = PBXFileReference; lastKnownFileType = image.png; path = "wdyhfsdk勾选.png"; sourceTree = "<group>"; };
		46E912F82356E0EC003AFFC4 /* billList.geojson */ = {isa = PBXFileReference; fileEncoding = 4; lastKnownFileType = text; path = billList.geojson; sourceTree = "<group>"; };
		46E912F92356E0EC003AFFC4 /* yhf下箭头.png */ = {isa = PBXFileReference; lastKnownFileType = image.png; path = "yhf下箭头.png"; sourceTree = "<group>"; };
		46E912FA2356E0EC003AFFC4 /* billDetail.geojson */ = {isa = PBXFileReference; fileEncoding = 4; lastKnownFileType = text; path = billDetail.geojson; sourceTree = "<group>"; };
		46E912FB2356E0EC003AFFC4 /* touxiang.jpg */ = {isa = PBXFileReference; lastKnownFileType = image.jpeg; path = touxiang.jpg; sourceTree = "<group>"; };
		46E912FC2356E0EC003AFFC4 /* NewList.geojson */ = {isa = PBXFileReference; fileEncoding = 4; lastKnownFileType = text; path = NewList.geojson; sourceTree = "<group>"; };
		46E912FD2356E0EC003AFFC4 /* wdyhfsdkechat.png */ = {isa = PBXFileReference; lastKnownFileType = image.png; path = wdyhfsdkechat.png; sourceTree = "<group>"; };
		46E912FF2356E0EC003AFFC4 /* WDYHFHospitalItem.h */ = {isa = PBXFileReference; fileEncoding = 4; lastKnownFileType = sourcecode.c.h; path = WDYHFHospitalItem.h; sourceTree = "<group>"; };
		46E913002356E0EC003AFFC4 /* RJBillDetailModel.h */ = {isa = PBXFileReference; fileEncoding = 4; lastKnownFileType = sourcecode.c.h; path = RJBillDetailModel.h; sourceTree = "<group>"; };
		46E913012356E0EC003AFFC4 /* WDYHFHospitalItem.m */ = {isa = PBXFileReference; fileEncoding = 4; lastKnownFileType = sourcecode.c.objc; path = WDYHFHospitalItem.m; sourceTree = "<group>"; };
		46E913022356E0EC003AFFC4 /* RJBillDetailModel.m */ = {isa = PBXFileReference; fileEncoding = 4; lastKnownFileType = sourcecode.c.objc; path = RJBillDetailModel.m; sourceTree = "<group>"; };
		46E913042356E0EC003AFFC4 /* RJSquareDemo2VC.m */ = {isa = PBXFileReference; fileEncoding = 4; lastKnownFileType = sourcecode.c.objc; path = RJSquareDemo2VC.m; sourceTree = "<group>"; };
		46E913052356E0EC003AFFC4 /* RJSquareDemo1VC.m */ = {isa = PBXFileReference; fileEncoding = 4; lastKnownFileType = sourcecode.c.objc; path = RJSquareDemo1VC.m; sourceTree = "<group>"; };
		46E913062356E0EC003AFFC4 /* RJTestListVC.h */ = {isa = PBXFileReference; fileEncoding = 4; lastKnownFileType = sourcecode.c.h; path = RJTestListVC.h; sourceTree = "<group>"; };
		46E913072356E0EC003AFFC4 /* RJInputVC.h */ = {isa = PBXFileReference; fileEncoding = 4; lastKnownFileType = sourcecode.c.h; path = RJInputVC.h; sourceTree = "<group>"; };
		46E913082356E0EC003AFFC4 /* RegisterDemoVC.h */ = {isa = PBXFileReference; fileEncoding = 4; lastKnownFileType = sourcecode.c.h; path = RegisterDemoVC.h; sourceTree = "<group>"; };
		46E913092356E0EC003AFFC4 /* PersonInfoDemoVC.m */ = {isa = PBXFileReference; fileEncoding = 4; lastKnownFileType = sourcecode.c.objc; path = PersonInfoDemoVC.m; sourceTree = "<group>"; };
		46E9130A2356E0EC003AFFC4 /* RJTestResource.m */ = {isa = PBXFileReference; fileEncoding = 4; lastKnownFileType = sourcecode.c.objc; path = RJTestResource.m; sourceTree = "<group>"; };
		46E9130B2356E0EC003AFFC4 /* InputDemoVC.h */ = {isa = PBXFileReference; fileEncoding = 4; lastKnownFileType = sourcecode.c.h; path = InputDemoVC.h; sourceTree = "<group>"; };
		46E9130C2356E0EC003AFFC4 /* CKJImageLeftRightCellVC.h */ = {isa = PBXFileReference; fileEncoding = 4; lastKnownFileType = sourcecode.c.h; path = CKJImageLeftRightCellVC.h; sourceTree = "<group>"; };
		46E9130D2356E0EC003AFFC4 /* RJConfigVC.h */ = {isa = PBXFileReference; fileEncoding = 4; lastKnownFileType = sourcecode.c.h; path = RJConfigVC.h; sourceTree = "<group>"; };
		46E9130E2356E0EC003AFFC4 /* CKJCellVC.h */ = {isa = PBXFileReference; fileEncoding = 4; lastKnownFileType = sourcecode.c.h; path = CKJCellVC.h; sourceTree = "<group>"; };
		46E9130F2356E0EC003AFFC4 /* CKJGeneralCellVC.m */ = {isa = PBXFileReference; fileEncoding = 4; lastKnownFileType = sourcecode.c.objc; path = CKJGeneralCellVC.m; sourceTree = "<group>"; };
		46E913102356E0EC003AFFC4 /* PersonInfoDemoVC.h */ = {isa = PBXFileReference; fileEncoding = 4; lastKnownFileType = sourcecode.c.h; path = PersonInfoDemoVC.h; sourceTree = "<group>"; };
		46E913112356E0EC003AFFC4 /* RegisterDemoVC.m */ = {isa = PBXFileReference; fileEncoding = 4; lastKnownFileType = sourcecode.c.objc; path = RegisterDemoVC.m; sourceTree = "<group>"; };
		46E913122356E0EC003AFFC4 /* RJTestListVC.m */ = {isa = PBXFileReference; fileEncoding = 4; lastKnownFileType = sourcecode.c.objc; path = RJTestListVC.m; sourceTree = "<group>"; };
		46E913132356E0EC003AFFC4 /* RJInputVC.m */ = {isa = PBXFileReference; fileEncoding = 4; lastKnownFileType = sourcecode.c.objc; path = RJInputVC.m; sourceTree = "<group>"; };
		46E913142356E0EC003AFFC4 /* RJSquareDemo1VC.h */ = {isa = PBXFileReference; fileEncoding = 4; lastKnownFileType = sourcecode.c.h; path = RJSquareDemo1VC.h; sourceTree = "<group>"; };
		46E913152356E0EC003AFFC4 /* RJSquareDemo2VC.h */ = {isa = PBXFileReference; fileEncoding = 4; lastKnownFileType = sourcecode.c.h; path = RJSquareDemo2VC.h; sourceTree = "<group>"; };
		46E913162356E0EC003AFFC4 /* InputDemoVC.m */ = {isa = PBXFileReference; fileEncoding = 4; lastKnownFileType = sourcecode.c.objc; path = InputDemoVC.m; sourceTree = "<group>"; };
		46E913172356E0EC003AFFC4 /* RJTestResource.h */ = {isa = PBXFileReference; fileEncoding = 4; lastKnownFileType = sourcecode.c.h; path = RJTestResource.h; sourceTree = "<group>"; };
		46E913182356E0EC003AFFC4 /* RJConfigVC.m */ = {isa = PBXFileReference; fileEncoding = 4; lastKnownFileType = sourcecode.c.objc; path = RJConfigVC.m; sourceTree = "<group>"; };
		46E913192356E0EC003AFFC4 /* CKJImageLeftRightCellVC.m */ = {isa = PBXFileReference; fileEncoding = 4; lastKnownFileType = sourcecode.c.objc; path = CKJImageLeftRightCellVC.m; sourceTree = "<group>"; };
		46E9131A2356E0EC003AFFC4 /* CKJGeneralCellVC.h */ = {isa = PBXFileReference; fileEncoding = 4; lastKnownFileType = sourcecode.c.h; path = CKJGeneralCellVC.h; sourceTree = "<group>"; };
		46E9131B2356E0EC003AFFC4 /* CKJCellVC.m */ = {isa = PBXFileReference; fileEncoding = 4; lastKnownFileType = sourcecode.c.objc; path = CKJCellVC.m; sourceTree = "<group>"; };
		46E9131D2356E0EC003AFFC4 /* RJDemoScrollItemView.h */ = {isa = PBXFileReference; fileEncoding = 4; lastKnownFileType = sourcecode.c.h; path = RJDemoScrollItemView.h; sourceTree = "<group>"; };
		46E9131E2356E0EC003AFFC4 /* RJDemoExpertItemView.xib */ = {isa = PBXFileReference; fileEncoding = 4; lastKnownFileType = file.xib; path = RJDemoExpertItemView.xib; sourceTree = "<group>"; };
		46E9131F2356E0EC003AFFC4 /* RJDemoScrollItemView.xib */ = {isa = PBXFileReference; fileEncoding = 4; lastKnownFileType = file.xib; path = RJDemoScrollItemView.xib; sourceTree = "<group>"; };
		46E913202356E0EC003AFFC4 /* RJBillCell.h */ = {isa = PBXFileReference; fileEncoding = 4; lastKnownFileType = sourcecode.c.h; path = RJBillCell.h; sourceTree = "<group>"; };
		46E913212356E0EC003AFFC4 /* SelectDateCell.h */ = {isa = PBXFileReference; fileEncoding = 4; lastKnownFileType = sourcecode.c.h; path = SelectDateCell.h; sourceTree = "<group>"; };
		46E913222356E0EC003AFFC4 /* RJDemoExpertItemView.h */ = {isa = PBXFileReference; fileEncoding = 4; lastKnownFileType = sourcecode.c.h; path = RJDemoExpertItemView.h; sourceTree = "<group>"; };
		46E913232356E0EC003AFFC4 /* RJBillCell.xib */ = {isa = PBXFileReference; fileEncoding = 4; lastKnownFileType = file.xib; path = RJBillCell.xib; sourceTree = "<group>"; };
		46E913242356E0EC003AFFC4 /* RJDemoScrollItemView.m */ = {isa = PBXFileReference; fileEncoding = 4; lastKnownFileType = sourcecode.c.objc; path = RJDemoScrollItemView.m; sourceTree = "<group>"; };
		46E913252356E0EC003AFFC4 /* RJBillCell.m */ = {isa = PBXFileReference; fileEncoding = 4; lastKnownFileType = sourcecode.c.objc; path = RJBillCell.m; sourceTree = "<group>"; };
		46E913262356E0EC003AFFC4 /* RJDemoExpertItemView.m */ = {isa = PBXFileReference; fileEncoding = 4; lastKnownFileType = sourcecode.c.objc; path = RJDemoExpertItemView.m; sourceTree = "<group>"; };
		46E913272356E0EC003AFFC4 /* SelectDateCell.m */ = {isa = PBXFileReference; fileEncoding = 4; lastKnownFileType = sourcecode.c.objc; path = SelectDateCell.m; sourceTree = "<group>"; };
		46E913592356E24E003AFFC4 /* RJProjectResorce.m */ = {isa = PBXFileReference; fileEncoding = 4; lastKnownFileType = sourcecode.c.objc; path = RJProjectResorce.m; sourceTree = "<group>"; };
		46E9135A2356E24E003AFFC4 /* RJProjectResorce.h */ = {isa = PBXFileReference; fileEncoding = 4; lastKnownFileType = sourcecode.c.h; path = RJProjectResorce.h; sourceTree = "<group>"; };
		955997DF209AECF900163047 /* KJSupportObjc.app */ = {isa = PBXFileReference; explicitFileType = wrapper.application; includeInIndex = 0; path = KJSupportObjc.app; sourceTree = BUILT_PRODUCTS_DIR; };
		955997E2209AECF900163047 /* AppDelegate.h */ = {isa = PBXFileReference; lastKnownFileType = sourcecode.c.h; path = AppDelegate.h; sourceTree = "<group>"; };
		955997E3209AECF900163047 /* AppDelegate.m */ = {isa = PBXFileReference; lastKnownFileType = sourcecode.c.objc; path = AppDelegate.m; sourceTree = "<group>"; };
		955997E9209AECF900163047 /* Base */ = {isa = PBXFileReference; lastKnownFileType = file.storyboard; name = Base; path = Base.lproj/Main.storyboard; sourceTree = "<group>"; };
		955997EB209AECFA00163047 /* Assets.xcassets */ = {isa = PBXFileReference; lastKnownFileType = folder.assetcatalog; path = Assets.xcassets; sourceTree = "<group>"; };
		955997EE209AECFA00163047 /* Base */ = {isa = PBXFileReference; lastKnownFileType = file.storyboard; name = Base; path = Base.lproj/LaunchScreen.storyboard; sourceTree = "<group>"; };
		955997F0209AECFA00163047 /* Info.plist */ = {isa = PBXFileReference; lastKnownFileType = text.plist.xml; path = Info.plist; sourceTree = "<group>"; };
		955997F1209AECFA00163047 /* main.m */ = {isa = PBXFileReference; lastKnownFileType = sourcecode.c.objc; path = main.m; sourceTree = "<group>"; };
		A1CC382CDF748F1B8658DC0F /* Pods_KJSupportObjc.framework */ = {isa = PBXFileReference; explicitFileType = wrapper.framework; includeInIndex = 0; path = Pods_KJSupportObjc.framework; sourceTree = BUILT_PRODUCTS_DIR; };
		F46A270B9803A4F2C5498136 /* Pods-KJSupportObjc.release.xcconfig */ = {isa = PBXFileReference; includeInIndex = 1; lastKnownFileType = text.xcconfig; name = "Pods-KJSupportObjc.release.xcconfig"; path = "Pods/Target Support Files/Pods-KJSupportObjc/Pods-KJSupportObjc.release.xcconfig"; sourceTree = "<group>"; };
		FB4C96EFE39912E2B649CED7 /* Pods-KJSupportObjc.debug.xcconfig */ = {isa = PBXFileReference; includeInIndex = 1; lastKnownFileType = text.xcconfig; name = "Pods-KJSupportObjc.debug.xcconfig"; path = "Pods/Target Support Files/Pods-KJSupportObjc/Pods-KJSupportObjc.debug.xcconfig"; sourceTree = "<group>"; };
/* End PBXFileReference section */

/* Begin PBXFrameworksBuildPhase section */
		955997DC209AECF900163047 /* Frameworks */ = {
			isa = PBXFrameworksBuildPhase;
			buildActionMask = 2147483647;
			files = (
				CDACA7DBCED5516CB3DEA72F /* Pods_KJSupportObjc.framework in Frameworks */,
			);
			runOnlyForDeploymentPostprocessing = 0;
		};
/* End PBXFrameworksBuildPhase section */

/* Begin PBXGroup section */
		1657521720DCD4EB00CB0C8F /* Resource */ = {
			isa = PBXGroup;
			children = (
				1657521820DCD4EB00CB0C8F /* 阿狸.png */,
				1657521920DCD4EB00CB0C8F /* 4.png */,
				1657521A20DCD4EB00CB0C8F /* 5.png */,
				1657521B20DCD4EB00CB0C8F /* 7.png */,
				1657521C20DCD4EB00CB0C8F /* 6.png */,
				1657521D20DCD4EB00CB0C8F /* 2.png */,
				1657521E20DCD4EB00CB0C8F /* 3.png */,
				1657521F20DCD4EB00CB0C8F /* 1.png */,
				1657522020DCD4EB00CB0C8F /* 0.png */,
			);
			path = Resource;
			sourceTree = "<group>";
		};
		168AF97E229ED5AD00619C79 /* 3 */ = {
			isa = PBXGroup;
			children = (
				164822A722D613450047C9CF /* MBProgressHUD.h */,
				164822A822D613450047C9CF /* MBProgressHUD.m */,
				164822A922D613450047C9CF /* MBProgressHUD+WJ.h */,
				164822AA22D613450047C9CF /* MBProgressHUD+WJ.m */,
			);
			path = 3;
			sourceTree = "<group>";
		};
		467B2786235F2CAA00E5BD38 /* Private */ = {
			isa = PBXGroup;
			children = (
				46E912792356E0CA003AFFC4 /* CKJCommonTableViewCell.h */,
				46E9127A2356E0CA003AFFC4 /* CKJCommonTableViewCell.m */,
				46E912862356E0CA003AFFC4 /* CKJStackCell.m */,
				46E9128B2356E0CA003AFFC4 /* CKJStackCell.h */,
				46E9127E2356E0CA003AFFC4 /* CKJBaseTableViewCell.m */,
				46E912822356E0CA003AFFC4 /* CKJBaseTableViewCell.h */,
				46E9128F2356E0CA003AFFC4 /* CKJBaseImageLeftRightCell.h */,
				46E912932356E0CA003AFFC4 /* CKJBaseImageLeftRightCell.m */,
				46E912882356E0CA003AFFC4 /* CKJBaseBtnsCell.h */,
				46E9128A2356E0CA003AFFC4 /* CKJBaseBtnsCell.m */,
			);
			path = Private;
			sourceTree = "<group>";
		};
		46E912322356E0C9003AFFC4 /* Objc */ = {
			isa = PBXGroup;
			children = (
				46E912332356E0C9003AFFC4 /* KJSupportObjc.h */,
				46E912342356E0CA003AFFC4 /* Category */,
				46E912392356E0CA003AFFC4 /* Other */,
				46E912462356E0CA003AFFC4 /* View */,
				46E9125A2356E0CA003AFFC4 /* SimpleTableView */,
				46E912AA2356E0CA003AFFC4 /* KJSupportObjc.bundle */,
				46E912AB2356E0CA003AFFC4 /* Header */,
			);
			path = Objc;
			sourceTree = "<group>";
		};
		46E912342356E0CA003AFFC4 /* Category */ = {
			isa = PBXGroup;
			children = (
				46E912352356E0CA003AFFC4 /* NSObject+WDYHFCategory.m */,
				46E912362356E0CA003AFFC4 /* UIView+CKJDesingable.h */,
				46E912372356E0CA003AFFC4 /* NSObject+WDYHFCategory.h */,
				46E912382356E0CA003AFFC4 /* UIView+CKJDesingable.m */,
			);
			path = Category;
			sourceTree = "<group>";
		};
		46E912392356E0CA003AFFC4 /* Other */ = {
			isa = PBXGroup;
			children = (
				46E9123A2356E0CA003AFFC4 /* FileManagerTool.m */,
				46E9123B2356E0CA003AFFC4 /* CKJBaseViewController.m */,
				46E9123C2356E0CA003AFFC4 /* KJCommonManager.m */,
				46E9123D2356E0CA003AFFC4 /* CKJBaseModel.h */,
				46E9123E2356E0CA003AFFC4 /* CKJRSA.m */,
				46E9123F2356E0CA003AFFC4 /* LightStorageManager.h */,
				46E912402356E0CA003AFFC4 /* FileManagerTool.h */,
				46E912412356E0CA003AFFC4 /* KJCommonManager.h */,
				46E912422356E0CA003AFFC4 /* CKJBaseViewController.h */,
				46E912432356E0CA003AFFC4 /* LightStorageManager.m */,
				46E912442356E0CA003AFFC4 /* CKJRSA.h */,
				46E912452356E0CA003AFFC4 /* CKJBaseModel.m */,
			);
			path = Other;
			sourceTree = "<group>";
		};
		46E912462356E0CA003AFFC4 /* View */ = {
			isa = PBXGroup;
			children = (
				46E912472356E0CA003AFFC4 /* Picker */,
				46E912502356E0CA003AFFC4 /* CKJXBtnsView.m */,
				46E912512356E0CA003AFFC4 /* CKJTableEmptyView.h */,
				46E912522356E0CA003AFFC4 /* CKJFiveLabelView.m */,
				46E912532356E0CA003AFFC4 /* CKJToolbar.m */,
				46E912542356E0CA003AFFC4 /* CKJPayBottomView.m */,
				46E912552356E0CA003AFFC4 /* CKJFiveLabelView.h */,
				46E912562356E0CA003AFFC4 /* CKJTableEmptyView.m */,
				46E912572356E0CA003AFFC4 /* CKJXBtnsView.h */,
				46E912582356E0CA003AFFC4 /* CKJPayBottomView.h */,
				46E912592356E0CA003AFFC4 /* CKJToolbar.h */,
			);
			path = View;
			sourceTree = "<group>";
		};
		46E912472356E0CA003AFFC4 /* Picker */ = {
			isa = PBXGroup;
			children = (
				46E912482356E0CA003AFFC4 /* CKJToolView.h */,
				46E912492356E0CA003AFFC4 /* CKJPickerView.m */,
				46E9124A2356E0CA003AFFC4 /* CKJToolPickerView.m */,
				46E9124B2356E0CA003AFFC4 /* CKJDatePickerView.m */,
				46E9124C2356E0CA003AFFC4 /* CKJToolView.m */,
				46E9124D2356E0CA003AFFC4 /* CKJPickerView.h */,
				46E9124E2356E0CA003AFFC4 /* CKJDatePickerView.h */,
				46E9124F2356E0CA003AFFC4 /* CKJToolPickerView.h */,
			);
			path = Picker;
			sourceTree = "<group>";
		};
		46E9125A2356E0CA003AFFC4 /* SimpleTableView */ = {
			isa = PBXGroup;
			children = (
				46E9125B2356E0CA003AFFC4 /* CKJSimpleTableViewDelegate.h */,
				46E9125C2356E0CA003AFFC4 /* CKJWorker.m */,
				46E9125D2356E0CA003AFFC4 /* CKJSimpleTableView.m */,
				46E9125E2356E0CA003AFFC4 /* Controller */,
				46E912612356E0CA003AFFC4 /* CKJCombineCellProtocol.h */,
				46E912622356E0CA003AFFC4 /* Model */,
				46E9126B2356E0CA003AFFC4 /* View */,
				46E912A82356E0CA003AFFC4 /* CKJSimpleTableView.h */,
				46E912A92356E0CA003AFFC4 /* CKJWorker.h */,
			);
			path = SimpleTableView;
			sourceTree = "<group>";
		};
		46E9125E2356E0CA003AFFC4 /* Controller */ = {
			isa = PBXGroup;
			children = (
				46E9125F2356E0CA003AFFC4 /* CKJBaseTableViewToolVC.m */,
				46E912602356E0CA003AFFC4 /* CKJBaseTableViewToolVC.h */,
			);
			path = Controller;
			sourceTree = "<group>";
		};
		46E912622356E0CA003AFFC4 /* Model */ = {
			isa = PBXGroup;
			children = (
				46E912632356E0CA003AFFC4 /* CKJSimpleBaseModel.h */,
				46E912642356E0CA003AFFC4 /* CKJCommonSectionModel.m */,
				46E912652356E0CA003AFFC4 /* CKJCommonCellModel.m */,
				46E912662356E0CA003AFFC4 /* CKJCommonHeaderFooterModel.h */,
				46E912672356E0CA003AFFC4 /* CKJCommonSectionModel.h */,
				46E912682356E0CA003AFFC4 /* CKJSimpleBaseModel.m */,
				46E912692356E0CA003AFFC4 /* CKJCommonHeaderFooterModel.m */,
				46E9126A2356E0CA003AFFC4 /* CKJCommonCellModel.h */,
			);
			path = Model;
			sourceTree = "<group>";
		};
		46E9126B2356E0CA003AFFC4 /* View */ = {
			isa = PBXGroup;
			children = (
				467B2786235F2CAA00E5BD38 /* Private */,
				46E9126C2356E0CA003AFFC4 /* Demo */,
				46E912702356E0CA003AFFC4 /* Cell */,
				46E912A12356E0CA003AFFC4 /* HeaderFooter */,
			);
			path = View;
			sourceTree = "<group>";
		};
		46E9126C2356E0CA003AFFC4 /* Demo */ = {
			isa = PBXGroup;
			children = (
				46E9126D2356E0CA003AFFC4 /* CKJDemoCell.m */,
				46E9126E2356E0CA003AFFC4 /* CKJDemoCell.xib */,
				46E9126F2356E0CA003AFFC4 /* CKJDemoCell.h */,
			);
			path = Demo;
			sourceTree = "<group>";
		};
		46E912702356E0CA003AFFC4 /* Cell */ = {
			isa = PBXGroup;
			children = (
				46E912712356E0CA003AFFC4 /* OtherCell */,
				46E912742356E0CA003AFFC4 /* 0 */,
				46E912772356E0CA003AFFC4 /* 6 */,
				46E9127C2356E0CA003AFFC4 /* 1 */,
				46E912852356E0CA003AFFC4 /* 4 */,
				46E9128E2356E0CA003AFFC4 /* 3 */,
				46E912972356E0CA003AFFC4 /* 2 */,
				46E9129E2356E0CA003AFFC4 /* 5 */,
			);
			path = Cell;
			sourceTree = "<group>";
		};
		46E912712356E0CA003AFFC4 /* OtherCell */ = {
			isa = PBXGroup;
			children = (
				46E912722356E0CA003AFFC4 /* CKJLikeQRCell.m */,
				46E912732356E0CA003AFFC4 /* CKJLikeQRCell.h */,
			);
			path = OtherCell;
			sourceTree = "<group>";
		};
		46E912742356E0CA003AFFC4 /* 0 */ = {
			isa = PBXGroup;
			children = (
				46E912752356E0CA003AFFC4 /* CKJGeneralCell.m */,
				46E912762356E0CA003AFFC4 /* CKJGeneralCell.h */,
			);
			path = 0;
			sourceTree = "<group>";
		};
		46E912772356E0CA003AFFC4 /* 6 */ = {
			isa = PBXGroup;
			children = (
				46E912782356E0CA003AFFC4 /* CKJEmptyCell.m */,
				46E9127B2356E0CA003AFFC4 /* CKJEmptyCell.h */,
			);
			path = 6;
			sourceTree = "<group>";
		};
		46E9127C2356E0CA003AFFC4 /* 1 */ = {
			isa = PBXGroup;
			children = (
				46E9127D2356E0CA003AFFC4 /* CKJTableViewCell1.m */,
				46E9127F2356E0CA003AFFC4 /* CKJTableViewCell2.m */,
				46E912802356E0CA003AFFC4 /* CKJLeftRightCell.h */,
				46E912812356E0CA003AFFC4 /* CKJTableViewCell1.h */,
				46E912832356E0CA003AFFC4 /* CKJTableViewCell2.h */,
				46E912842356E0CA003AFFC4 /* CKJLeftRightCell.m */,
			);
			path = 1;
			sourceTree = "<group>";
		};
		46E912852356E0CA003AFFC4 /* 4 */ = {
			isa = PBXGroup;
			children = (
				46E9128D2356E0CA003AFFC4 /* CKJBtnsCell1.h */,
				46E912892356E0CA003AFFC4 /* CKJBtnsCell1.m */,
				46E9128C2356E0CA003AFFC4 /* CKJBtnsCell2.h */,
				46E912872356E0CA003AFFC4 /* CKJBtnsCell2.m */,
			);
			path = 4;
			sourceTree = "<group>";
		};
		46E9128E2356E0CA003AFFC4 /* 3 */ = {
			isa = PBXGroup;
			children = (
				46E912902356E0CA003AFFC4 /* CKJPayCell.h */,
				46E912912356E0CA003AFFC4 /* CKJImageLeftCell.m */,
				46E912922356E0CA003AFFC4 /* CKJImageRightCell.m */,
				46E912942356E0CA003AFFC4 /* CKJImageRightCell.h */,
				46E912952356E0CA003AFFC4 /* CKJImageLeftCell.h */,
				46E912962356E0CA003AFFC4 /* CKJPayCell.m */,
			);
			path = 3;
			sourceTree = "<group>";
		};
		46E912972356E0CA003AFFC4 /* 2 */ = {
			isa = PBXGroup;
			children = (
				46E912982356E0CA003AFFC4 /* CKJChooseHelper.h */,
				46E912992356E0CA003AFFC4 /* CKJInputCell.h */,
				46E9129A2356E0CA003AFFC4 /* CKJCell.h */,
				46E9129B2356E0CA003AFFC4 /* CKJInputCell.m */,
				46E9129C2356E0CA003AFFC4 /* CKJChooseHelper.m */,
				46E9129D2356E0CA003AFFC4 /* CKJCell.m */,
			);
			path = 2;
			sourceTree = "<group>";
		};
		46E9129E2356E0CA003AFFC4 /* 5 */ = {
			isa = PBXGroup;
			children = (
				46E9129F2356E0CA003AFFC4 /* CKJScrollViewCell.h */,
				46E912A02356E0CA003AFFC4 /* CKJScrollViewCell.m */,
			);
			path = 5;
			sourceTree = "<group>";
		};
		46E912A12356E0CA003AFFC4 /* HeaderFooter */ = {
			isa = PBXGroup;
			children = (
				46E912A22356E0CA003AFFC4 /* CKJTableViewHeaderFooterEmptyView.m */,
				46E912A32356E0CA003AFFC4 /* CKJCommonTableViewHeaderFooterView.h */,
				46E912A42356E0CA003AFFC4 /* CKJTitleStyleHeaderFooterView.h */,
				46E912A52356E0CA003AFFC4 /* CKJCommonTableViewHeaderFooterView.m */,
				46E912A62356E0CA003AFFC4 /* CKJTableViewHeaderFooterEmptyView.h */,
				46E912A72356E0CA003AFFC4 /* CKJTitleStyleHeaderFooterView.m */,
			);
			path = HeaderFooter;
			sourceTree = "<group>";
		};
		46E912AB2356E0CA003AFFC4 /* Header */ = {
			isa = PBXGroup;
			children = (
				46E912AC2356E0CA003AFFC4 /* KJSupportHeader.m */,
				46E912AD2356E0CA003AFFC4 /* KJSupportHeader.h */,
			);
			path = Header;
			sourceTree = "<group>";
		};
		46E912E12356E0EC003AFFC4 /* Test */ = {
			isa = PBXGroup;
			children = (
				46E912E22356E0EC003AFFC4 /* res */,
				46E912FE2356E0EC003AFFC4 /* M */,
				46E913032356E0EC003AFFC4 /* C */,
				46E9131C2356E0EC003AFFC4 /* V */,
			);
			path = Test;
			sourceTree = "<group>";
		};
		46E912E22356E0EC003AFFC4 /* res */ = {
			isa = PBXGroup;
			children = (
				46E912E32356E0EC003AFFC4 /* zhuyuan出院结算@2x.png */,
				46E912E42356E0EC003AFFC4 /* zhuyuan充值记录@2x.png */,
				46E912E52356E0EC003AFFC4 /* zhuyuan预交金充值@2x.png */,
				46E912E62356E0EC003AFFC4 /* zhuyuan预交金充值@3x.png */,
				46E912E72356E0EC003AFFC4 /* zhuyuan充值记录@3x.png */,
				46E912E82356E0EC003AFFC4 /* wdyhfsdk支付宝.png */,
				46E912E92356E0EC003AFFC4 /* wdyhfsdkright arrow.png */,
				46E912EA2356E0EC003AFFC4 /* zhuyuan出院结算@3x.png */,
				46E912EB2356E0EC003AFFC4 /* wdyhfsdk勾选空.png */,
				46E912EC2356E0EC003AFFC4 /* zhuyuan日清单查询@2x.png */,
				46E912ED2356E0EC003AFFC4 /* wdyhfsdk银联.png */,
				46E912EE2356E0EC003AFFC4 /* zhuyuan历史住院记录@2x.png */,
				46E912EF2356E0EC003AFFC4 /* zhuyuan历史住院记录@3x.png */,
				46E912F02356E0EC003AFFC4 /* wdyhfsdkhospital.png */,
				46E912F12356E0EC003AFFC4 /* yhf通知.png */,
				46E912F22356E0EC003AFFC4 /* wdyhfsdkmark.png */,
				46E912F32356E0EC003AFFC4 /* zhuyuan日清单查询@3x.png */,
				46E912F42356E0EC003AFFC4 /* wdyhfsdk编辑.png */,
				46E912F52356E0EC003AFFC4 /* OldList.geojson */,
				46E912F62356E0EC003AFFC4 /* TETTST.xib */,
				46E912F72356E0EC003AFFC4 /* wdyhfsdk勾选.png */,
				46E912F82356E0EC003AFFC4 /* billList.geojson */,
				46E912F92356E0EC003AFFC4 /* yhf下箭头.png */,
				46E912FA2356E0EC003AFFC4 /* billDetail.geojson */,
				46E912FB2356E0EC003AFFC4 /* touxiang.jpg */,
				46E912FC2356E0EC003AFFC4 /* NewList.geojson */,
				46E912FD2356E0EC003AFFC4 /* wdyhfsdkechat.png */,
			);
			path = res;
			sourceTree = "<group>";
		};
		46E912FE2356E0EC003AFFC4 /* M */ = {
			isa = PBXGroup;
			children = (
				46E912FF2356E0EC003AFFC4 /* WDYHFHospitalItem.h */,
				46E913002356E0EC003AFFC4 /* RJBillDetailModel.h */,
				46E913012356E0EC003AFFC4 /* WDYHFHospitalItem.m */,
				46E913022356E0EC003AFFC4 /* RJBillDetailModel.m */,
			);
			path = M;
			sourceTree = "<group>";
		};
		46E913032356E0EC003AFFC4 /* C */ = {
			isa = PBXGroup;
			children = (
				46E913042356E0EC003AFFC4 /* RJSquareDemo2VC.m */,
				46E913052356E0EC003AFFC4 /* RJSquareDemo1VC.m */,
				46E913062356E0EC003AFFC4 /* RJTestListVC.h */,
				46E913072356E0EC003AFFC4 /* RJInputVC.h */,
				46E913082356E0EC003AFFC4 /* RegisterDemoVC.h */,
				46E913092356E0EC003AFFC4 /* PersonInfoDemoVC.m */,
				46E9130A2356E0EC003AFFC4 /* RJTestResource.m */,
				46E9130B2356E0EC003AFFC4 /* InputDemoVC.h */,
				46E9130C2356E0EC003AFFC4 /* CKJImageLeftRightCellVC.h */,
				46E9130D2356E0EC003AFFC4 /* RJConfigVC.h */,
				46E9130E2356E0EC003AFFC4 /* CKJCellVC.h */,
				46E9130F2356E0EC003AFFC4 /* CKJGeneralCellVC.m */,
				46E913102356E0EC003AFFC4 /* PersonInfoDemoVC.h */,
				46E913112356E0EC003AFFC4 /* RegisterDemoVC.m */,
				46E913122356E0EC003AFFC4 /* RJTestListVC.m */,
				46E913132356E0EC003AFFC4 /* RJInputVC.m */,
				46E913142356E0EC003AFFC4 /* RJSquareDemo1VC.h */,
				46E913152356E0EC003AFFC4 /* RJSquareDemo2VC.h */,
				46E913162356E0EC003AFFC4 /* InputDemoVC.m */,
				46E913172356E0EC003AFFC4 /* RJTestResource.h */,
				46E913182356E0EC003AFFC4 /* RJConfigVC.m */,
				46E913192356E0EC003AFFC4 /* CKJImageLeftRightCellVC.m */,
				46E9131A2356E0EC003AFFC4 /* CKJGeneralCellVC.h */,
				46E9131B2356E0EC003AFFC4 /* CKJCellVC.m */,
			);
			path = C;
			sourceTree = "<group>";
		};
		46E9131C2356E0EC003AFFC4 /* V */ = {
			isa = PBXGroup;
			children = (
				46E9131D2356E0EC003AFFC4 /* RJDemoScrollItemView.h */,
				46E9131E2356E0EC003AFFC4 /* RJDemoExpertItemView.xib */,
				46E9131F2356E0EC003AFFC4 /* RJDemoScrollItemView.xib */,
				46E913202356E0EC003AFFC4 /* RJBillCell.h */,
				46E913212356E0EC003AFFC4 /* SelectDateCell.h */,
				46E913222356E0EC003AFFC4 /* RJDemoExpertItemView.h */,
				46E913232356E0EC003AFFC4 /* RJBillCell.xib */,
				46E913242356E0EC003AFFC4 /* RJDemoScrollItemView.m */,
				46E913252356E0EC003AFFC4 /* RJBillCell.m */,
				46E913262356E0EC003AFFC4 /* RJDemoExpertItemView.m */,
				46E913272356E0EC003AFFC4 /* SelectDateCell.m */,
			);
			path = V;
			sourceTree = "<group>";
		};
		46E913582356E24E003AFFC4 /* OriginProject */ = {
			isa = PBXGroup;
			children = (
				46E913592356E24E003AFFC4 /* RJProjectResorce.m */,
				46E9135A2356E24E003AFFC4 /* RJProjectResorce.h */,
			);
			path = OriginProject;
			sourceTree = "<group>";
		};
		955997D6209AECF900163047 = {
			isa = PBXGroup;
			children = (
				955997E1209AECF900163047 /* KJSupportObjc */,
				955997E0209AECF900163047 /* Products */,
				EF9CF11F1F67D9B57B5D5BA9 /* Pods */,
				DF7898F089E590DF79F7AE31 /* Frameworks */,
			);
			sourceTree = "<group>";
		};
		955997E0209AECF900163047 /* Products */ = {
			isa = PBXGroup;
			children = (
				955997DF209AECF900163047 /* KJSupportObjc.app */,
			);
			name = Products;
			sourceTree = "<group>";
		};
		955997E1209AECF900163047 /* KJSupportObjc */ = {
			isa = PBXGroup;
			children = (
				46E913582356E24E003AFFC4 /* OriginProject */,
				46E912E12356E0EC003AFFC4 /* Test */,
				46E912322356E0C9003AFFC4 /* Objc */,
				168AF97E229ED5AD00619C79 /* 3 */,
				955997E2209AECF900163047 /* AppDelegate.h */,
				955997E3209AECF900163047 /* AppDelegate.m */,
				16B045C420B9378600362478 /* PrefixHeader.pch */,
				1657521720DCD4EB00CB0C8F /* Resource */,
				955997E8209AECF900163047 /* Main.storyboard */,
				955997EB209AECFA00163047 /* Assets.xcassets */,
				955997ED209AECFA00163047 /* LaunchScreen.storyboard */,
				955997F0209AECFA00163047 /* Info.plist */,
				955997F1209AECFA00163047 /* main.m */,
			);
			path = KJSupportObjc;
			sourceTree = "<group>";
		};
		DF7898F089E590DF79F7AE31 /* Frameworks */ = {
			isa = PBXGroup;
			children = (
				A1CC382CDF748F1B8658DC0F /* Pods_KJSupportObjc.framework */,
			);
			name = Frameworks;
			sourceTree = "<group>";
		};
		EF9CF11F1F67D9B57B5D5BA9 /* Pods */ = {
			isa = PBXGroup;
			children = (
				FB4C96EFE39912E2B649CED7 /* Pods-KJSupportObjc.debug.xcconfig */,
				F46A270B9803A4F2C5498136 /* Pods-KJSupportObjc.release.xcconfig */,
			);
			name = Pods;
			sourceTree = "<group>";
		};
/* End PBXGroup section */

/* Begin PBXNativeTarget section */
		955997DE209AECF900163047 /* KJSupportObjc */ = {
			isa = PBXNativeTarget;
			buildConfigurationList = 955997F5209AECFA00163047 /* Build configuration list for PBXNativeTarget "KJSupportObjc" */;
			buildPhases = (
				255220F966E5A40A9C8DF527 /* [CP] Check Pods Manifest.lock */,
				955997DB209AECF900163047 /* Sources */,
				955997DC209AECF900163047 /* Frameworks */,
				955997DD209AECF900163047 /* Resources */,
				B5A9679A5545CAFADE13BE22 /* [CP] Embed Pods Frameworks */,
			);
			buildRules = (
			);
			dependencies = (
			);
			name = KJSupportObjc;
			productName = KJSupportObjc;
			productReference = 955997DF209AECF900163047 /* KJSupportObjc.app */;
			productType = "com.apple.product-type.application";
		};
/* End PBXNativeTarget section */

/* Begin PBXProject section */
		955997D7209AECF900163047 /* Project object */ = {
			isa = PBXProject;
			attributes = {
				LastUpgradeCheck = 0930;
				ORGANIZATIONNAME = uback;
				TargetAttributes = {
					955997DE209AECF900163047 = {
						CreatedOnToolsVersion = 9.3;
						LastSwiftMigration = 0930;
					};
				};
			};
			buildConfigurationList = 955997DA209AECF900163047 /* Build configuration list for PBXProject "KJSupportObjc" */;
			compatibilityVersion = "Xcode 9.3";
			developmentRegion = en;
			hasScannedForEncodings = 0;
			knownRegions = (
				en,
				Base,
			);
			mainGroup = 955997D6209AECF900163047;
			productRefGroup = 955997E0209AECF900163047 /* Products */;
			projectDirPath = "";
			projectRoot = "";
			targets = (
				955997DE209AECF900163047 /* KJSupportObjc */,
			);
		};
/* End PBXProject section */

/* Begin PBXResourcesBuildPhase section */
		955997DD209AECF900163047 /* Resources */ = {
			isa = PBXResourcesBuildPhase;
			buildActionMask = 2147483647;
			files = (
				46E9133C2356E0ED003AFFC4 /* wdyhfsdk勾选.png in Resources */,
				46E9132F2356E0ED003AFFC4 /* zhuyuan出院结算@3x.png in Resources */,
				1657522620DCD4EB00CB0C8F /* 2.png in Resources */,
				1657522420DCD4EB00CB0C8F /* 7.png in Resources */,
				46E9133B2356E0ED003AFFC4 /* TETTST.xib in Resources */,
				46E913362356E0ED003AFFC4 /* yhf通知.png in Resources */,
				46E913352356E0ED003AFFC4 /* wdyhfsdkhospital.png in Resources */,
				46E913332356E0ED003AFFC4 /* zhuyuan历史住院记录@2x.png in Resources */,
				46E913412356E0ED003AFFC4 /* NewList.geojson in Resources */,
				46E913372356E0ED003AFFC4 /* wdyhfsdkmark.png in Resources */,
				46E913532356E0ED003AFFC4 /* RJBillCell.xib in Resources */,
				1657522220DCD4EB00CB0C8F /* 4.png in Resources */,
				46E9133D2356E0ED003AFFC4 /* billList.geojson in Resources */,
				1657522320DCD4EB00CB0C8F /* 5.png in Resources */,
				46E9132C2356E0ED003AFFC4 /* zhuyuan充值记录@3x.png in Resources */,
				1657522120DCD4EB00CB0C8F /* 阿狸.png in Resources */,
				1657522720DCD4EB00CB0C8F /* 3.png in Resources */,
				46E913422356E0ED003AFFC4 /* wdyhfsdkechat.png in Resources */,
				46E913392356E0ED003AFFC4 /* wdyhfsdk编辑.png in Resources */,
				46E9133E2356E0ED003AFFC4 /* yhf下箭头.png in Resources */,
				955997EF209AECFA00163047 /* LaunchScreen.storyboard in Resources */,
				46E912C72356E0CA003AFFC4 /* CKJDemoCell.xib in Resources */,
				955997EC209AECFA00163047 /* Assets.xcassets in Resources */,
				46E913322356E0ED003AFFC4 /* wdyhfsdk银联.png in Resources */,
				46E9132D2356E0ED003AFFC4 /* wdyhfsdk支付宝.png in Resources */,
				46E9132B2356E0ED003AFFC4 /* zhuyuan预交金充值@3x.png in Resources */,
				46E913292356E0ED003AFFC4 /* zhuyuan充值记录@2x.png in Resources */,
				46E913522356E0ED003AFFC4 /* RJDemoScrollItemView.xib in Resources */,
				46E913402356E0ED003AFFC4 /* touxiang.jpg in Resources */,
				46E9132E2356E0ED003AFFC4 /* wdyhfsdkright arrow.png in Resources */,
				1657522920DCD4EB00CB0C8F /* 0.png in Resources */,
				46E913342356E0ED003AFFC4 /* zhuyuan历史住院记录@3x.png in Resources */,
				46E9133A2356E0ED003AFFC4 /* OldList.geojson in Resources */,
				1657522520DCD4EB00CB0C8F /* 6.png in Resources */,
				1657522820DCD4EB00CB0C8F /* 1.png in Resources */,
				46E913382356E0ED003AFFC4 /* zhuyuan日清单查询@3x.png in Resources */,
				46E913312356E0ED003AFFC4 /* zhuyuan日清单查询@2x.png in Resources */,
				46E913282356E0ED003AFFC4 /* zhuyuan出院结算@2x.png in Resources */,
				46E913302356E0ED003AFFC4 /* wdyhfsdk勾选空.png in Resources */,
				46E912DF2356E0CA003AFFC4 /* KJSupportObjc.bundle in Resources */,
				46E913512356E0ED003AFFC4 /* RJDemoExpertItemView.xib in Resources */,
				46E9133F2356E0ED003AFFC4 /* billDetail.geojson in Resources */,
				46E9132A2356E0ED003AFFC4 /* zhuyuan预交金充值@2x.png in Resources */,
				955997EA209AECF900163047 /* Main.storyboard in Resources */,
			);
			runOnlyForDeploymentPostprocessing = 0;
		};
/* End PBXResourcesBuildPhase section */

/* Begin PBXShellScriptBuildPhase section */
		255220F966E5A40A9C8DF527 /* [CP] Check Pods Manifest.lock */ = {
			isa = PBXShellScriptBuildPhase;
			buildActionMask = 2147483647;
			files = (
			);
			inputPaths = (
				"${PODS_PODFILE_DIR_PATH}/Podfile.lock",
				"${PODS_ROOT}/Manifest.lock",
			);
			name = "[CP] Check Pods Manifest.lock";
			outputPaths = (
				"$(DERIVED_FILE_DIR)/Pods-KJSupportObjc-checkManifestLockResult.txt",
			);
			runOnlyForDeploymentPostprocessing = 0;
			shellPath = /bin/sh;
			shellScript = "diff \"${PODS_PODFILE_DIR_PATH}/Podfile.lock\" \"${PODS_ROOT}/Manifest.lock\" > /dev/null\nif [ $? != 0 ] ; then\n    # print error to STDERR\n    echo \"error: The sandbox is not in sync with the Podfile.lock. Run 'pod install' or update your CocoaPods installation.\" >&2\n    exit 1\nfi\n# This output is used by Xcode 'outputs' to avoid re-running this script phase.\necho \"SUCCESS\" > \"${SCRIPT_OUTPUT_FILE_0}\"\n";
			showEnvVarsInLog = 0;
		};
		B5A9679A5545CAFADE13BE22 /* [CP] Embed Pods Frameworks */ = {
			isa = PBXShellScriptBuildPhase;
			buildActionMask = 2147483647;
			files = (
			);
			inputFileListPaths = (
				"${PODS_ROOT}/Target Support Files/Pods-KJSupportObjc/Pods-KJSupportObjc-frameworks-${CONFIGURATION}-input-files.xcfilelist",
			);
			name = "[CP] Embed Pods Frameworks";
			outputFileListPaths = (
				"${PODS_ROOT}/Target Support Files/Pods-KJSupportObjc/Pods-KJSupportObjc-frameworks-${CONFIGURATION}-output-files.xcfilelist",
			);
			runOnlyForDeploymentPostprocessing = 0;
			shellPath = /bin/sh;
			shellScript = "\"${PODS_ROOT}/Target Support Files/Pods-KJSupportObjc/Pods-KJSupportObjc-frameworks.sh\"\n";
			showEnvVarsInLog = 0;
		};
/* End PBXShellScriptBuildPhase section */

/* Begin PBXSourcesBuildPhase section */
		955997DB209AECF900163047 /* Sources */ = {
			isa = PBXSourcesBuildPhase;
			buildActionMask = 2147483647;
			files = (
				46E913562356E0ED003AFFC4 /* RJDemoExpertItemView.m in Sources */,
				46E913472356E0ED003AFFC4 /* PersonInfoDemoVC.m in Sources */,
				46E912DA2356E0CA003AFFC4 /* CKJCell.m in Sources */,
				46E912D52356E0CA003AFFC4 /* CKJImageRightCell.m in Sources */,
				46E912C32356E0CA003AFFC4 /* CKJCommonCellModel.m in Sources */,
				46E912BA2356E0CA003AFFC4 /* CKJXBtnsView.m in Sources */,
				46E912B82356E0CA003AFFC4 /* CKJDatePickerView.m in Sources */,
				46E912DD2356E0CA003AFFC4 /* CKJCommonTableViewHeaderFooterView.m in Sources */,
				46E9134F2356E0ED003AFFC4 /* CKJImageLeftRightCellVC.m in Sources */,
				46E912B52356E0CA003AFFC4 /* CKJBaseModel.m in Sources */,
				164822AB22D613460047C9CF /* MBProgressHUD.m in Sources */,
				46E912CE2356E0CA003AFFC4 /* CKJTableViewCell2.m in Sources */,
				46E9134B2356E0ED003AFFC4 /* RJTestListVC.m in Sources */,
				46E912D82356E0CA003AFFC4 /* CKJInputCell.m in Sources */,
				46E912D22356E0CA003AFFC4 /* CKJBtnsCell1.m in Sources */,
				46E912CF2356E0CA003AFFC4 /* CKJLeftRightCell.m in Sources */,
				46E912CC2356E0CA003AFFC4 /* CKJTableViewCell1.m in Sources */,
				46E912BC2356E0CA003AFFC4 /* CKJToolbar.m in Sources */,
				46E913442356E0ED003AFFC4 /* RJBillDetailModel.m in Sources */,
				46E912C52356E0CA003AFFC4 /* CKJCommonHeaderFooterModel.m in Sources */,
				46E912DC2356E0CA003AFFC4 /* CKJTableViewHeaderFooterEmptyView.m in Sources */,
				46E912B12356E0CA003AFFC4 /* CKJBaseViewController.m in Sources */,
				46E913502356E0ED003AFFC4 /* CKJCellVC.m in Sources */,
				46E912BB2356E0CA003AFFC4 /* CKJFiveLabelView.m in Sources */,
				46E912AE2356E0CA003AFFC4 /* NSObject+WDYHFCategory.m in Sources */,
				46E9134D2356E0ED003AFFC4 /* InputDemoVC.m in Sources */,
				46E912D32356E0CA003AFFC4 /* CKJBaseBtnsCell.m in Sources */,
				46E912DE2356E0CA003AFFC4 /* CKJTitleStyleHeaderFooterView.m in Sources */,
				46E912B42356E0CA003AFFC4 /* LightStorageManager.m in Sources */,
				46E912B72356E0CA003AFFC4 /* CKJToolPickerView.m in Sources */,
				46E912D12356E0CA003AFFC4 /* CKJBtnsCell2.m in Sources */,
				46E912C62356E0CA003AFFC4 /* CKJDemoCell.m in Sources */,
				46E912CB2356E0CA003AFFC4 /* CKJCommonTableViewCell.m in Sources */,
				46E912CD2356E0CA003AFFC4 /* CKJBaseTableViewCell.m in Sources */,
				46E912BD2356E0CA003AFFC4 /* CKJPayBottomView.m in Sources */,
				46E912C22356E0CA003AFFC4 /* CKJCommonSectionModel.m in Sources */,
				46E913552356E0ED003AFFC4 /* RJBillCell.m in Sources */,
				46E912DB2356E0CA003AFFC4 /* CKJScrollViewCell.m in Sources */,
				46E912CA2356E0CA003AFFC4 /* CKJEmptyCell.m in Sources */,
				46E912B92356E0CA003AFFC4 /* CKJToolView.m in Sources */,
				46E912D62356E0CA003AFFC4 /* CKJBaseImageLeftRightCell.m in Sources */,
				955997F2209AECFA00163047 /* main.m in Sources */,
				955997E4209AECF900163047 /* AppDelegate.m in Sources */,
				46E9135B2356E24E003AFFC4 /* RJProjectResorce.m in Sources */,
				46E912C82356E0CA003AFFC4 /* CKJLikeQRCell.m in Sources */,
				46E912B62356E0CA003AFFC4 /* CKJPickerView.m in Sources */,
				46E912B32356E0CA003AFFC4 /* CKJRSA.m in Sources */,
				46E912B22356E0CA003AFFC4 /* KJCommonManager.m in Sources */,
				46E912C92356E0CA003AFFC4 /* CKJGeneralCell.m in Sources */,
				46E912BE2356E0CA003AFFC4 /* CKJTableEmptyView.m in Sources */,
				46E913572356E0ED003AFFC4 /* SelectDateCell.m in Sources */,
				46E913542356E0ED003AFFC4 /* RJDemoScrollItemView.m in Sources */,
				46E912D02356E0CA003AFFC4 /* CKJStackCell.m in Sources */,
				46E912BF2356E0CA003AFFC4 /* CKJWorker.m in Sources */,
				46E912B02356E0CA003AFFC4 /* FileManagerTool.m in Sources */,
				46E913482356E0ED003AFFC4 /* RJTestResource.m in Sources */,
				46E912D92356E0CA003AFFC4 /* CKJChooseHelper.m in Sources */,
				46E913492356E0ED003AFFC4 /* CKJGeneralCellVC.m in Sources */,
				46E9134A2356E0ED003AFFC4 /* RegisterDemoVC.m in Sources */,
				46E912D72356E0CA003AFFC4 /* CKJPayCell.m in Sources */,
				46E912C12356E0CA003AFFC4 /* CKJBaseTableViewToolVC.m in Sources */,
				46E912D42356E0CA003AFFC4 /* CKJImageLeftCell.m in Sources */,
				46E913452356E0ED003AFFC4 /* RJSquareDemo2VC.m in Sources */,
				46E912E02356E0CA003AFFC4 /* KJSupportHeader.m in Sources */,
				164822AC22D613460047C9CF /* MBProgressHUD+WJ.m in Sources */,
				46E913462356E0ED003AFFC4 /* RJSquareDemo1VC.m in Sources */,
				46E9134C2356E0ED003AFFC4 /* RJInputVC.m in Sources */,
				46E912AF2356E0CA003AFFC4 /* UIView+CKJDesingable.m in Sources */,
				46E913432356E0ED003AFFC4 /* WDYHFHospitalItem.m in Sources */,
				46E912C42356E0CA003AFFC4 /* CKJSimpleBaseModel.m in Sources */,
				46E912C02356E0CA003AFFC4 /* CKJSimpleTableView.m in Sources */,
				46E9134E2356E0ED003AFFC4 /* RJConfigVC.m in Sources */,
			);
			runOnlyForDeploymentPostprocessing = 0;
		};
/* End PBXSourcesBuildPhase section */

/* Begin PBXVariantGroup section */
		955997E8209AECF900163047 /* Main.storyboard */ = {
			isa = PBXVariantGroup;
			children = (
				955997E9209AECF900163047 /* Base */,
			);
			name = Main.storyboard;
			sourceTree = "<group>";
		};
		955997ED209AECFA00163047 /* LaunchScreen.storyboard */ = {
			isa = PBXVariantGroup;
			children = (
				955997EE209AECFA00163047 /* Base */,
			);
			name = LaunchScreen.storyboard;
			sourceTree = "<group>";
		};
/* End PBXVariantGroup section */

/* Begin XCBuildConfiguration section */
		955997F3209AECFA00163047 /* Debug */ = {
			isa = XCBuildConfiguration;
			buildSettings = {
				ALWAYS_SEARCH_USER_PATHS = NO;
				CLANG_ANALYZER_NONNULL = YES;
				CLANG_ANALYZER_NUMBER_OBJECT_CONVERSION = YES_AGGRESSIVE;
				CLANG_CXX_LANGUAGE_STANDARD = "gnu++14";
				CLANG_CXX_LIBRARY = "libc++";
				CLANG_ENABLE_MODULES = YES;
				CLANG_ENABLE_OBJC_ARC = YES;
				CLANG_ENABLE_OBJC_WEAK = YES;
				CLANG_WARN_BLOCK_CAPTURE_AUTORELEASING = YES;
				CLANG_WARN_BOOL_CONVERSION = YES;
				CLANG_WARN_COMMA = YES;
				CLANG_WARN_CONSTANT_CONVERSION = YES;
				CLANG_WARN_DEPRECATED_OBJC_IMPLEMENTATIONS = YES;
				CLANG_WARN_DIRECT_OBJC_ISA_USAGE = YES_ERROR;
				CLANG_WARN_DOCUMENTATION_COMMENTS = YES;
				CLANG_WARN_EMPTY_BODY = YES;
				CLANG_WARN_ENUM_CONVERSION = YES;
				CLANG_WARN_INFINITE_RECURSION = YES;
				CLANG_WARN_INT_CONVERSION = YES;
				CLANG_WARN_NON_LITERAL_NULL_CONVERSION = YES;
				CLANG_WARN_OBJC_IMPLICIT_RETAIN_SELF = YES;
				CLANG_WARN_OBJC_LITERAL_CONVERSION = YES;
				CLANG_WARN_OBJC_ROOT_CLASS = YES_ERROR;
				CLANG_WARN_RANGE_LOOP_ANALYSIS = YES;
				CLANG_WARN_STRICT_PROTOTYPES = YES;
				CLANG_WARN_SUSPICIOUS_MOVE = YES;
				CLANG_WARN_UNGUARDED_AVAILABILITY = YES_AGGRESSIVE;
				CLANG_WARN_UNREACHABLE_CODE = YES;
				CLANG_WARN__DUPLICATE_METHOD_MATCH = YES;
				CODE_SIGN_IDENTITY = "iPhone Developer";
				COPY_PHASE_STRIP = NO;
				DEBUG_INFORMATION_FORMAT = dwarf;
				ENABLE_STRICT_OBJC_MSGSEND = YES;
				ENABLE_TESTABILITY = YES;
				GCC_C_LANGUAGE_STANDARD = gnu11;
				GCC_DYNAMIC_NO_PIC = NO;
				GCC_NO_COMMON_BLOCKS = YES;
				GCC_OPTIMIZATION_LEVEL = 0;
				GCC_PREPROCESSOR_DEFINITIONS = (
					"DEBUG=1",
					"$(inherited)",
				);
				GCC_WARN_64_TO_32_BIT_CONVERSION = YES;
				GCC_WARN_ABOUT_RETURN_TYPE = YES_ERROR;
				GCC_WARN_UNDECLARED_SELECTOR = YES;
				GCC_WARN_UNINITIALIZED_AUTOS = YES_AGGRESSIVE;
				GCC_WARN_UNUSED_FUNCTION = YES;
				GCC_WARN_UNUSED_VARIABLE = YES;
				IPHONEOS_DEPLOYMENT_TARGET = 11.3;
				MTL_ENABLE_DEBUG_INFO = YES;
				ONLY_ACTIVE_ARCH = YES;
				SDKROOT = iphoneos;
			};
			name = Debug;
		};
		955997F4209AECFA00163047 /* Release */ = {
			isa = XCBuildConfiguration;
			buildSettings = {
				ALWAYS_SEARCH_USER_PATHS = NO;
				CLANG_ANALYZER_NONNULL = YES;
				CLANG_ANALYZER_NUMBER_OBJECT_CONVERSION = YES_AGGRESSIVE;
				CLANG_CXX_LANGUAGE_STANDARD = "gnu++14";
				CLANG_CXX_LIBRARY = "libc++";
				CLANG_ENABLE_MODULES = YES;
				CLANG_ENABLE_OBJC_ARC = YES;
				CLANG_ENABLE_OBJC_WEAK = YES;
				CLANG_WARN_BLOCK_CAPTURE_AUTORELEASING = YES;
				CLANG_WARN_BOOL_CONVERSION = YES;
				CLANG_WARN_COMMA = YES;
				CLANG_WARN_CONSTANT_CONVERSION = YES;
				CLANG_WARN_DEPRECATED_OBJC_IMPLEMENTATIONS = YES;
				CLANG_WARN_DIRECT_OBJC_ISA_USAGE = YES_ERROR;
				CLANG_WARN_DOCUMENTATION_COMMENTS = YES;
				CLANG_WARN_EMPTY_BODY = YES;
				CLANG_WARN_ENUM_CONVERSION = YES;
				CLANG_WARN_INFINITE_RECURSION = YES;
				CLANG_WARN_INT_CONVERSION = YES;
				CLANG_WARN_NON_LITERAL_NULL_CONVERSION = YES;
				CLANG_WARN_OBJC_IMPLICIT_RETAIN_SELF = YES;
				CLANG_WARN_OBJC_LITERAL_CONVERSION = YES;
				CLANG_WARN_OBJC_ROOT_CLASS = YES_ERROR;
				CLANG_WARN_RANGE_LOOP_ANALYSIS = YES;
				CLANG_WARN_STRICT_PROTOTYPES = YES;
				CLANG_WARN_SUSPICIOUS_MOVE = YES;
				CLANG_WARN_UNGUARDED_AVAILABILITY = YES_AGGRESSIVE;
				CLANG_WARN_UNREACHABLE_CODE = YES;
				CLANG_WARN__DUPLICATE_METHOD_MATCH = YES;
				CODE_SIGN_IDENTITY = "iPhone Developer";
				COPY_PHASE_STRIP = NO;
				DEBUG_INFORMATION_FORMAT = "dwarf-with-dsym";
				ENABLE_NS_ASSERTIONS = NO;
				ENABLE_STRICT_OBJC_MSGSEND = YES;
				GCC_C_LANGUAGE_STANDARD = gnu11;
				GCC_NO_COMMON_BLOCKS = YES;
				GCC_WARN_64_TO_32_BIT_CONVERSION = YES;
				GCC_WARN_ABOUT_RETURN_TYPE = YES_ERROR;
				GCC_WARN_UNDECLARED_SELECTOR = YES;
				GCC_WARN_UNINITIALIZED_AUTOS = YES_AGGRESSIVE;
				GCC_WARN_UNUSED_FUNCTION = YES;
				GCC_WARN_UNUSED_VARIABLE = YES;
				IPHONEOS_DEPLOYMENT_TARGET = 11.3;
				MTL_ENABLE_DEBUG_INFO = NO;
				SDKROOT = iphoneos;
				VALIDATE_PRODUCT = YES;
			};
			name = Release;
		};
		955997F6209AECFA00163047 /* Debug */ = {
			isa = XCBuildConfiguration;
			baseConfigurationReference = FB4C96EFE39912E2B649CED7 /* Pods-KJSupportObjc.debug.xcconfig */;
			buildSettings = {
				ASSETCATALOG_COMPILER_APPICON_NAME = AppIcon;
				CLANG_ENABLE_MODULES = YES;
				CODE_SIGN_IDENTITY = "Apple Development";
				CODE_SIGN_STYLE = Automatic;
				DEVELOPMENT_TEAM = WVQHB48696;
				ENABLE_STRICT_OBJC_MSGSEND = NO;
				GCC_PREFIX_HEADER = "$(SRCROOT)/KJSupportObjc/PrefixHeader.pch";
				INFOPLIST_FILE = KJSupportObjc/Info.plist;
				IPHONEOS_DEPLOYMENT_TARGET = 10.0;
				LD_RUNPATH_SEARCH_PATHS = (
					"$(inherited)",
					"@executable_path/Frameworks",
				);
				PRODUCT_BUNDLE_IDENTIFIER = com.ckj;
				PRODUCT_NAME = "$(TARGET_NAME)";
				PROVISIONING_PROFILE_SPECIFIER = "";
				SWIFT_OBJC_BRIDGING_HEADER = "KJSupportObjc/Swift/KJSupportObjc-Bridging-Header.h";
				SWIFT_OPTIMIZATION_LEVEL = "-Onone";
				SWIFT_VERSION = 3.0;
				TARGETED_DEVICE_FAMILY = "1,2";
			};
			name = Debug;
		};
		955997F7209AECFA00163047 /* Release */ = {
			isa = XCBuildConfiguration;
			baseConfigurationReference = F46A270B9803A4F2C5498136 /* Pods-KJSupportObjc.release.xcconfig */;
			buildSettings = {
				ASSETCATALOG_COMPILER_APPICON_NAME = AppIcon;
				CLANG_ENABLE_MODULES = YES;
				CODE_SIGN_IDENTITY = "Apple Development";
				CODE_SIGN_STYLE = Automatic;
				DEVELOPMENT_TEAM = WVQHB48696;
				ENABLE_STRICT_OBJC_MSGSEND = NO;
				GCC_PREFIX_HEADER = "$(SRCROOT)/KJSupportObjc/PrefixHeader.pch";
				INFOPLIST_FILE = KJSupportObjc/Info.plist;
				IPHONEOS_DEPLOYMENT_TARGET = 10.0;
				LD_RUNPATH_SEARCH_PATHS = (
					"$(inherited)",
					"@executable_path/Frameworks",
				);
				PRODUCT_BUNDLE_IDENTIFIER = com.ckj;
				PRODUCT_NAME = "$(TARGET_NAME)";
				PROVISIONING_PROFILE_SPECIFIER = "";
				SWIFT_OBJC_BRIDGING_HEADER = "KJSupportObjc/Swift/KJSupportObjc-Bridging-Header.h";
				SWIFT_VERSION = 3.0;
				TARGETED_DEVICE_FAMILY = "1,2";
			};
			name = Release;
		};
/* End XCBuildConfiguration section */

/* Begin XCConfigurationList section */
		955997DA209AECF900163047 /* Build configuration list for PBXProject "KJSupportObjc" */ = {
			isa = XCConfigurationList;
			buildConfigurations = (
				955997F3209AECFA00163047 /* Debug */,
				955997F4209AECFA00163047 /* Release */,
			);
			defaultConfigurationIsVisible = 0;
			defaultConfigurationName = Release;
		};
		955997F5209AECFA00163047 /* Build configuration list for PBXNativeTarget "KJSupportObjc" */ = {
			isa = XCConfigurationList;
			buildConfigurations = (
				955997F6209AECFA00163047 /* Debug */,
				955997F7209AECFA00163047 /* Release */,
			);
			defaultConfigurationIsVisible = 0;
			defaultConfigurationName = Release;
		};
/* End XCConfigurationList section */
	};
	rootObject = 955997D7209AECF900163047 /* Project object */;
}
