// !$*UTF8*$!
{
	archiveVersion = 1;
	classes = {
	};
	objectVersion = 50;
	objects = {

/* Begin PBXBuildFile section */
		1657522120DCD4EB00CB0C8F /* 阿狸.png in Resources */ = {isa = PBXBuildFile; fileRef = 1657521820DCD4EB00CB0C8F /* 阿狸.png */; };
		1657522220DCD4EB00CB0C8F /* 4.png in Resources */ = {isa = PBXBuildFile; fileRef = 1657521920DCD4EB00CB0C8F /* 4.png */; };
		1657522320DCD4EB00CB0C8F /* 5.png in Resources */ = {isa = PBXBuildFile; fileRef = 1657521A20DCD4EB00CB0C8F /* 5.png */; };
		1657522420DCD4EB00CB0C8F /* 7.png in Resources */ = {isa = PBXBuildFile; fileRef = 1657521B20DCD4EB00CB0C8F /* 7.png */; };
		1657522520DCD4EB00CB0C8F /* 6.png in Resources */ = {isa = PBXBuildFile; fileRef = 1657521C20DCD4EB00CB0C8F /* 6.png */; };
		1657522620DCD4EB00CB0C8F /* 2.png in Resources */ = {isa = PBXBuildFile; fileRef = 1657521D20DCD4EB00CB0C8F /* 2.png */; };
		1657522720DCD4EB00CB0C8F /* 3.png in Resources */ = {isa = PBXBuildFile; fileRef = 1657521E20DCD4EB00CB0C8F /* 3.png */; };
		1657522820DCD4EB00CB0C8F /* 1.png in Resources */ = {isa = PBXBuildFile; fileRef = 1657521F20DCD4EB00CB0C8F /* 1.png */; };
		1657522920DCD4EB00CB0C8F /* 0.png in Resources */ = {isa = PBXBuildFile; fileRef = 1657522020DCD4EB00CB0C8F /* 0.png */; };
		1688C3DA228C526B001594EF /* CKJPickerView.m in Sources */ = {isa = PBXBuildFile; fileRef = 1688C369228C526A001594EF /* CKJPickerView.m */; };
		1688C3DB228C526B001594EF /* CKJToolPickerView.m in Sources */ = {isa = PBXBuildFile; fileRef = 1688C36A228C526A001594EF /* CKJToolPickerView.m */; };
		1688C3DC228C526B001594EF /* CKJDatePickerView.m in Sources */ = {isa = PBXBuildFile; fileRef = 1688C36B228C526A001594EF /* CKJDatePickerView.m */; };
		1688C3DD228C526B001594EF /* CKJToolView.m in Sources */ = {isa = PBXBuildFile; fileRef = 1688C36C228C526A001594EF /* CKJToolView.m */; };
		1688C3DE228C526B001594EF /* CKJToolbar.m in Sources */ = {isa = PBXBuildFile; fileRef = 1688C372228C526A001594EF /* CKJToolbar.m */; };
		1688C3DF228C526C001594EF /* CKJPayBottomView.m in Sources */ = {isa = PBXBuildFile; fileRef = 1688C373228C526A001594EF /* CKJPayBottomView.m */; };
		1688C3E0228C526C001594EF /* CKJExtraView.m in Sources */ = {isa = PBXBuildFile; fileRef = 1688C374228C526A001594EF /* CKJExtraView.m */; };
		1688C3E1228C526C001594EF /* CKJWorker.m in Sources */ = {isa = PBXBuildFile; fileRef = 1688C377228C526A001594EF /* CKJWorker.m */; };
		1688C3E2228C526C001594EF /* CKJSimpleTableView.m in Sources */ = {isa = PBXBuildFile; fileRef = 1688C378228C526A001594EF /* CKJSimpleTableView.m */; };
		1688C3E3228C526C001594EF /* CKJBaseTableViewToolVC.m in Sources */ = {isa = PBXBuildFile; fileRef = 1688C37A228C526A001594EF /* CKJBaseTableViewToolVC.m */; };
		1688C3E4228C526C001594EF /* CKJCommonSectionModel.m in Sources */ = {isa = PBXBuildFile; fileRef = 1688C37E228C526A001594EF /* CKJCommonSectionModel.m */; };
		1688C3E5228C526C001594EF /* CKJCommonCellModel.m in Sources */ = {isa = PBXBuildFile; fileRef = 1688C37F228C526A001594EF /* CKJCommonCellModel.m */; };
		1688C3E6228C526C001594EF /* CKJCommonHeaderFooterModel.m in Sources */ = {isa = PBXBuildFile; fileRef = 1688C382228C526A001594EF /* CKJCommonHeaderFooterModel.m */; };
		1688C3E7228C526C001594EF /* CKJDemoCell.m in Sources */ = {isa = PBXBuildFile; fileRef = 1688C386228C526A001594EF /* CKJDemoCell.m */; };
		1688C3E8228C526C001594EF /* CKJDemoCell.xib in Resources */ = {isa = PBXBuildFile; fileRef = 1688C387228C526A001594EF /* CKJDemoCell.xib */; };
		1688C3E9228C526C001594EF /* CKJStackCell.m in Sources */ = {isa = PBXBuildFile; fileRef = 1688C38A228C526A001594EF /* CKJStackCell.m */; };
		1688C3EA228C526C001594EF /* CKJFunctionCell.m in Sources */ = {isa = PBXBuildFile; fileRef = 1688C38D228C526A001594EF /* CKJFunctionCell.m */; };
		1688C3EB228C526C001594EF /* CKJTableViewCell2.m in Sources */ = {isa = PBXBuildFile; fileRef = 1688C38F228C526A001594EF /* CKJTableViewCell2.m */; };
		1688C3EC228C526C001594EF /* CKJFiveCell.m in Sources */ = {isa = PBXBuildFile; fileRef = 1688C390228C526A001594EF /* CKJFiveCell.m */; };
		1688C3ED228C526C001594EF /* CKJEmptyCell.m in Sources */ = {isa = PBXBuildFile; fileRef = 1688C391228C526A001594EF /* CKJEmptyCell.m */; };
		1688C3EE228C526C001594EF /* CKJBaseFunctionCell.m in Sources */ = {isa = PBXBuildFile; fileRef = 1688C396228C526A001594EF /* CKJBaseFunctionCell.m */; };
		1688C3EF228C526C001594EF /* CKJInputCell.m in Sources */ = {isa = PBXBuildFile; fileRef = 1688C398228C526A001594EF /* CKJInputCell.m */; };
		1688C3F0228C526C001594EF /* CKJTableViewCell.m in Sources */ = {isa = PBXBuildFile; fileRef = 1688C39B228C526A001594EF /* CKJTableViewCell.m */; };
		1688C3F1228C526C001594EF /* CKJCommonTableViewCell.m in Sources */ = {isa = PBXBuildFile; fileRef = 1688C39D228C526A001594EF /* CKJCommonTableViewCell.m */; };
		1688C3F2228C526C001594EF /* CKJCell.m in Sources */ = {isa = PBXBuildFile; fileRef = 1688C39E228C526A001594EF /* CKJCell.m */; };
		1688C3F3228C526C001594EF /* CKJLeftRightCell.m in Sources */ = {isa = PBXBuildFile; fileRef = 1688C39F228C526A001594EF /* CKJLeftRightCell.m */; };
		1688C3F4228C526C001594EF /* CKJRadioCell.m in Sources */ = {isa = PBXBuildFile; fileRef = 1688C3A0228C526A001594EF /* CKJRadioCell.m */; };
		1688C3F5228C526C001594EF /* CKJTableViewHeaderFooterEmptyView.m in Sources */ = {isa = PBXBuildFile; fileRef = 1688C3A3228C526A001594EF /* CKJTableViewHeaderFooterEmptyView.m */; };
		1688C3F6228C526C001594EF /* CKJCommonTableViewHeaderFooterView.m in Sources */ = {isa = PBXBuildFile; fileRef = 1688C3A6228C526A001594EF /* CKJCommonTableViewHeaderFooterView.m */; };
		1688C3F7228C526C001594EF /* CKJTitleStyleHeaderFooterView.m in Sources */ = {isa = PBXBuildFile; fileRef = 1688C3A8228C526A001594EF /* CKJTitleStyleHeaderFooterView.m */; };
		1688C3F8228C526C001594EF /* CKJTableEmptyView.m in Sources */ = {isa = PBXBuildFile; fileRef = 1688C3AB228C526A001594EF /* CKJTableEmptyView.m */; };
		1688C3F9228C526C001594EF /* FileManagerTool.m in Sources */ = {isa = PBXBuildFile; fileRef = 1688C3B0228C526B001594EF /* FileManagerTool.m */; };
		1688C3FA228C526C001594EF /* CKJBaseViewController.m in Sources */ = {isa = PBXBuildFile; fileRef = 1688C3B1228C526B001594EF /* CKJBaseViewController.m */; };
		1688C3FB228C526C001594EF /* KJCommonManager.m in Sources */ = {isa = PBXBuildFile; fileRef = 1688C3B2228C526B001594EF /* KJCommonManager.m */; };
		1688C3FC228C526C001594EF /* LightStorageManager.m in Sources */ = {isa = PBXBuildFile; fileRef = 1688C3B8228C526B001594EF /* LightStorageManager.m */; };
		1688C3FD228C526C001594EF /* LBXPermissionMicrophone.m in Sources */ = {isa = PBXBuildFile; fileRef = 1688C3BA228C526B001594EF /* LBXPermissionMicrophone.m */; };
		1688C3FE228C526C001594EF /* LBXPermissionCalendar.m in Sources */ = {isa = PBXBuildFile; fileRef = 1688C3BB228C526B001594EF /* LBXPermissionCalendar.m */; };
		1688C3FF228C526C001594EF /* LBXPermissionNet.m in Sources */ = {isa = PBXBuildFile; fileRef = 1688C3BF228C526B001594EF /* LBXPermissionNet.m */; };
		1688C400228C526C001594EF /* NetReachability.m in Sources */ = {isa = PBXBuildFile; fileRef = 1688C3C0228C526B001594EF /* NetReachability.m */; };
		1688C401228C526C001594EF /* LBXPermissionData.m in Sources */ = {isa = PBXBuildFile; fileRef = 1688C3C2228C526B001594EF /* LBXPermissionData.m */; };
		1688C402228C526C001594EF /* LBXPermissionReminders.m in Sources */ = {isa = PBXBuildFile; fileRef = 1688C3C3228C526B001594EF /* LBXPermissionReminders.m */; };
		1688C403228C526C001594EF /* LBXPermissionHealth.m in Sources */ = {isa = PBXBuildFile; fileRef = 1688C3C4228C526B001594EF /* LBXPermissionHealth.m */; };
		1688C404228C526C001594EF /* LBXPermissionSetting.m in Sources */ = {isa = PBXBuildFile; fileRef = 1688C3C5228C526B001594EF /* LBXPermissionSetting.m */; };
		1688C405228C526C001594EF /* LBXPermissionPhotos.m in Sources */ = {isa = PBXBuildFile; fileRef = 1688C3C6228C526B001594EF /* LBXPermissionPhotos.m */; };
		1688C406228C526C001594EF /* LBXPermissionLocation.m in Sources */ = {isa = PBXBuildFile; fileRef = 1688C3C9228C526B001594EF /* LBXPermissionLocation.m */; };
		1688C407228C526C001594EF /* LBXPermissionContacts.m in Sources */ = {isa = PBXBuildFile; fileRef = 1688C3CB228C526B001594EF /* LBXPermissionContacts.m */; };
		1688C408228C526C001594EF /* LBXPermissionCamera.m in Sources */ = {isa = PBXBuildFile; fileRef = 1688C3CC228C526B001594EF /* LBXPermissionCamera.m */; };
		1688C409228C526C001594EF /* LBXPermission.m in Sources */ = {isa = PBXBuildFile; fileRef = 1688C3CF228C526B001594EF /* LBXPermission.m */; };
		1688C40A228C526C001594EF /* CKJBaseModel.m in Sources */ = {isa = PBXBuildFile; fileRef = 1688C3D4228C526B001594EF /* CKJBaseModel.m */; };
		1688C40B228C526C001594EF /* NSObject+WDYHFCategory.m in Sources */ = {isa = PBXBuildFile; fileRef = 1688C3D6228C526B001594EF /* NSObject+WDYHFCategory.m */; };
		1688C40C228C526C001594EF /* UIView+CKJDesingable.m in Sources */ = {isa = PBXBuildFile; fileRef = 1688C3D9228C526B001594EF /* UIView+CKJDesingable.m */; };
		1688C43B228C5286001594EF /* zhuyuan出院结算@2x.png in Resources */ = {isa = PBXBuildFile; fileRef = 1688C40F228C5286001594EF /* zhuyuan出院结算@2x.png */; };
		1688C43C228C5286001594EF /* billList.geojson in Resources */ = {isa = PBXBuildFile; fileRef = 1688C412228C5286001594EF /* billList.geojson */; };
		1688C43D228C5286001594EF /* billDetail.geojson in Resources */ = {isa = PBXBuildFile; fileRef = 1688C413228C5286001594EF /* billDetail.geojson */; };
		1688C43E228C5286001594EF /* zhuyuan充值记录@2x.png in Resources */ = {isa = PBXBuildFile; fileRef = 1688C414228C5286001594EF /* zhuyuan充值记录@2x.png */; };
		1688C43F228C5286001594EF /* zhuyuan预交金充值@2x.png in Resources */ = {isa = PBXBuildFile; fileRef = 1688C415228C5286001594EF /* zhuyuan预交金充值@2x.png */; };
		1688C440228C5286001594EF /* zhuyuan预交金充值@3x.png in Resources */ = {isa = PBXBuildFile; fileRef = 1688C416228C5286001594EF /* zhuyuan预交金充值@3x.png */; };
		1688C441228C5286001594EF /* zhuyuan充值记录@3x.png in Resources */ = {isa = PBXBuildFile; fileRef = 1688C418228C5286001594EF /* zhuyuan充值记录@3x.png */; };
		1688C442228C5286001594EF /* wdyhfsdk支付宝.png in Resources */ = {isa = PBXBuildFile; fileRef = 1688C419228C5286001594EF /* wdyhfsdk支付宝.png */; };
		1688C443228C5286001594EF /* wdyhfsdkright arrow.png in Resources */ = {isa = PBXBuildFile; fileRef = 1688C41A228C5286001594EF /* wdyhfsdkright arrow.png */; };
		1688C444228C5286001594EF /* zhuyuan出院结算@3x.png in Resources */ = {isa = PBXBuildFile; fileRef = 1688C41B228C5286001594EF /* zhuyuan出院结算@3x.png */; };
		1688C445228C5286001594EF /* wdyhfsdk勾选空.png in Resources */ = {isa = PBXBuildFile; fileRef = 1688C41D228C5286001594EF /* wdyhfsdk勾选空.png */; };
		1688C446228C5286001594EF /* zhuyuan日清单查询@2x.png in Resources */ = {isa = PBXBuildFile; fileRef = 1688C41E228C5286001594EF /* zhuyuan日清单查询@2x.png */; };
		1688C447228C5286001594EF /* wdyhfsdk银联.png in Resources */ = {isa = PBXBuildFile; fileRef = 1688C422228C5286001594EF /* wdyhfsdk银联.png */; };
		1688C448228C5286001594EF /* zhuyuan历史住院记录@2x.png in Resources */ = {isa = PBXBuildFile; fileRef = 1688C423228C5286001594EF /* zhuyuan历史住院记录@2x.png */; };
		1688C449228C5286001594EF /* zhuyuan历史住院记录@3x.png in Resources */ = {isa = PBXBuildFile; fileRef = 1688C425228C5286001594EF /* zhuyuan历史住院记录@3x.png */; };
		1688C44A228C5286001594EF /* wdyhfsdkhospital.png in Resources */ = {isa = PBXBuildFile; fileRef = 1688C427228C5286001594EF /* wdyhfsdkhospital.png */; };
		1688C44B228C5286001594EF /* yhf通知.png in Resources */ = {isa = PBXBuildFile; fileRef = 1688C428228C5286001594EF /* yhf通知.png */; };
		1688C44C228C5286001594EF /* wdyhfsdkmark.png in Resources */ = {isa = PBXBuildFile; fileRef = 1688C429228C5286001594EF /* wdyhfsdkmark.png */; };
		1688C44D228C5286001594EF /* zhuyuan日清单查询@3x.png in Resources */ = {isa = PBXBuildFile; fileRef = 1688C42A228C5286001594EF /* zhuyuan日清单查询@3x.png */; };
		1688C44E228C5286001594EF /* RJTestListVC.m in Sources */ = {isa = PBXBuildFile; fileRef = 1688C42B228C5286001594EF /* RJTestListVC.m */; };
		1688C44F228C5286001594EF /* wdyhfsdk编辑.png in Resources */ = {isa = PBXBuildFile; fileRef = 1688C42C228C5286001594EF /* wdyhfsdk编辑.png */; };
		1688C450228C5286001594EF /* RJBillCell.xib in Resources */ = {isa = PBXBuildFile; fileRef = 1688C42D228C5286001594EF /* RJBillCell.xib */; };
		1688C451228C5286001594EF /* WDYHFHospitalItem.m in Sources */ = {isa = PBXBuildFile; fileRef = 1688C42E228C5286001594EF /* WDYHFHospitalItem.m */; };
		1688C452228C5286001594EF /* RJKJBS.m in Sources */ = {isa = PBXBuildFile; fileRef = 1688C42F228C5286001594EF /* RJKJBS.m */; };
		1688C453228C5286001594EF /* TETTST.xib in Resources */ = {isa = PBXBuildFile; fileRef = 1688C430228C5286001594EF /* TETTST.xib */; };
		1688C454228C5286001594EF /* wdyhfsdk勾选.png in Resources */ = {isa = PBXBuildFile; fileRef = 1688C431228C5286001594EF /* wdyhfsdk勾选.png */; };
		1688C455228C5286001594EF /* RJBillDetailModel.m in Sources */ = {isa = PBXBuildFile; fileRef = 1688C432228C5286001594EF /* RJBillDetailModel.m */; };
		1688C456228C5286001594EF /* RJConfigVC.m in Sources */ = {isa = PBXBuildFile; fileRef = 1688C433228C5286001594EF /* RJConfigVC.m */; };
		1688C457228C5286001594EF /* yhf下箭头.png in Resources */ = {isa = PBXBuildFile; fileRef = 1688C434228C5286001594EF /* yhf下箭头.png */; };
		1688C458228C5286001594EF /* touxiang.jpg in Resources */ = {isa = PBXBuildFile; fileRef = 1688C435228C5286001594EF /* touxiang.jpg */; };
		1688C459228C5286001594EF /* RJSettingViewController.m in Sources */ = {isa = PBXBuildFile; fileRef = 1688C436228C5286001594EF /* RJSettingViewController.m */; };
		1688C45A228C5286001594EF /* RJBillCell.m in Sources */ = {isa = PBXBuildFile; fileRef = 1688C437228C5286001594EF /* RJBillCell.m */; };
		1688C45B228C5286001594EF /* RJBindCardVC.m in Sources */ = {isa = PBXBuildFile; fileRef = 1688C438228C5286001594EF /* RJBindCardVC.m */; };
		1688C45C228C5286001594EF /* wdyhfsdkechat.png in Resources */ = {isa = PBXBuildFile; fileRef = 1688C439228C5286001594EF /* wdyhfsdkechat.png */; };
		1688C45D228C5286001594EF /* SelectDateCell.m in Sources */ = {isa = PBXBuildFile; fileRef = 1688C43A228C5286001594EF /* SelectDateCell.m */; };
		955997E4209AECF900163047 /* AppDelegate.m in Sources */ = {isa = PBXBuildFile; fileRef = 955997E3209AECF900163047 /* AppDelegate.m */; };
		955997E7209AECF900163047 /* ViewController.m in Sources */ = {isa = PBXBuildFile; fileRef = 955997E6209AECF900163047 /* ViewController.m */; };
		955997EA209AECF900163047 /* Main.storyboard in Resources */ = {isa = PBXBuildFile; fileRef = 955997E8209AECF900163047 /* Main.storyboard */; };
		955997EC209AECFA00163047 /* Assets.xcassets in Resources */ = {isa = PBXBuildFile; fileRef = 955997EB209AECFA00163047 /* Assets.xcassets */; };
		955997EF209AECFA00163047 /* LaunchScreen.storyboard in Resources */ = {isa = PBXBuildFile; fileRef = 955997ED209AECFA00163047 /* LaunchScreen.storyboard */; };
		955997F2209AECFA00163047 /* main.m in Sources */ = {isa = PBXBuildFile; fileRef = 955997F1209AECFA00163047 /* main.m */; };
		CDACA7DBCED5516CB3DEA72F /* Pods_KJSupportObjc.framework in Frameworks */ = {isa = PBXBuildFile; fileRef = A1CC382CDF748F1B8658DC0F /* Pods_KJSupportObjc.framework */; };
/* End PBXBuildFile section */

/* Begin PBXFileReference section */
		1657521820DCD4EB00CB0C8F /* 阿狸.png */ = {isa = PBXFileReference; lastKnownFileType = image.png; path = "阿狸.png"; sourceTree = "<group>"; };
		1657521920DCD4EB00CB0C8F /* 4.png */ = {isa = PBXFileReference; lastKnownFileType = image.png; path = 4.png; sourceTree = "<group>"; };
		1657521A20DCD4EB00CB0C8F /* 5.png */ = {isa = PBXFileReference; lastKnownFileType = image.png; path = 5.png; sourceTree = "<group>"; };
		1657521B20DCD4EB00CB0C8F /* 7.png */ = {isa = PBXFileReference; lastKnownFileType = image.png; path = 7.png; sourceTree = "<group>"; };
		1657521C20DCD4EB00CB0C8F /* 6.png */ = {isa = PBXFileReference; lastKnownFileType = image.png; path = 6.png; sourceTree = "<group>"; };
		1657521D20DCD4EB00CB0C8F /* 2.png */ = {isa = PBXFileReference; lastKnownFileType = image.png; path = 2.png; sourceTree = "<group>"; };
		1657521E20DCD4EB00CB0C8F /* 3.png */ = {isa = PBXFileReference; lastKnownFileType = image.png; path = 3.png; sourceTree = "<group>"; };
		1657521F20DCD4EB00CB0C8F /* 1.png */ = {isa = PBXFileReference; lastKnownFileType = image.png; path = 1.png; sourceTree = "<group>"; };
		1657522020DCD4EB00CB0C8F /* 0.png */ = {isa = PBXFileReference; lastKnownFileType = image.png; path = 0.png; sourceTree = "<group>"; };
		1688C368228C526A001594EF /* CKJToolView.h */ = {isa = PBXFileReference; fileEncoding = 4; lastKnownFileType = sourcecode.c.h; path = CKJToolView.h; sourceTree = "<group>"; };
		1688C369228C526A001594EF /* CKJPickerView.m */ = {isa = PBXFileReference; fileEncoding = 4; lastKnownFileType = sourcecode.c.objc; path = CKJPickerView.m; sourceTree = "<group>"; };
		1688C36A228C526A001594EF /* CKJToolPickerView.m */ = {isa = PBXFileReference; fileEncoding = 4; lastKnownFileType = sourcecode.c.objc; path = CKJToolPickerView.m; sourceTree = "<group>"; };
		1688C36B228C526A001594EF /* CKJDatePickerView.m */ = {isa = PBXFileReference; fileEncoding = 4; lastKnownFileType = sourcecode.c.objc; path = CKJDatePickerView.m; sourceTree = "<group>"; };
		1688C36C228C526A001594EF /* CKJToolView.m */ = {isa = PBXFileReference; fileEncoding = 4; lastKnownFileType = sourcecode.c.objc; path = CKJToolView.m; sourceTree = "<group>"; };
		1688C36D228C526A001594EF /* CKJPickerView.h */ = {isa = PBXFileReference; fileEncoding = 4; lastKnownFileType = sourcecode.c.h; path = CKJPickerView.h; sourceTree = "<group>"; };
		1688C36E228C526A001594EF /* CKJDatePickerView.h */ = {isa = PBXFileReference; fileEncoding = 4; lastKnownFileType = sourcecode.c.h; path = CKJDatePickerView.h; sourceTree = "<group>"; };
		1688C36F228C526A001594EF /* CKJToolPickerView.h */ = {isa = PBXFileReference; fileEncoding = 4; lastKnownFileType = sourcecode.c.h; path = CKJToolPickerView.h; sourceTree = "<group>"; };
		1688C370228C526A001594EF /* CKJExtraView.h */ = {isa = PBXFileReference; fileEncoding = 4; lastKnownFileType = sourcecode.c.h; path = CKJExtraView.h; sourceTree = "<group>"; };
		1688C371228C526A001594EF /* CKJTableEmptyView.h */ = {isa = PBXFileReference; fileEncoding = 4; lastKnownFileType = sourcecode.c.h; path = CKJTableEmptyView.h; sourceTree = "<group>"; };
		1688C372228C526A001594EF /* CKJToolbar.m */ = {isa = PBXFileReference; fileEncoding = 4; lastKnownFileType = sourcecode.c.objc; path = CKJToolbar.m; sourceTree = "<group>"; };
		1688C373228C526A001594EF /* CKJPayBottomView.m */ = {isa = PBXFileReference; fileEncoding = 4; lastKnownFileType = sourcecode.c.objc; path = CKJPayBottomView.m; sourceTree = "<group>"; };
		1688C374228C526A001594EF /* CKJExtraView.m */ = {isa = PBXFileReference; fileEncoding = 4; lastKnownFileType = sourcecode.c.objc; path = CKJExtraView.m; sourceTree = "<group>"; };
		1688C376228C526A001594EF /* CKJSimpleTableViewDelegate.h */ = {isa = PBXFileReference; fileEncoding = 4; lastKnownFileType = sourcecode.c.h; path = CKJSimpleTableViewDelegate.h; sourceTree = "<group>"; };
		1688C377228C526A001594EF /* CKJWorker.m */ = {isa = PBXFileReference; fileEncoding = 4; lastKnownFileType = sourcecode.c.objc; path = CKJWorker.m; sourceTree = "<group>"; };
		1688C378228C526A001594EF /* CKJSimpleTableView.m */ = {isa = PBXFileReference; fileEncoding = 4; lastKnownFileType = sourcecode.c.objc; path = CKJSimpleTableView.m; sourceTree = "<group>"; };
		1688C37A228C526A001594EF /* CKJBaseTableViewToolVC.m */ = {isa = PBXFileReference; fileEncoding = 4; lastKnownFileType = sourcecode.c.objc; path = CKJBaseTableViewToolVC.m; sourceTree = "<group>"; };
		1688C37B228C526A001594EF /* CKJBaseTableViewToolVC.h */ = {isa = PBXFileReference; fileEncoding = 4; lastKnownFileType = sourcecode.c.h; path = CKJBaseTableViewToolVC.h; sourceTree = "<group>"; };
		1688C37C228C526A001594EF /* CKJCombineCellProtocol.h */ = {isa = PBXFileReference; fileEncoding = 4; lastKnownFileType = sourcecode.c.h; path = CKJCombineCellProtocol.h; sourceTree = "<group>"; };
		1688C37E228C526A001594EF /* CKJCommonSectionModel.m */ = {isa = PBXFileReference; fileEncoding = 4; lastKnownFileType = sourcecode.c.objc; path = CKJCommonSectionModel.m; sourceTree = "<group>"; };
		1688C37F228C526A001594EF /* CKJCommonCellModel.m */ = {isa = PBXFileReference; fileEncoding = 4; lastKnownFileType = sourcecode.c.objc; path = CKJCommonCellModel.m; sourceTree = "<group>"; };
		1688C380228C526A001594EF /* CKJCommonHeaderFooterModel.h */ = {isa = PBXFileReference; fileEncoding = 4; lastKnownFileType = sourcecode.c.h; path = CKJCommonHeaderFooterModel.h; sourceTree = "<group>"; };
		1688C381228C526A001594EF /* CKJCommonSectionModel.h */ = {isa = PBXFileReference; fileEncoding = 4; lastKnownFileType = sourcecode.c.h; path = CKJCommonSectionModel.h; sourceTree = "<group>"; };
		1688C382228C526A001594EF /* CKJCommonHeaderFooterModel.m */ = {isa = PBXFileReference; fileEncoding = 4; lastKnownFileType = sourcecode.c.objc; path = CKJCommonHeaderFooterModel.m; sourceTree = "<group>"; };
		1688C383228C526A001594EF /* CKJCommonCellModel.h */ = {isa = PBXFileReference; fileEncoding = 4; lastKnownFileType = sourcecode.c.h; path = CKJCommonCellModel.h; sourceTree = "<group>"; };
		1688C386228C526A001594EF /* CKJDemoCell.m */ = {isa = PBXFileReference; fileEncoding = 4; lastKnownFileType = sourcecode.c.objc; path = CKJDemoCell.m; sourceTree = "<group>"; };
		1688C387228C526A001594EF /* CKJDemoCell.xib */ = {isa = PBXFileReference; fileEncoding = 4; lastKnownFileType = file.xib; path = CKJDemoCell.xib; sourceTree = "<group>"; };
		1688C388228C526A001594EF /* CKJDemoCell.h */ = {isa = PBXFileReference; fileEncoding = 4; lastKnownFileType = sourcecode.c.h; path = CKJDemoCell.h; sourceTree = "<group>"; };
		1688C38A228C526A001594EF /* CKJStackCell.m */ = {isa = PBXFileReference; fileEncoding = 4; lastKnownFileType = sourcecode.c.objc; path = CKJStackCell.m; sourceTree = "<group>"; };
		1688C38B228C526A001594EF /* CKJBaseFunctionCell.h */ = {isa = PBXFileReference; fileEncoding = 4; lastKnownFileType = sourcecode.c.h; path = CKJBaseFunctionCell.h; sourceTree = "<group>"; };
		1688C38C228C526A001594EF /* CKJInputCell.h */ = {isa = PBXFileReference; fileEncoding = 4; lastKnownFileType = sourcecode.c.h; path = CKJInputCell.h; sourceTree = "<group>"; };
		1688C38D228C526A001594EF /* CKJFunctionCell.m */ = {isa = PBXFileReference; fileEncoding = 4; lastKnownFileType = sourcecode.c.objc; path = CKJFunctionCell.m; sourceTree = "<group>"; };
		1688C38E228C526A001594EF /* CKJTableViewCell.h */ = {isa = PBXFileReference; fileEncoding = 4; lastKnownFileType = sourcecode.c.h; path = CKJTableViewCell.h; sourceTree = "<group>"; };
		1688C38F228C526A001594EF /* CKJTableViewCell2.m */ = {isa = PBXFileReference; fileEncoding = 4; lastKnownFileType = sourcecode.c.objc; path = CKJTableViewCell2.m; sourceTree = "<group>"; };
		1688C390228C526A001594EF /* CKJFiveCell.m */ = {isa = PBXFileReference; fileEncoding = 4; lastKnownFileType = sourcecode.c.objc; path = CKJFiveCell.m; sourceTree = "<group>"; };
		1688C391228C526A001594EF /* CKJEmptyCell.m */ = {isa = PBXFileReference; fileEncoding = 4; lastKnownFileType = sourcecode.c.objc; path = CKJEmptyCell.m; sourceTree = "<group>"; };
		1688C392228C526A001594EF /* CKJLeftRightCell.h */ = {isa = PBXFileReference; fileEncoding = 4; lastKnownFileType = sourcecode.c.h; path = CKJLeftRightCell.h; sourceTree = "<group>"; };
		1688C393228C526A001594EF /* CKJCell.h */ = {isa = PBXFileReference; fileEncoding = 4; lastKnownFileType = sourcecode.c.h; path = CKJCell.h; sourceTree = "<group>"; };
		1688C394228C526A001594EF /* CKJRadioCell.h */ = {isa = PBXFileReference; fileEncoding = 4; lastKnownFileType = sourcecode.c.h; path = CKJRadioCell.h; sourceTree = "<group>"; };
		1688C395228C526A001594EF /* CKJCommonTableViewCell.h */ = {isa = PBXFileReference; fileEncoding = 4; lastKnownFileType = sourcecode.c.h; path = CKJCommonTableViewCell.h; sourceTree = "<group>"; };
		1688C396228C526A001594EF /* CKJBaseFunctionCell.m */ = {isa = PBXFileReference; fileEncoding = 4; lastKnownFileType = sourcecode.c.objc; path = CKJBaseFunctionCell.m; sourceTree = "<group>"; };
		1688C397228C526A001594EF /* CKJStackCell.h */ = {isa = PBXFileReference; fileEncoding = 4; lastKnownFileType = sourcecode.c.h; path = CKJStackCell.h; sourceTree = "<group>"; };
		1688C398228C526A001594EF /* CKJInputCell.m */ = {isa = PBXFileReference; fileEncoding = 4; lastKnownFileType = sourcecode.c.objc; path = CKJInputCell.m; sourceTree = "<group>"; };
		1688C399228C526A001594EF /* CKJFiveCell.h */ = {isa = PBXFileReference; fileEncoding = 4; lastKnownFileType = sourcecode.c.h; path = CKJFiveCell.h; sourceTree = "<group>"; };
		1688C39A228C526A001594EF /* CKJTableViewCell2.h */ = {isa = PBXFileReference; fileEncoding = 4; lastKnownFileType = sourcecode.c.h; path = CKJTableViewCell2.h; sourceTree = "<group>"; };
		1688C39B228C526A001594EF /* CKJTableViewCell.m */ = {isa = PBXFileReference; fileEncoding = 4; lastKnownFileType = sourcecode.c.objc; path = CKJTableViewCell.m; sourceTree = "<group>"; };
		1688C39C228C526A001594EF /* CKJFunctionCell.h */ = {isa = PBXFileReference; fileEncoding = 4; lastKnownFileType = sourcecode.c.h; path = CKJFunctionCell.h; sourceTree = "<group>"; };
		1688C39D228C526A001594EF /* CKJCommonTableViewCell.m */ = {isa = PBXFileReference; fileEncoding = 4; lastKnownFileType = sourcecode.c.objc; path = CKJCommonTableViewCell.m; sourceTree = "<group>"; };
		1688C39E228C526A001594EF /* CKJCell.m */ = {isa = PBXFileReference; fileEncoding = 4; lastKnownFileType = sourcecode.c.objc; path = CKJCell.m; sourceTree = "<group>"; };
		1688C39F228C526A001594EF /* CKJLeftRightCell.m */ = {isa = PBXFileReference; fileEncoding = 4; lastKnownFileType = sourcecode.c.objc; path = CKJLeftRightCell.m; sourceTree = "<group>"; };
		1688C3A0228C526A001594EF /* CKJRadioCell.m */ = {isa = PBXFileReference; fileEncoding = 4; lastKnownFileType = sourcecode.c.objc; path = CKJRadioCell.m; sourceTree = "<group>"; };
		1688C3A1228C526A001594EF /* CKJEmptyCell.h */ = {isa = PBXFileReference; fileEncoding = 4; lastKnownFileType = sourcecode.c.h; path = CKJEmptyCell.h; sourceTree = "<group>"; };
		1688C3A3228C526A001594EF /* CKJTableViewHeaderFooterEmptyView.m */ = {isa = PBXFileReference; fileEncoding = 4; lastKnownFileType = sourcecode.c.objc; path = CKJTableViewHeaderFooterEmptyView.m; sourceTree = "<group>"; };
		1688C3A4228C526A001594EF /* CKJCommonTableViewHeaderFooterView.h */ = {isa = PBXFileReference; fileEncoding = 4; lastKnownFileType = sourcecode.c.h; path = CKJCommonTableViewHeaderFooterView.h; sourceTree = "<group>"; };
		1688C3A5228C526A001594EF /* CKJTitleStyleHeaderFooterView.h */ = {isa = PBXFileReference; fileEncoding = 4; lastKnownFileType = sourcecode.c.h; path = CKJTitleStyleHeaderFooterView.h; sourceTree = "<group>"; };
		1688C3A6228C526A001594EF /* CKJCommonTableViewHeaderFooterView.m */ = {isa = PBXFileReference; fileEncoding = 4; lastKnownFileType = sourcecode.c.objc; path = CKJCommonTableViewHeaderFooterView.m; sourceTree = "<group>"; };
		1688C3A7228C526A001594EF /* CKJTableViewHeaderFooterEmptyView.h */ = {isa = PBXFileReference; fileEncoding = 4; lastKnownFileType = sourcecode.c.h; path = CKJTableViewHeaderFooterEmptyView.h; sourceTree = "<group>"; };
		1688C3A8228C526A001594EF /* CKJTitleStyleHeaderFooterView.m */ = {isa = PBXFileReference; fileEncoding = 4; lastKnownFileType = sourcecode.c.objc; path = CKJTitleStyleHeaderFooterView.m; sourceTree = "<group>"; };
		1688C3A9228C526A001594EF /* CKJSimpleTableView.h */ = {isa = PBXFileReference; fileEncoding = 4; lastKnownFileType = sourcecode.c.h; path = CKJSimpleTableView.h; sourceTree = "<group>"; };
		1688C3AA228C526A001594EF /* CKJWorker.h */ = {isa = PBXFileReference; fileEncoding = 4; lastKnownFileType = sourcecode.c.h; path = CKJWorker.h; sourceTree = "<group>"; };
		1688C3AB228C526A001594EF /* CKJTableEmptyView.m */ = {isa = PBXFileReference; fileEncoding = 4; lastKnownFileType = sourcecode.c.objc; path = CKJTableEmptyView.m; sourceTree = "<group>"; };
		1688C3AC228C526A001594EF /* CKJPayBottomView.h */ = {isa = PBXFileReference; fileEncoding = 4; lastKnownFileType = sourcecode.c.h; path = CKJPayBottomView.h; sourceTree = "<group>"; };
		1688C3AD228C526A001594EF /* CKJToolbar.h */ = {isa = PBXFileReference; fileEncoding = 4; lastKnownFileType = sourcecode.c.h; path = CKJToolbar.h; sourceTree = "<group>"; };
		1688C3AE228C526B001594EF /* KJSupportObjc.h */ = {isa = PBXFileReference; fileEncoding = 4; lastKnownFileType = sourcecode.c.h; path = KJSupportObjc.h; sourceTree = "<group>"; };
		1688C3B0228C526B001594EF /* FileManagerTool.m */ = {isa = PBXFileReference; fileEncoding = 4; lastKnownFileType = sourcecode.c.objc; path = FileManagerTool.m; sourceTree = "<group>"; };
		1688C3B1228C526B001594EF /* CKJBaseViewController.m */ = {isa = PBXFileReference; fileEncoding = 4; lastKnownFileType = sourcecode.c.objc; path = CKJBaseViewController.m; sourceTree = "<group>"; };
		1688C3B2228C526B001594EF /* KJCommonManager.m */ = {isa = PBXFileReference; fileEncoding = 4; lastKnownFileType = sourcecode.c.objc; path = KJCommonManager.m; sourceTree = "<group>"; };
		1688C3B3228C526B001594EF /* CKJBaseModel.h */ = {isa = PBXFileReference; fileEncoding = 4; lastKnownFileType = sourcecode.c.h; path = CKJBaseModel.h; sourceTree = "<group>"; };
		1688C3B4228C526B001594EF /* LightStorageManager.h */ = {isa = PBXFileReference; fileEncoding = 4; lastKnownFileType = sourcecode.c.h; path = LightStorageManager.h; sourceTree = "<group>"; };
		1688C3B5228C526B001594EF /* FileManagerTool.h */ = {isa = PBXFileReference; fileEncoding = 4; lastKnownFileType = sourcecode.c.h; path = FileManagerTool.h; sourceTree = "<group>"; };
		1688C3B6228C526B001594EF /* KJCommonManager.h */ = {isa = PBXFileReference; fileEncoding = 4; lastKnownFileType = sourcecode.c.h; path = KJCommonManager.h; sourceTree = "<group>"; };
		1688C3B7228C526B001594EF /* CKJBaseViewController.h */ = {isa = PBXFileReference; fileEncoding = 4; lastKnownFileType = sourcecode.c.h; path = CKJBaseViewController.h; sourceTree = "<group>"; };
		1688C3B8228C526B001594EF /* LightStorageManager.m */ = {isa = PBXFileReference; fileEncoding = 4; lastKnownFileType = sourcecode.c.objc; path = LightStorageManager.m; sourceTree = "<group>"; };
		1688C3BA228C526B001594EF /* LBXPermissionMicrophone.m */ = {isa = PBXFileReference; fileEncoding = 4; lastKnownFileType = sourcecode.c.objc; path = LBXPermissionMicrophone.m; sourceTree = "<group>"; };
		1688C3BB228C526B001594EF /* LBXPermissionCalendar.m */ = {isa = PBXFileReference; fileEncoding = 4; lastKnownFileType = sourcecode.c.objc; path = LBXPermissionCalendar.m; sourceTree = "<group>"; };
		1688C3BC228C526B001594EF /* LBXPermissionLocation.h */ = {isa = PBXFileReference; fileEncoding = 4; lastKnownFileType = sourcecode.c.h; path = LBXPermissionLocation.h; sourceTree = "<group>"; };
		1688C3BD228C526B001594EF /* LBXPermission.h */ = {isa = PBXFileReference; fileEncoding = 4; lastKnownFileType = sourcecode.c.h; path = LBXPermission.h; sourceTree = "<group>"; };
		1688C3BE228C526B001594EF /* LBXPermissionCamera.h */ = {isa = PBXFileReference; fileEncoding = 4; lastKnownFileType = sourcecode.c.h; path = LBXPermissionCamera.h; sourceTree = "<group>"; };
		1688C3BF228C526B001594EF /* LBXPermissionNet.m */ = {isa = PBXFileReference; fileEncoding = 4; lastKnownFileType = sourcecode.c.objc; path = LBXPermissionNet.m; sourceTree = "<group>"; };
		1688C3C0228C526B001594EF /* NetReachability.m */ = {isa = PBXFileReference; fileEncoding = 4; lastKnownFileType = sourcecode.c.objc; path = NetReachability.m; sourceTree = "<group>"; };
		1688C3C1228C526B001594EF /* LBXPermissionContacts.h */ = {isa = PBXFileReference; fileEncoding = 4; lastKnownFileType = sourcecode.c.h; path = LBXPermissionContacts.h; sourceTree = "<group>"; };
		1688C3C2228C526B001594EF /* LBXPermissionData.m */ = {isa = PBXFileReference; fileEncoding = 4; lastKnownFileType = sourcecode.c.objc; path = LBXPermissionData.m; sourceTree = "<group>"; };
		1688C3C3228C526B001594EF /* LBXPermissionReminders.m */ = {isa = PBXFileReference; fileEncoding = 4; lastKnownFileType = sourcecode.c.objc; path = LBXPermissionReminders.m; sourceTree = "<group>"; };
		1688C3C4228C526B001594EF /* LBXPermissionHealth.m */ = {isa = PBXFileReference; fileEncoding = 4; lastKnownFileType = sourcecode.c.objc; path = LBXPermissionHealth.m; sourceTree = "<group>"; };
		1688C3C5228C526B001594EF /* LBXPermissionSetting.m */ = {isa = PBXFileReference; fileEncoding = 4; lastKnownFileType = sourcecode.c.objc; path = LBXPermissionSetting.m; sourceTree = "<group>"; };
		1688C3C6228C526B001594EF /* LBXPermissionPhotos.m */ = {isa = PBXFileReference; fileEncoding = 4; lastKnownFileType = sourcecode.c.objc; path = LBXPermissionPhotos.m; sourceTree = "<group>"; };
		1688C3C7228C526B001594EF /* LBXPermissionCalendar.h */ = {isa = PBXFileReference; fileEncoding = 4; lastKnownFileType = sourcecode.c.h; path = LBXPermissionCalendar.h; sourceTree = "<group>"; };
		1688C3C8228C526B001594EF /* LBXPermissionMicrophone.h */ = {isa = PBXFileReference; fileEncoding = 4; lastKnownFileType = sourcecode.c.h; path = LBXPermissionMicrophone.h; sourceTree = "<group>"; };
		1688C3C9228C526B001594EF /* LBXPermissionLocation.m */ = {isa = PBXFileReference; fileEncoding = 4; lastKnownFileType = sourcecode.c.objc; path = LBXPermissionLocation.m; sourceTree = "<group>"; };
		1688C3CA228C526B001594EF /* LBXPermissionData.h */ = {isa = PBXFileReference; fileEncoding = 4; lastKnownFileType = sourcecode.c.h; path = LBXPermissionData.h; sourceTree = "<group>"; };
		1688C3CB228C526B001594EF /* LBXPermissionContacts.m */ = {isa = PBXFileReference; fileEncoding = 4; lastKnownFileType = sourcecode.c.objc; path = LBXPermissionContacts.m; sourceTree = "<group>"; };
		1688C3CC228C526B001594EF /* LBXPermissionCamera.m */ = {isa = PBXFileReference; fileEncoding = 4; lastKnownFileType = sourcecode.c.objc; path = LBXPermissionCamera.m; sourceTree = "<group>"; };
		1688C3CD228C526B001594EF /* LBXPermissionNet.h */ = {isa = PBXFileReference; fileEncoding = 4; lastKnownFileType = sourcecode.c.h; path = LBXPermissionNet.h; sourceTree = "<group>"; };
		1688C3CE228C526B001594EF /* NetReachability.h */ = {isa = PBXFileReference; fileEncoding = 4; lastKnownFileType = sourcecode.c.h; path = NetReachability.h; sourceTree = "<group>"; };
		1688C3CF228C526B001594EF /* LBXPermission.m */ = {isa = PBXFileReference; fileEncoding = 4; lastKnownFileType = sourcecode.c.objc; path = LBXPermission.m; sourceTree = "<group>"; };
		1688C3D0228C526B001594EF /* LBXPermissionPhotos.h */ = {isa = PBXFileReference; fileEncoding = 4; lastKnownFileType = sourcecode.c.h; path = LBXPermissionPhotos.h; sourceTree = "<group>"; };
		1688C3D1228C526B001594EF /* LBXPermissionSetting.h */ = {isa = PBXFileReference; fileEncoding = 4; lastKnownFileType = sourcecode.c.h; path = LBXPermissionSetting.h; sourceTree = "<group>"; };
		1688C3D2228C526B001594EF /* LBXPermissionHealth.h */ = {isa = PBXFileReference; fileEncoding = 4; lastKnownFileType = sourcecode.c.h; path = LBXPermissionHealth.h; sourceTree = "<group>"; };
		1688C3D3228C526B001594EF /* LBXPermissionReminders.h */ = {isa = PBXFileReference; fileEncoding = 4; lastKnownFileType = sourcecode.c.h; path = LBXPermissionReminders.h; sourceTree = "<group>"; };
		1688C3D4228C526B001594EF /* CKJBaseModel.m */ = {isa = PBXFileReference; fileEncoding = 4; lastKnownFileType = sourcecode.c.objc; path = CKJBaseModel.m; sourceTree = "<group>"; };
		1688C3D6228C526B001594EF /* NSObject+WDYHFCategory.m */ = {isa = PBXFileReference; fileEncoding = 4; lastKnownFileType = sourcecode.c.objc; path = "NSObject+WDYHFCategory.m"; sourceTree = "<group>"; };
		1688C3D7228C526B001594EF /* UIView+CKJDesingable.h */ = {isa = PBXFileReference; fileEncoding = 4; lastKnownFileType = sourcecode.c.h; path = "UIView+CKJDesingable.h"; sourceTree = "<group>"; };
		1688C3D8228C526B001594EF /* NSObject+WDYHFCategory.h */ = {isa = PBXFileReference; fileEncoding = 4; lastKnownFileType = sourcecode.c.h; path = "NSObject+WDYHFCategory.h"; sourceTree = "<group>"; };
		1688C3D9228C526B001594EF /* UIView+CKJDesingable.m */ = {isa = PBXFileReference; fileEncoding = 4; lastKnownFileType = sourcecode.c.objc; path = "UIView+CKJDesingable.m"; sourceTree = "<group>"; };
		1688C40E228C5286001594EF /* WDYHFHospitalItem.h */ = {isa = PBXFileReference; fileEncoding = 4; lastKnownFileType = sourcecode.c.h; path = WDYHFHospitalItem.h; sourceTree = "<group>"; };
		1688C40F228C5286001594EF /* zhuyuan出院结算@2x.png */ = {isa = PBXFileReference; lastKnownFileType = image.png; path = "zhuyuan出院结算@2x.png"; sourceTree = "<group>"; };
		1688C410228C5286001594EF /* RJTestListVC.h */ = {isa = PBXFileReference; fileEncoding = 4; lastKnownFileType = sourcecode.c.h; path = RJTestListVC.h; sourceTree = "<group>"; };
		1688C412228C5286001594EF /* billList.geojson */ = {isa = PBXFileReference; fileEncoding = 4; lastKnownFileType = text; path = billList.geojson; sourceTree = "<group>"; };
		1688C413228C5286001594EF /* billDetail.geojson */ = {isa = PBXFileReference; fileEncoding = 4; lastKnownFileType = text; path = billDetail.geojson; sourceTree = "<group>"; };
		1688C414228C5286001594EF /* zhuyuan充值记录@2x.png */ = {isa = PBXFileReference; lastKnownFileType = image.png; path = "zhuyuan充值记录@2x.png"; sourceTree = "<group>"; };
		1688C415228C5286001594EF /* zhuyuan预交金充值@2x.png */ = {isa = PBXFileReference; lastKnownFileType = image.png; path = "zhuyuan预交金充值@2x.png"; sourceTree = "<group>"; };
		1688C416228C5286001594EF /* zhuyuan预交金充值@3x.png */ = {isa = PBXFileReference; lastKnownFileType = image.png; path = "zhuyuan预交金充值@3x.png"; sourceTree = "<group>"; };
		1688C417228C5286001594EF /* RJBillDetailModel.h */ = {isa = PBXFileReference; fileEncoding = 4; lastKnownFileType = sourcecode.c.h; path = RJBillDetailModel.h; sourceTree = "<group>"; };
		1688C418228C5286001594EF /* zhuyuan充值记录@3x.png */ = {isa = PBXFileReference; lastKnownFileType = image.png; path = "zhuyuan充值记录@3x.png"; sourceTree = "<group>"; };
		1688C419228C5286001594EF /* wdyhfsdk支付宝.png */ = {isa = PBXFileReference; lastKnownFileType = image.png; path = "wdyhfsdk支付宝.png"; sourceTree = "<group>"; };
		1688C41A228C5286001594EF /* wdyhfsdkright arrow.png */ = {isa = PBXFileReference; lastKnownFileType = image.png; path = "wdyhfsdkright arrow.png"; sourceTree = "<group>"; };
		1688C41B228C5286001594EF /* zhuyuan出院结算@3x.png */ = {isa = PBXFileReference; lastKnownFileType = image.png; path = "zhuyuan出院结算@3x.png"; sourceTree = "<group>"; };
		1688C41C228C5286001594EF /* RJKJBS.h */ = {isa = PBXFileReference; fileEncoding = 4; lastKnownFileType = sourcecode.c.h; path = RJKJBS.h; sourceTree = "<group>"; };
		1688C41D228C5286001594EF /* wdyhfsdk勾选空.png */ = {isa = PBXFileReference; lastKnownFileType = image.png; path = "wdyhfsdk勾选空.png"; sourceTree = "<group>"; };
		1688C41E228C5286001594EF /* zhuyuan日清单查询@2x.png */ = {isa = PBXFileReference; lastKnownFileType = image.png; path = "zhuyuan日清单查询@2x.png"; sourceTree = "<group>"; };
		1688C41F228C5286001594EF /* RJBillCell.h */ = {isa = PBXFileReference; fileEncoding = 4; lastKnownFileType = sourcecode.c.h; path = RJBillCell.h; sourceTree = "<group>"; };
		1688C420228C5286001594EF /* RJSettingViewController.h */ = {isa = PBXFileReference; fileEncoding = 4; lastKnownFileType = sourcecode.c.h; path = RJSettingViewController.h; sourceTree = "<group>"; };
		1688C421228C5286001594EF /* RJConfigVC.h */ = {isa = PBXFileReference; fileEncoding = 4; lastKnownFileType = sourcecode.c.h; path = RJConfigVC.h; sourceTree = "<group>"; };
		1688C422228C5286001594EF /* wdyhfsdk银联.png */ = {isa = PBXFileReference; lastKnownFileType = image.png; path = "wdyhfsdk银联.png"; sourceTree = "<group>"; };
		1688C423228C5286001594EF /* zhuyuan历史住院记录@2x.png */ = {isa = PBXFileReference; lastKnownFileType = image.png; path = "zhuyuan历史住院记录@2x.png"; sourceTree = "<group>"; };
		1688C424228C5286001594EF /* SelectDateCell.h */ = {isa = PBXFileReference; fileEncoding = 4; lastKnownFileType = sourcecode.c.h; path = SelectDateCell.h; sourceTree = "<group>"; };
		1688C425228C5286001594EF /* zhuyuan历史住院记录@3x.png */ = {isa = PBXFileReference; lastKnownFileType = image.png; path = "zhuyuan历史住院记录@3x.png"; sourceTree = "<group>"; };
		1688C426228C5286001594EF /* RJBindCardVC.h */ = {isa = PBXFileReference; fileEncoding = 4; lastKnownFileType = sourcecode.c.h; path = RJBindCardVC.h; sourceTree = "<group>"; };
		1688C427228C5286001594EF /* wdyhfsdkhospital.png */ = {isa = PBXFileReference; lastKnownFileType = image.png; path = wdyhfsdkhospital.png; sourceTree = "<group>"; };
		1688C428228C5286001594EF /* yhf通知.png */ = {isa = PBXFileReference; lastKnownFileType = image.png; path = "yhf通知.png"; sourceTree = "<group>"; };
		1688C429228C5286001594EF /* wdyhfsdkmark.png */ = {isa = PBXFileReference; lastKnownFileType = image.png; path = wdyhfsdkmark.png; sourceTree = "<group>"; };
		1688C42A228C5286001594EF /* zhuyuan日清单查询@3x.png */ = {isa = PBXFileReference; lastKnownFileType = image.png; path = "zhuyuan日清单查询@3x.png"; sourceTree = "<group>"; };
		1688C42B228C5286001594EF /* RJTestListVC.m */ = {isa = PBXFileReference; fileEncoding = 4; lastKnownFileType = sourcecode.c.objc; path = RJTestListVC.m; sourceTree = "<group>"; };
		1688C42C228C5286001594EF /* wdyhfsdk编辑.png */ = {isa = PBXFileReference; lastKnownFileType = image.png; path = "wdyhfsdk编辑.png"; sourceTree = "<group>"; };
		1688C42D228C5286001594EF /* RJBillCell.xib */ = {isa = PBXFileReference; fileEncoding = 4; lastKnownFileType = file.xib; path = RJBillCell.xib; sourceTree = "<group>"; };
		1688C42E228C5286001594EF /* WDYHFHospitalItem.m */ = {isa = PBXFileReference; fileEncoding = 4; lastKnownFileType = sourcecode.c.objc; path = WDYHFHospitalItem.m; sourceTree = "<group>"; };
		1688C42F228C5286001594EF /* RJKJBS.m */ = {isa = PBXFileReference; fileEncoding = 4; lastKnownFileType = sourcecode.c.objc; path = RJKJBS.m; sourceTree = "<group>"; };
		1688C430228C5286001594EF /* TETTST.xib */ = {isa = PBXFileReference; fileEncoding = 4; lastKnownFileType = file.xib; path = TETTST.xib; sourceTree = "<group>"; };
		1688C431228C5286001594EF /* wdyhfsdk勾选.png */ = {isa = PBXFileReference; lastKnownFileType = image.png; path = "wdyhfsdk勾选.png"; sourceTree = "<group>"; };
		1688C432228C5286001594EF /* RJBillDetailModel.m */ = {isa = PBXFileReference; fileEncoding = 4; lastKnownFileType = sourcecode.c.objc; path = RJBillDetailModel.m; sourceTree = "<group>"; };
		1688C433228C5286001594EF /* RJConfigVC.m */ = {isa = PBXFileReference; fileEncoding = 4; lastKnownFileType = sourcecode.c.objc; path = RJConfigVC.m; sourceTree = "<group>"; };
		1688C434228C5286001594EF /* yhf下箭头.png */ = {isa = PBXFileReference; lastKnownFileType = image.png; path = "yhf下箭头.png"; sourceTree = "<group>"; };
		1688C435228C5286001594EF /* touxiang.jpg */ = {isa = PBXFileReference; lastKnownFileType = image.jpeg; path = touxiang.jpg; sourceTree = "<group>"; };
		1688C436228C5286001594EF /* RJSettingViewController.m */ = {isa = PBXFileReference; fileEncoding = 4; lastKnownFileType = sourcecode.c.objc; path = RJSettingViewController.m; sourceTree = "<group>"; };
		1688C437228C5286001594EF /* RJBillCell.m */ = {isa = PBXFileReference; fileEncoding = 4; lastKnownFileType = sourcecode.c.objc; path = RJBillCell.m; sourceTree = "<group>"; };
		1688C438228C5286001594EF /* RJBindCardVC.m */ = {isa = PBXFileReference; fileEncoding = 4; lastKnownFileType = sourcecode.c.objc; path = RJBindCardVC.m; sourceTree = "<group>"; };
		1688C439228C5286001594EF /* wdyhfsdkechat.png */ = {isa = PBXFileReference; lastKnownFileType = image.png; path = wdyhfsdkechat.png; sourceTree = "<group>"; };
		1688C43A228C5286001594EF /* SelectDateCell.m */ = {isa = PBXFileReference; fileEncoding = 4; lastKnownFileType = sourcecode.c.objc; path = SelectDateCell.m; sourceTree = "<group>"; };
		16B045C420B9378600362478 /* PrefixHeader.pch */ = {isa = PBXFileReference; lastKnownFileType = sourcecode.c.h; path = PrefixHeader.pch; sourceTree = "<group>"; };
		955997DF209AECF900163047 /* KJSupportObjc.app */ = {isa = PBXFileReference; explicitFileType = wrapper.application; includeInIndex = 0; path = KJSupportObjc.app; sourceTree = BUILT_PRODUCTS_DIR; };
		955997E2209AECF900163047 /* AppDelegate.h */ = {isa = PBXFileReference; lastKnownFileType = sourcecode.c.h; path = AppDelegate.h; sourceTree = "<group>"; };
		955997E3209AECF900163047 /* AppDelegate.m */ = {isa = PBXFileReference; lastKnownFileType = sourcecode.c.objc; path = AppDelegate.m; sourceTree = "<group>"; };
		955997E5209AECF900163047 /* ViewController.h */ = {isa = PBXFileReference; lastKnownFileType = sourcecode.c.h; path = ViewController.h; sourceTree = "<group>"; };
		955997E6209AECF900163047 /* ViewController.m */ = {isa = PBXFileReference; lastKnownFileType = sourcecode.c.objc; path = ViewController.m; sourceTree = "<group>"; };
		955997E9209AECF900163047 /* Base */ = {isa = PBXFileReference; lastKnownFileType = file.storyboard; name = Base; path = Base.lproj/Main.storyboard; sourceTree = "<group>"; };
		955997EB209AECFA00163047 /* Assets.xcassets */ = {isa = PBXFileReference; lastKnownFileType = folder.assetcatalog; path = Assets.xcassets; sourceTree = "<group>"; };
		955997EE209AECFA00163047 /* Base */ = {isa = PBXFileReference; lastKnownFileType = file.storyboard; name = Base; path = Base.lproj/LaunchScreen.storyboard; sourceTree = "<group>"; };
		955997F0209AECFA00163047 /* Info.plist */ = {isa = PBXFileReference; lastKnownFileType = text.plist.xml; path = Info.plist; sourceTree = "<group>"; };
		955997F1209AECFA00163047 /* main.m */ = {isa = PBXFileReference; lastKnownFileType = sourcecode.c.objc; path = main.m; sourceTree = "<group>"; };
		A1CC382CDF748F1B8658DC0F /* Pods_KJSupportObjc.framework */ = {isa = PBXFileReference; explicitFileType = wrapper.framework; includeInIndex = 0; path = Pods_KJSupportObjc.framework; sourceTree = BUILT_PRODUCTS_DIR; };
		F46A270B9803A4F2C5498136 /* Pods-KJSupportObjc.release.xcconfig */ = {isa = PBXFileReference; includeInIndex = 1; lastKnownFileType = text.xcconfig; name = "Pods-KJSupportObjc.release.xcconfig"; path = "Pods/Target Support Files/Pods-KJSupportObjc/Pods-KJSupportObjc.release.xcconfig"; sourceTree = "<group>"; };
		FB4C96EFE39912E2B649CED7 /* Pods-KJSupportObjc.debug.xcconfig */ = {isa = PBXFileReference; includeInIndex = 1; lastKnownFileType = text.xcconfig; name = "Pods-KJSupportObjc.debug.xcconfig"; path = "Pods/Target Support Files/Pods-KJSupportObjc/Pods-KJSupportObjc.debug.xcconfig"; sourceTree = "<group>"; };
/* End PBXFileReference section */

/* Begin PBXFrameworksBuildPhase section */
		955997DC209AECF900163047 /* Frameworks */ = {
			isa = PBXFrameworksBuildPhase;
			buildActionMask = 2147483647;
			files = (
				CDACA7DBCED5516CB3DEA72F /* Pods_KJSupportObjc.framework in Frameworks */,
			);
			runOnlyForDeploymentPostprocessing = 0;
		};
/* End PBXFrameworksBuildPhase section */

/* Begin PBXGroup section */
		1657521720DCD4EB00CB0C8F /* Resource */ = {
			isa = PBXGroup;
			children = (
				1657521820DCD4EB00CB0C8F /* 阿狸.png */,
				1657521920DCD4EB00CB0C8F /* 4.png */,
				1657521A20DCD4EB00CB0C8F /* 5.png */,
				1657521B20DCD4EB00CB0C8F /* 7.png */,
				1657521C20DCD4EB00CB0C8F /* 6.png */,
				1657521D20DCD4EB00CB0C8F /* 2.png */,
				1657521E20DCD4EB00CB0C8F /* 3.png */,
				1657521F20DCD4EB00CB0C8F /* 1.png */,
				1657522020DCD4EB00CB0C8F /* 0.png */,
			);
			path = Resource;
			sourceTree = "<group>";
		};
		1688C366228C526A001594EF /* View */ = {
			isa = PBXGroup;
			children = (
				1688C367228C526A001594EF /* Picker */,
				1688C370228C526A001594EF /* CKJExtraView.h */,
				1688C371228C526A001594EF /* CKJTableEmptyView.h */,
				1688C372228C526A001594EF /* CKJToolbar.m */,
				1688C373228C526A001594EF /* CKJPayBottomView.m */,
				1688C374228C526A001594EF /* CKJExtraView.m */,
				1688C375228C526A001594EF /* SimpleTableView */,
				1688C3AB228C526A001594EF /* CKJTableEmptyView.m */,
				1688C3AC228C526A001594EF /* CKJPayBottomView.h */,
				1688C3AD228C526A001594EF /* CKJToolbar.h */,
			);
			path = View;
			sourceTree = "<group>";
		};
		1688C367228C526A001594EF /* Picker */ = {
			isa = PBXGroup;
			children = (
				1688C368228C526A001594EF /* CKJToolView.h */,
				1688C369228C526A001594EF /* CKJPickerView.m */,
				1688C36A228C526A001594EF /* CKJToolPickerView.m */,
				1688C36B228C526A001594EF /* CKJDatePickerView.m */,
				1688C36C228C526A001594EF /* CKJToolView.m */,
				1688C36D228C526A001594EF /* CKJPickerView.h */,
				1688C36E228C526A001594EF /* CKJDatePickerView.h */,
				1688C36F228C526A001594EF /* CKJToolPickerView.h */,
			);
			path = Picker;
			sourceTree = "<group>";
		};
		1688C375228C526A001594EF /* SimpleTableView */ = {
			isa = PBXGroup;
			children = (
				1688C376228C526A001594EF /* CKJSimpleTableViewDelegate.h */,
				1688C377228C526A001594EF /* CKJWorker.m */,
				1688C378228C526A001594EF /* CKJSimpleTableView.m */,
				1688C379228C526A001594EF /* Controller */,
				1688C37C228C526A001594EF /* CKJCombineCellProtocol.h */,
				1688C37D228C526A001594EF /* Model */,
				1688C384228C526A001594EF /* View */,
				1688C3A9228C526A001594EF /* CKJSimpleTableView.h */,
				1688C3AA228C526A001594EF /* CKJWorker.h */,
			);
			path = SimpleTableView;
			sourceTree = "<group>";
		};
		1688C379228C526A001594EF /* Controller */ = {
			isa = PBXGroup;
			children = (
				1688C37A228C526A001594EF /* CKJBaseTableViewToolVC.m */,
				1688C37B228C526A001594EF /* CKJBaseTableViewToolVC.h */,
			);
			path = Controller;
			sourceTree = "<group>";
		};
		1688C37D228C526A001594EF /* Model */ = {
			isa = PBXGroup;
			children = (
				1688C37E228C526A001594EF /* CKJCommonSectionModel.m */,
				1688C37F228C526A001594EF /* CKJCommonCellModel.m */,
				1688C380228C526A001594EF /* CKJCommonHeaderFooterModel.h */,
				1688C381228C526A001594EF /* CKJCommonSectionModel.h */,
				1688C382228C526A001594EF /* CKJCommonHeaderFooterModel.m */,
				1688C383228C526A001594EF /* CKJCommonCellModel.h */,
			);
			path = Model;
			sourceTree = "<group>";
		};
		1688C384228C526A001594EF /* View */ = {
			isa = PBXGroup;
			children = (
				1688C385228C526A001594EF /* Demo */,
				1688C389228C526A001594EF /* Cell */,
				1688C3A2228C526A001594EF /* HeaderFooter */,
			);
			path = View;
			sourceTree = "<group>";
		};
		1688C385228C526A001594EF /* Demo */ = {
			isa = PBXGroup;
			children = (
				1688C386228C526A001594EF /* CKJDemoCell.m */,
				1688C387228C526A001594EF /* CKJDemoCell.xib */,
				1688C388228C526A001594EF /* CKJDemoCell.h */,
			);
			path = Demo;
			sourceTree = "<group>";
		};
		1688C389228C526A001594EF /* Cell */ = {
			isa = PBXGroup;
			children = (
				1688C38A228C526A001594EF /* CKJStackCell.m */,
				1688C38B228C526A001594EF /* CKJBaseFunctionCell.h */,
				1688C38C228C526A001594EF /* CKJInputCell.h */,
				1688C38D228C526A001594EF /* CKJFunctionCell.m */,
				1688C38E228C526A001594EF /* CKJTableViewCell.h */,
				1688C38F228C526A001594EF /* CKJTableViewCell2.m */,
				1688C390228C526A001594EF /* CKJFiveCell.m */,
				1688C391228C526A001594EF /* CKJEmptyCell.m */,
				1688C392228C526A001594EF /* CKJLeftRightCell.h */,
				1688C393228C526A001594EF /* CKJCell.h */,
				1688C394228C526A001594EF /* CKJRadioCell.h */,
				1688C395228C526A001594EF /* CKJCommonTableViewCell.h */,
				1688C396228C526A001594EF /* CKJBaseFunctionCell.m */,
				1688C397228C526A001594EF /* CKJStackCell.h */,
				1688C398228C526A001594EF /* CKJInputCell.m */,
				1688C399228C526A001594EF /* CKJFiveCell.h */,
				1688C39A228C526A001594EF /* CKJTableViewCell2.h */,
				1688C39B228C526A001594EF /* CKJTableViewCell.m */,
				1688C39C228C526A001594EF /* CKJFunctionCell.h */,
				1688C39D228C526A001594EF /* CKJCommonTableViewCell.m */,
				1688C39E228C526A001594EF /* CKJCell.m */,
				1688C39F228C526A001594EF /* CKJLeftRightCell.m */,
				1688C3A0228C526A001594EF /* CKJRadioCell.m */,
				1688C3A1228C526A001594EF /* CKJEmptyCell.h */,
			);
			path = Cell;
			sourceTree = "<group>";
		};
		1688C3A2228C526A001594EF /* HeaderFooter */ = {
			isa = PBXGroup;
			children = (
				1688C3A3228C526A001594EF /* CKJTableViewHeaderFooterEmptyView.m */,
				1688C3A4228C526A001594EF /* CKJCommonTableViewHeaderFooterView.h */,
				1688C3A5228C526A001594EF /* CKJTitleStyleHeaderFooterView.h */,
				1688C3A6228C526A001594EF /* CKJCommonTableViewHeaderFooterView.m */,
				1688C3A7228C526A001594EF /* CKJTableViewHeaderFooterEmptyView.h */,
				1688C3A8228C526A001594EF /* CKJTitleStyleHeaderFooterView.m */,
			);
			path = HeaderFooter;
			sourceTree = "<group>";
		};
		1688C3AF228C526B001594EF /* Other */ = {
			isa = PBXGroup;
			children = (
				1688C3B0228C526B001594EF /* FileManagerTool.m */,
				1688C3B1228C526B001594EF /* CKJBaseViewController.m */,
				1688C3B2228C526B001594EF /* KJCommonManager.m */,
				1688C3B3228C526B001594EF /* CKJBaseModel.h */,
				1688C3B4228C526B001594EF /* LightStorageManager.h */,
				1688C3B5228C526B001594EF /* FileManagerTool.h */,
				1688C3B6228C526B001594EF /* KJCommonManager.h */,
				1688C3B7228C526B001594EF /* CKJBaseViewController.h */,
				1688C3B8228C526B001594EF /* LightStorageManager.m */,
				1688C3B9228C526B001594EF /* LBXPermissions */,
				1688C3D4228C526B001594EF /* CKJBaseModel.m */,
			);
			path = Other;
			sourceTree = "<group>";
		};
		1688C3B9228C526B001594EF /* LBXPermissions */ = {
			isa = PBXGroup;
			children = (
				1688C3BA228C526B001594EF /* LBXPermissionMicrophone.m */,
				1688C3BB228C526B001594EF /* LBXPermissionCalendar.m */,
				1688C3BC228C526B001594EF /* LBXPermissionLocation.h */,
				1688C3BD228C526B001594EF /* LBXPermission.h */,
				1688C3BE228C526B001594EF /* LBXPermissionCamera.h */,
				1688C3BF228C526B001594EF /* LBXPermissionNet.m */,
				1688C3C0228C526B001594EF /* NetReachability.m */,
				1688C3C1228C526B001594EF /* LBXPermissionContacts.h */,
				1688C3C2228C526B001594EF /* LBXPermissionData.m */,
				1688C3C3228C526B001594EF /* LBXPermissionReminders.m */,
				1688C3C4228C526B001594EF /* LBXPermissionHealth.m */,
				1688C3C5228C526B001594EF /* LBXPermissionSetting.m */,
				1688C3C6228C526B001594EF /* LBXPermissionPhotos.m */,
				1688C3C7228C526B001594EF /* LBXPermissionCalendar.h */,
				1688C3C8228C526B001594EF /* LBXPermissionMicrophone.h */,
				1688C3C9228C526B001594EF /* LBXPermissionLocation.m */,
				1688C3CA228C526B001594EF /* LBXPermissionData.h */,
				1688C3CB228C526B001594EF /* LBXPermissionContacts.m */,
				1688C3CC228C526B001594EF /* LBXPermissionCamera.m */,
				1688C3CD228C526B001594EF /* LBXPermissionNet.h */,
				1688C3CE228C526B001594EF /* NetReachability.h */,
				1688C3CF228C526B001594EF /* LBXPermission.m */,
				1688C3D0228C526B001594EF /* LBXPermissionPhotos.h */,
				1688C3D1228C526B001594EF /* LBXPermissionSetting.h */,
				1688C3D2228C526B001594EF /* LBXPermissionHealth.h */,
				1688C3D3228C526B001594EF /* LBXPermissionReminders.h */,
			);
			path = LBXPermissions;
			sourceTree = "<group>";
		};
		1688C3D5228C526B001594EF /* Category */ = {
			isa = PBXGroup;
			children = (
				1688C3D6228C526B001594EF /* NSObject+WDYHFCategory.m */,
				1688C3D7228C526B001594EF /* UIView+CKJDesingable.h */,
				1688C3D8228C526B001594EF /* NSObject+WDYHFCategory.h */,
				1688C3D9228C526B001594EF /* UIView+CKJDesingable.m */,
			);
			path = Category;
			sourceTree = "<group>";
		};
		1688C40D228C5286001594EF /* Test */ = {
			isa = PBXGroup;
			children = (
				1688C40E228C5286001594EF /* WDYHFHospitalItem.h */,
				1688C40F228C5286001594EF /* zhuyuan出院结算@2x.png */,
				1688C410228C5286001594EF /* RJTestListVC.h */,
				1688C411228C5286001594EF /* res */,
				1688C414228C5286001594EF /* zhuyuan充值记录@2x.png */,
				1688C415228C5286001594EF /* zhuyuan预交金充值@2x.png */,
				1688C416228C5286001594EF /* zhuyuan预交金充值@3x.png */,
				1688C417228C5286001594EF /* RJBillDetailModel.h */,
				1688C418228C5286001594EF /* zhuyuan充值记录@3x.png */,
				1688C419228C5286001594EF /* wdyhfsdk支付宝.png */,
				1688C41A228C5286001594EF /* wdyhfsdkright arrow.png */,
				1688C41B228C5286001594EF /* zhuyuan出院结算@3x.png */,
				1688C41C228C5286001594EF /* RJKJBS.h */,
				1688C41D228C5286001594EF /* wdyhfsdk勾选空.png */,
				1688C41E228C5286001594EF /* zhuyuan日清单查询@2x.png */,
				1688C41F228C5286001594EF /* RJBillCell.h */,
				1688C420228C5286001594EF /* RJSettingViewController.h */,
				1688C421228C5286001594EF /* RJConfigVC.h */,
				1688C422228C5286001594EF /* wdyhfsdk银联.png */,
				1688C423228C5286001594EF /* zhuyuan历史住院记录@2x.png */,
				1688C424228C5286001594EF /* SelectDateCell.h */,
				1688C425228C5286001594EF /* zhuyuan历史住院记录@3x.png */,
				1688C426228C5286001594EF /* RJBindCardVC.h */,
				1688C427228C5286001594EF /* wdyhfsdkhospital.png */,
				1688C428228C5286001594EF /* yhf通知.png */,
				1688C429228C5286001594EF /* wdyhfsdkmark.png */,
				1688C42A228C5286001594EF /* zhuyuan日清单查询@3x.png */,
				1688C42B228C5286001594EF /* RJTestListVC.m */,
				1688C42C228C5286001594EF /* wdyhfsdk编辑.png */,
				1688C42D228C5286001594EF /* RJBillCell.xib */,
				1688C42E228C5286001594EF /* WDYHFHospitalItem.m */,
				1688C42F228C5286001594EF /* RJKJBS.m */,
				1688C430228C5286001594EF /* TETTST.xib */,
				1688C431228C5286001594EF /* wdyhfsdk勾选.png */,
				1688C432228C5286001594EF /* RJBillDetailModel.m */,
				1688C433228C5286001594EF /* RJConfigVC.m */,
				1688C434228C5286001594EF /* yhf下箭头.png */,
				1688C435228C5286001594EF /* touxiang.jpg */,
				1688C436228C5286001594EF /* RJSettingViewController.m */,
				1688C437228C5286001594EF /* RJBillCell.m */,
				1688C438228C5286001594EF /* RJBindCardVC.m */,
				1688C439228C5286001594EF /* wdyhfsdkechat.png */,
				1688C43A228C5286001594EF /* SelectDateCell.m */,
			);
			path = Test;
			sourceTree = "<group>";
		};
		1688C411228C5286001594EF /* res */ = {
			isa = PBXGroup;
			children = (
				1688C412228C5286001594EF /* billList.geojson */,
				1688C413228C5286001594EF /* billDetail.geojson */,
			);
			path = res;
			sourceTree = "<group>";
		};
		16F470442192E38D00C4D1B3 /* Objc */ = {
			isa = PBXGroup;
			children = (
				1688C3D5228C526B001594EF /* Category */,
				1688C3AE228C526B001594EF /* KJSupportObjc.h */,
				1688C3AF228C526B001594EF /* Other */,
				1688C366228C526A001594EF /* View */,
			);
			path = Objc;
			sourceTree = "<group>";
		};
		955997D6209AECF900163047 = {
			isa = PBXGroup;
			children = (
				955997E1209AECF900163047 /* KJSupportObjc */,
				955997E0209AECF900163047 /* Products */,
				EF9CF11F1F67D9B57B5D5BA9 /* Pods */,
				DF7898F089E590DF79F7AE31 /* Frameworks */,
			);
			sourceTree = "<group>";
		};
		955997E0209AECF900163047 /* Products */ = {
			isa = PBXGroup;
			children = (
				955997DF209AECF900163047 /* KJSupportObjc.app */,
			);
			name = Products;
			sourceTree = "<group>";
		};
		955997E1209AECF900163047 /* KJSupportObjc */ = {
			isa = PBXGroup;
			children = (
				16F470442192E38D00C4D1B3 /* Objc */,
				955997E2209AECF900163047 /* AppDelegate.h */,
				1688C40D228C5286001594EF /* Test */,
				955997E3209AECF900163047 /* AppDelegate.m */,
				955997E5209AECF900163047 /* ViewController.h */,
				955997E6209AECF900163047 /* ViewController.m */,
				16B045C420B9378600362478 /* PrefixHeader.pch */,
				1657521720DCD4EB00CB0C8F /* Resource */,
				955997E8209AECF900163047 /* Main.storyboard */,
				955997EB209AECFA00163047 /* Assets.xcassets */,
				955997ED209AECFA00163047 /* LaunchScreen.storyboard */,
				955997F0209AECFA00163047 /* Info.plist */,
				955997F1209AECFA00163047 /* main.m */,
			);
			path = KJSupportObjc;
			sourceTree = "<group>";
		};
		DF7898F089E590DF79F7AE31 /* Frameworks */ = {
			isa = PBXGroup;
			children = (
				A1CC382CDF748F1B8658DC0F /* Pods_KJSupportObjc.framework */,
			);
			name = Frameworks;
			sourceTree = "<group>";
		};
		EF9CF11F1F67D9B57B5D5BA9 /* Pods */ = {
			isa = PBXGroup;
			children = (
				FB4C96EFE39912E2B649CED7 /* Pods-KJSupportObjc.debug.xcconfig */,
				F46A270B9803A4F2C5498136 /* Pods-KJSupportObjc.release.xcconfig */,
			);
			name = Pods;
			sourceTree = "<group>";
		};
/* End PBXGroup section */

/* Begin PBXNativeTarget section */
		955997DE209AECF900163047 /* KJSupportObjc */ = {
			isa = PBXNativeTarget;
			buildConfigurationList = 955997F5209AECFA00163047 /* Build configuration list for PBXNativeTarget "KJSupportObjc" */;
			buildPhases = (
				255220F966E5A40A9C8DF527 /* [CP] Check Pods Manifest.lock */,
				955997DB209AECF900163047 /* Sources */,
				955997DC209AECF900163047 /* Frameworks */,
				955997DD209AECF900163047 /* Resources */,
				B5A9679A5545CAFADE13BE22 /* [CP] Embed Pods Frameworks */,
			);
			buildRules = (
			);
			dependencies = (
			);
			name = KJSupportObjc;
			productName = KJSupportObjc;
			productReference = 955997DF209AECF900163047 /* KJSupportObjc.app */;
			productType = "com.apple.product-type.application";
		};
/* End PBXNativeTarget section */

/* Begin PBXProject section */
		955997D7209AECF900163047 /* Project object */ = {
			isa = PBXProject;
			attributes = {
				LastUpgradeCheck = 0930;
				ORGANIZATIONNAME = uback;
				TargetAttributes = {
					955997DE209AECF900163047 = {
						CreatedOnToolsVersion = 9.3;
						LastSwiftMigration = 0930;
					};
				};
			};
			buildConfigurationList = 955997DA209AECF900163047 /* Build configuration list for PBXProject "KJSupportObjc" */;
			compatibilityVersion = "Xcode 9.3";
			developmentRegion = en;
			hasScannedForEncodings = 0;
			knownRegions = (
				en,
				Base,
			);
			mainGroup = 955997D6209AECF900163047;
			productRefGroup = 955997E0209AECF900163047 /* Products */;
			projectDirPath = "";
			projectRoot = "";
			targets = (
				955997DE209AECF900163047 /* KJSupportObjc */,
			);
		};
/* End PBXProject section */

/* Begin PBXResourcesBuildPhase section */
		955997DD209AECF900163047 /* Resources */ = {
			isa = PBXResourcesBuildPhase;
			buildActionMask = 2147483647;
			files = (
				1657522620DCD4EB00CB0C8F /* 2.png in Resources */,
				1688C44A228C5286001594EF /* wdyhfsdkhospital.png in Resources */,
				1688C443228C5286001594EF /* wdyhfsdkright arrow.png in Resources */,
				1688C44F228C5286001594EF /* wdyhfsdk编辑.png in Resources */,
				1657522420DCD4EB00CB0C8F /* 7.png in Resources */,
				1657522220DCD4EB00CB0C8F /* 4.png in Resources */,
				1657522320DCD4EB00CB0C8F /* 5.png in Resources */,
				1688C43E228C5286001594EF /* zhuyuan充值记录@2x.png in Resources */,
				1688C3E8228C526C001594EF /* CKJDemoCell.xib in Resources */,
				1688C44C228C5286001594EF /* wdyhfsdkmark.png in Resources */,
				1688C444228C5286001594EF /* zhuyuan出院结算@3x.png in Resources */,
				1688C441228C5286001594EF /* zhuyuan充值记录@3x.png in Resources */,
				1688C454228C5286001594EF /* wdyhfsdk勾选.png in Resources */,
				1688C44D228C5286001594EF /* zhuyuan日清单查询@3x.png in Resources */,
				1657522120DCD4EB00CB0C8F /* 阿狸.png in Resources */,
				1657522720DCD4EB00CB0C8F /* 3.png in Resources */,
				1688C457228C5286001594EF /* yhf下箭头.png in Resources */,
				1688C447228C5286001594EF /* wdyhfsdk银联.png in Resources */,
				1688C440228C5286001594EF /* zhuyuan预交金充值@3x.png in Resources */,
				1688C43C228C5286001594EF /* billList.geojson in Resources */,
				1688C45C228C5286001594EF /* wdyhfsdkechat.png in Resources */,
				955997EF209AECFA00163047 /* LaunchScreen.storyboard in Resources */,
				955997EC209AECFA00163047 /* Assets.xcassets in Resources */,
				1688C442228C5286001594EF /* wdyhfsdk支付宝.png in Resources */,
				1688C44B228C5286001594EF /* yhf通知.png in Resources */,
				1688C453228C5286001594EF /* TETTST.xib in Resources */,
				1688C43B228C5286001594EF /* zhuyuan出院结算@2x.png in Resources */,
				1688C448228C5286001594EF /* zhuyuan历史住院记录@2x.png in Resources */,
				1688C446228C5286001594EF /* zhuyuan日清单查询@2x.png in Resources */,
				1688C458228C5286001594EF /* touxiang.jpg in Resources */,
				1688C43F228C5286001594EF /* zhuyuan预交金充值@2x.png in Resources */,
				1688C450228C5286001594EF /* RJBillCell.xib in Resources */,
				1688C43D228C5286001594EF /* billDetail.geojson in Resources */,
				1657522920DCD4EB00CB0C8F /* 0.png in Resources */,
				1657522520DCD4EB00CB0C8F /* 6.png in Resources */,
				1688C449228C5286001594EF /* zhuyuan历史住院记录@3x.png in Resources */,
				1657522820DCD4EB00CB0C8F /* 1.png in Resources */,
				955997EA209AECF900163047 /* Main.storyboard in Resources */,
				1688C445228C5286001594EF /* wdyhfsdk勾选空.png in Resources */,
			);
			runOnlyForDeploymentPostprocessing = 0;
		};
/* End PBXResourcesBuildPhase section */

/* Begin PBXShellScriptBuildPhase section */
		255220F966E5A40A9C8DF527 /* [CP] Check Pods Manifest.lock */ = {
			isa = PBXShellScriptBuildPhase;
			buildActionMask = 2147483647;
			files = (
			);
			inputPaths = (
				"${PODS_PODFILE_DIR_PATH}/Podfile.lock",
				"${PODS_ROOT}/Manifest.lock",
			);
			name = "[CP] Check Pods Manifest.lock";
			outputPaths = (
				"$(DERIVED_FILE_DIR)/Pods-KJSupportObjc-checkManifestLockResult.txt",
			);
			runOnlyForDeploymentPostprocessing = 0;
			shellPath = /bin/sh;
			shellScript = "diff \"${PODS_PODFILE_DIR_PATH}/Podfile.lock\" \"${PODS_ROOT}/Manifest.lock\" > /dev/null\nif [ $? != 0 ] ; then\n    # print error to STDERR\n    echo \"error: The sandbox is not in sync with the Podfile.lock. Run 'pod install' or update your CocoaPods installation.\" >&2\n    exit 1\nfi\n# This output is used by Xcode 'outputs' to avoid re-running this script phase.\necho \"SUCCESS\" > \"${SCRIPT_OUTPUT_FILE_0}\"\n";
			showEnvVarsInLog = 0;
		};
		B5A9679A5545CAFADE13BE22 /* [CP] Embed Pods Frameworks */ = {
			isa = PBXShellScriptBuildPhase;
			buildActionMask = 2147483647;
			files = (
			);
			inputPaths = (
				"${PODS_ROOT}/Target Support Files/Pods-KJSupportObjc/Pods-KJSupportObjc-frameworks.sh",
				"${BUILT_PRODUCTS_DIR}/DZNEmptyDataSet/DZNEmptyDataSet.framework",
				"${BUILT_PRODUCTS_DIR}/IQKeyboardManager/IQKeyboardManager.framework",
				"${BUILT_PRODUCTS_DIR}/Masonry/Masonry.framework",
			);
			name = "[CP] Embed Pods Frameworks";
			outputPaths = (
				"${TARGET_BUILD_DIR}/${FRAMEWORKS_FOLDER_PATH}/DZNEmptyDataSet.framework",
				"${TARGET_BUILD_DIR}/${FRAMEWORKS_FOLDER_PATH}/IQKeyboardManager.framework",
				"${TARGET_BUILD_DIR}/${FRAMEWORKS_FOLDER_PATH}/Masonry.framework",
			);
			runOnlyForDeploymentPostprocessing = 0;
			shellPath = /bin/sh;
			shellScript = "\"${PODS_ROOT}/Target Support Files/Pods-KJSupportObjc/Pods-KJSupportObjc-frameworks.sh\"\n";
			showEnvVarsInLog = 0;
		};
/* End PBXShellScriptBuildPhase section */

/* Begin PBXSourcesBuildPhase section */
		955997DB209AECF900163047 /* Sources */ = {
			isa = PBXSourcesBuildPhase;
			buildActionMask = 2147483647;
			files = (
				1688C3E3228C526C001594EF /* CKJBaseTableViewToolVC.m in Sources */,
				1688C451228C5286001594EF /* WDYHFHospitalItem.m in Sources */,
				1688C3E5228C526C001594EF /* CKJCommonCellModel.m in Sources */,
				1688C404228C526C001594EF /* LBXPermissionSetting.m in Sources */,
				1688C3F3228C526C001594EF /* CKJLeftRightCell.m in Sources */,
				1688C405228C526C001594EF /* LBXPermissionPhotos.m in Sources */,
				1688C456228C5286001594EF /* RJConfigVC.m in Sources */,
				1688C3DE228C526B001594EF /* CKJToolbar.m in Sources */,
				1688C3DD228C526B001594EF /* CKJToolView.m in Sources */,
				1688C3EA228C526C001594EF /* CKJFunctionCell.m in Sources */,
				1688C3FD228C526C001594EF /* LBXPermissionMicrophone.m in Sources */,
				955997E7209AECF900163047 /* ViewController.m in Sources */,
				1688C455228C5286001594EF /* RJBillDetailModel.m in Sources */,
				1688C3F1228C526C001594EF /* CKJCommonTableViewCell.m in Sources */,
				1688C3F0228C526C001594EF /* CKJTableViewCell.m in Sources */,
				1688C44E228C5286001594EF /* RJTestListVC.m in Sources */,
				1688C409228C526C001594EF /* LBXPermission.m in Sources */,
				1688C3FE228C526C001594EF /* LBXPermissionCalendar.m in Sources */,
				1688C3EB228C526C001594EF /* CKJTableViewCell2.m in Sources */,
				1688C403228C526C001594EF /* LBXPermissionHealth.m in Sources */,
				1688C459228C5286001594EF /* RJSettingViewController.m in Sources */,
				1688C3F5228C526C001594EF /* CKJTableViewHeaderFooterEmptyView.m in Sources */,
				1688C3E6228C526C001594EF /* CKJCommonHeaderFooterModel.m in Sources */,
				1688C3FA228C526C001594EF /* CKJBaseViewController.m in Sources */,
				1688C3DA228C526B001594EF /* CKJPickerView.m in Sources */,
				1688C406228C526C001594EF /* LBXPermissionLocation.m in Sources */,
				1688C3FB228C526C001594EF /* KJCommonManager.m in Sources */,
				1688C3F7228C526C001594EF /* CKJTitleStyleHeaderFooterView.m in Sources */,
				1688C452228C5286001594EF /* RJKJBS.m in Sources */,
				955997F2209AECFA00163047 /* main.m in Sources */,
				1688C3EE228C526C001594EF /* CKJBaseFunctionCell.m in Sources */,
				1688C401228C526C001594EF /* LBXPermissionData.m in Sources */,
				1688C400228C526C001594EF /* NetReachability.m in Sources */,
				1688C3FF228C526C001594EF /* LBXPermissionNet.m in Sources */,
				955997E4209AECF900163047 /* AppDelegate.m in Sources */,
				1688C408228C526C001594EF /* LBXPermissionCamera.m in Sources */,
				1688C40B228C526C001594EF /* NSObject+WDYHFCategory.m in Sources */,
				1688C45D228C5286001594EF /* SelectDateCell.m in Sources */,
				1688C402228C526C001594EF /* LBXPermissionReminders.m in Sources */,
				1688C3F9228C526C001594EF /* FileManagerTool.m in Sources */,
				1688C3E2228C526C001594EF /* CKJSimpleTableView.m in Sources */,
				1688C3ED228C526C001594EF /* CKJEmptyCell.m in Sources */,
				1688C3DB228C526B001594EF /* CKJToolPickerView.m in Sources */,
				1688C407228C526C001594EF /* LBXPermissionContacts.m in Sources */,
				1688C3DF228C526C001594EF /* CKJPayBottomView.m in Sources */,
				1688C3EC228C526C001594EF /* CKJFiveCell.m in Sources */,
				1688C45B228C5286001594EF /* RJBindCardVC.m in Sources */,
				1688C3E1228C526C001594EF /* CKJWorker.m in Sources */,
				1688C40A228C526C001594EF /* CKJBaseModel.m in Sources */,
				1688C3E4228C526C001594EF /* CKJCommonSectionModel.m in Sources */,
				1688C3E7228C526C001594EF /* CKJDemoCell.m in Sources */,
				1688C3E0228C526C001594EF /* CKJExtraView.m in Sources */,
				1688C45A228C5286001594EF /* RJBillCell.m in Sources */,
				1688C3F6228C526C001594EF /* CKJCommonTableViewHeaderFooterView.m in Sources */,
				1688C3DC228C526B001594EF /* CKJDatePickerView.m in Sources */,
				1688C3FC228C526C001594EF /* LightStorageManager.m in Sources */,
				1688C40C228C526C001594EF /* UIView+CKJDesingable.m in Sources */,
				1688C3F8228C526C001594EF /* CKJTableEmptyView.m in Sources */,
				1688C3F2228C526C001594EF /* CKJCell.m in Sources */,
				1688C3F4228C526C001594EF /* CKJRadioCell.m in Sources */,
				1688C3E9228C526C001594EF /* CKJStackCell.m in Sources */,
				1688C3EF228C526C001594EF /* CKJInputCell.m in Sources */,
			);
			runOnlyForDeploymentPostprocessing = 0;
		};
/* End PBXSourcesBuildPhase section */

/* Begin PBXVariantGroup section */
		955997E8209AECF900163047 /* Main.storyboard */ = {
			isa = PBXVariantGroup;
			children = (
				955997E9209AECF900163047 /* Base */,
			);
			name = Main.storyboard;
			sourceTree = "<group>";
		};
		955997ED209AECFA00163047 /* LaunchScreen.storyboard */ = {
			isa = PBXVariantGroup;
			children = (
				955997EE209AECFA00163047 /* Base */,
			);
			name = LaunchScreen.storyboard;
			sourceTree = "<group>";
		};
/* End PBXVariantGroup section */

/* Begin XCBuildConfiguration section */
		955997F3209AECFA00163047 /* Debug */ = {
			isa = XCBuildConfiguration;
			buildSettings = {
				ALWAYS_SEARCH_USER_PATHS = NO;
				CLANG_ANALYZER_NONNULL = YES;
				CLANG_ANALYZER_NUMBER_OBJECT_CONVERSION = YES_AGGRESSIVE;
				CLANG_CXX_LANGUAGE_STANDARD = "gnu++14";
				CLANG_CXX_LIBRARY = "libc++";
				CLANG_ENABLE_MODULES = YES;
				CLANG_ENABLE_OBJC_ARC = YES;
				CLANG_ENABLE_OBJC_WEAK = YES;
				CLANG_WARN_BLOCK_CAPTURE_AUTORELEASING = YES;
				CLANG_WARN_BOOL_CONVERSION = YES;
				CLANG_WARN_COMMA = YES;
				CLANG_WARN_CONSTANT_CONVERSION = YES;
				CLANG_WARN_DEPRECATED_OBJC_IMPLEMENTATIONS = YES;
				CLANG_WARN_DIRECT_OBJC_ISA_USAGE = YES_ERROR;
				CLANG_WARN_DOCUMENTATION_COMMENTS = YES;
				CLANG_WARN_EMPTY_BODY = YES;
				CLANG_WARN_ENUM_CONVERSION = YES;
				CLANG_WARN_INFINITE_RECURSION = YES;
				CLANG_WARN_INT_CONVERSION = YES;
				CLANG_WARN_NON_LITERAL_NULL_CONVERSION = YES;
				CLANG_WARN_OBJC_IMPLICIT_RETAIN_SELF = YES;
				CLANG_WARN_OBJC_LITERAL_CONVERSION = YES;
				CLANG_WARN_OBJC_ROOT_CLASS = YES_ERROR;
				CLANG_WARN_RANGE_LOOP_ANALYSIS = YES;
				CLANG_WARN_STRICT_PROTOTYPES = YES;
				CLANG_WARN_SUSPICIOUS_MOVE = YES;
				CLANG_WARN_UNGUARDED_AVAILABILITY = YES_AGGRESSIVE;
				CLANG_WARN_UNREACHABLE_CODE = YES;
				CLANG_WARN__DUPLICATE_METHOD_MATCH = YES;
				CODE_SIGN_IDENTITY = "iPhone Developer";
				COPY_PHASE_STRIP = NO;
				DEBUG_INFORMATION_FORMAT = dwarf;
				ENABLE_STRICT_OBJC_MSGSEND = YES;
				ENABLE_TESTABILITY = YES;
				GCC_C_LANGUAGE_STANDARD = gnu11;
				GCC_DYNAMIC_NO_PIC = NO;
				GCC_NO_COMMON_BLOCKS = YES;
				GCC_OPTIMIZATION_LEVEL = 0;
				GCC_PREPROCESSOR_DEFINITIONS = (
					"DEBUG=1",
					"$(inherited)",
				);
				GCC_WARN_64_TO_32_BIT_CONVERSION = YES;
				GCC_WARN_ABOUT_RETURN_TYPE = YES_ERROR;
				GCC_WARN_UNDECLARED_SELECTOR = YES;
				GCC_WARN_UNINITIALIZED_AUTOS = YES_AGGRESSIVE;
				GCC_WARN_UNUSED_FUNCTION = YES;
				GCC_WARN_UNUSED_VARIABLE = YES;
				IPHONEOS_DEPLOYMENT_TARGET = 11.3;
				MTL_ENABLE_DEBUG_INFO = YES;
				ONLY_ACTIVE_ARCH = YES;
				SDKROOT = iphoneos;
			};
			name = Debug;
		};
		955997F4209AECFA00163047 /* Release */ = {
			isa = XCBuildConfiguration;
			buildSettings = {
				ALWAYS_SEARCH_USER_PATHS = NO;
				CLANG_ANALYZER_NONNULL = YES;
				CLANG_ANALYZER_NUMBER_OBJECT_CONVERSION = YES_AGGRESSIVE;
				CLANG_CXX_LANGUAGE_STANDARD = "gnu++14";
				CLANG_CXX_LIBRARY = "libc++";
				CLANG_ENABLE_MODULES = YES;
				CLANG_ENABLE_OBJC_ARC = YES;
				CLANG_ENABLE_OBJC_WEAK = YES;
				CLANG_WARN_BLOCK_CAPTURE_AUTORELEASING = YES;
				CLANG_WARN_BOOL_CONVERSION = YES;
				CLANG_WARN_COMMA = YES;
				CLANG_WARN_CONSTANT_CONVERSION = YES;
				CLANG_WARN_DEPRECATED_OBJC_IMPLEMENTATIONS = YES;
				CLANG_WARN_DIRECT_OBJC_ISA_USAGE = YES_ERROR;
				CLANG_WARN_DOCUMENTATION_COMMENTS = YES;
				CLANG_WARN_EMPTY_BODY = YES;
				CLANG_WARN_ENUM_CONVERSION = YES;
				CLANG_WARN_INFINITE_RECURSION = YES;
				CLANG_WARN_INT_CONVERSION = YES;
				CLANG_WARN_NON_LITERAL_NULL_CONVERSION = YES;
				CLANG_WARN_OBJC_IMPLICIT_RETAIN_SELF = YES;
				CLANG_WARN_OBJC_LITERAL_CONVERSION = YES;
				CLANG_WARN_OBJC_ROOT_CLASS = YES_ERROR;
				CLANG_WARN_RANGE_LOOP_ANALYSIS = YES;
				CLANG_WARN_STRICT_PROTOTYPES = YES;
				CLANG_WARN_SUSPICIOUS_MOVE = YES;
				CLANG_WARN_UNGUARDED_AVAILABILITY = YES_AGGRESSIVE;
				CLANG_WARN_UNREACHABLE_CODE = YES;
				CLANG_WARN__DUPLICATE_METHOD_MATCH = YES;
				CODE_SIGN_IDENTITY = "iPhone Developer";
				COPY_PHASE_STRIP = NO;
				DEBUG_INFORMATION_FORMAT = "dwarf-with-dsym";
				ENABLE_NS_ASSERTIONS = NO;
				ENABLE_STRICT_OBJC_MSGSEND = YES;
				GCC_C_LANGUAGE_STANDARD = gnu11;
				GCC_NO_COMMON_BLOCKS = YES;
				GCC_WARN_64_TO_32_BIT_CONVERSION = YES;
				GCC_WARN_ABOUT_RETURN_TYPE = YES_ERROR;
				GCC_WARN_UNDECLARED_SELECTOR = YES;
				GCC_WARN_UNINITIALIZED_AUTOS = YES_AGGRESSIVE;
				GCC_WARN_UNUSED_FUNCTION = YES;
				GCC_WARN_UNUSED_VARIABLE = YES;
				IPHONEOS_DEPLOYMENT_TARGET = 11.3;
				MTL_ENABLE_DEBUG_INFO = NO;
				SDKROOT = iphoneos;
				VALIDATE_PRODUCT = YES;
			};
			name = Release;
		};
		955997F6209AECFA00163047 /* Debug */ = {
			isa = XCBuildConfiguration;
			baseConfigurationReference = FB4C96EFE39912E2B649CED7 /* Pods-KJSupportObjc.debug.xcconfig */;
			buildSettings = {
				ASSETCATALOG_COMPILER_APPICON_NAME = AppIcon;
				CLANG_ENABLE_MODULES = YES;
				CODE_SIGN_STYLE = Automatic;
				DEVELOPMENT_TEAM = WVQHB48696;
				ENABLE_STRICT_OBJC_MSGSEND = NO;
				GCC_PREFIX_HEADER = "$(SRCROOT)/KJSupportObjc/PrefixHeader.pch";
				INFOPLIST_FILE = KJSupportObjc/Info.plist;
				IPHONEOS_DEPLOYMENT_TARGET = 10.0;
				LD_RUNPATH_SEARCH_PATHS = (
					"$(inherited)",
					"@executable_path/Frameworks",
				);
				PRODUCT_BUNDLE_IDENTIFIER = com.ckj;
				PRODUCT_NAME = "$(TARGET_NAME)";
				SWIFT_OBJC_BRIDGING_HEADER = "KJSupportObjc/Swift/KJSupportObjc-Bridging-Header.h";
				SWIFT_OPTIMIZATION_LEVEL = "-Onone";
				SWIFT_VERSION = 3.0;
				TARGETED_DEVICE_FAMILY = "1,2";
			};
			name = Debug;
		};
		955997F7209AECFA00163047 /* Release */ = {
			isa = XCBuildConfiguration;
			baseConfigurationReference = F46A270B9803A4F2C5498136 /* Pods-KJSupportObjc.release.xcconfig */;
			buildSettings = {
				ASSETCATALOG_COMPILER_APPICON_NAME = AppIcon;
				CLANG_ENABLE_MODULES = YES;
				CODE_SIGN_STYLE = Automatic;
				DEVELOPMENT_TEAM = WVQHB48696;
				ENABLE_STRICT_OBJC_MSGSEND = NO;
				GCC_PREFIX_HEADER = "$(SRCROOT)/KJSupportObjc/PrefixHeader.pch";
				INFOPLIST_FILE = KJSupportObjc/Info.plist;
				IPHONEOS_DEPLOYMENT_TARGET = 10.0;
				LD_RUNPATH_SEARCH_PATHS = (
					"$(inherited)",
					"@executable_path/Frameworks",
				);
				PRODUCT_BUNDLE_IDENTIFIER = com.ckj;
				PRODUCT_NAME = "$(TARGET_NAME)";
				SWIFT_OBJC_BRIDGING_HEADER = "KJSupportObjc/Swift/KJSupportObjc-Bridging-Header.h";
				SWIFT_VERSION = 3.0;
				TARGETED_DEVICE_FAMILY = "1,2";
			};
			name = Release;
		};
/* End XCBuildConfiguration section */

/* Begin XCConfigurationList section */
		955997DA209AECF900163047 /* Build configuration list for PBXProject "KJSupportObjc" */ = {
			isa = XCConfigurationList;
			buildConfigurations = (
				955997F3209AECFA00163047 /* Debug */,
				955997F4209AECFA00163047 /* Release */,
			);
			defaultConfigurationIsVisible = 0;
			defaultConfigurationName = Release;
		};
		955997F5209AECFA00163047 /* Build configuration list for PBXNativeTarget "KJSupportObjc" */ = {
			isa = XCConfigurationList;
			buildConfigurations = (
				955997F6209AECFA00163047 /* Debug */,
				955997F7209AECFA00163047 /* Release */,
			);
			defaultConfigurationIsVisible = 0;
			defaultConfigurationName = Release;
		};
/* End XCConfigurationList section */
	};
	rootObject = 955997D7209AECF900163047 /* Project object */;
}
